
Microsoft Visual Studio Solution File, Format Version 12.00
# Visual Studio 2012
Project("{FAE04EC0-301F-11D3-BF4B-00C04F79EFBC}") = "Renode", "src\Renode\Renode.csproj", "{5A7EF2B0-889A-488A-B296-97AF33791772}"
EndProject
Project("{FAE04EC0-301F-11D3-BF4B-00C04F79EFBC}") = "Migrant", "lib\Migrant\Migrant\Migrant.csproj", "{5F87C357-09FB-4F53-BE37-41FE5BD88957}"
EndProject
Project("{FAE04EC0-301F-11D3-BF4B-00C04F79EFBC}") = "PacketDotNet", "lib\Packet.Net\PacketDotNet\PacketDotNet.csproj", "{55ABBA4C-AAF9-4726-A592-0C92436CEC92}"
EndProject
Project("{FAE04EC0-301F-11D3-BF4B-00C04F79EFBC}") = "ELFSharp", "lib\ELFSharp\ELFSharp\ELFSharp.csproj", "{CF944E09-7C14-433C-A185-161848E989B3}"
EndProject
Project("{FAE04EC0-301F-11D3-BF4B-00C04F79EFBC}") = "AntShell", "lib\AntShell\AntShell\AntShell.csproj", "{0A473566-F4C6-455E-A56E-B3963FBABDFF}"
EndProject
Project("{FAE04EC0-301F-11D3-BF4B-00C04F79EFBC}") = "Xwt", "lib\termsharp\xwt\Xwt\Xwt.csproj", "{92494904-35FA-4DC9-BDE9-3A3E87AC49D3}"
EndProject
Project("{FAE04EC0-301F-11D3-BF4B-00C04F79EFBC}") = "Xwt.WPF", "lib\termsharp\xwt\Xwt.WPF\Xwt.WPF.csproj", "{C93D746E-1586-4D4F-B411-BF5A966E6A08}"
EndProject
Project("{FAE04EC0-301F-11D3-BF4B-00C04F79EFBC}") = "FdtSharp", "lib\FdtSharp\FdtSharp\FdtSharp.csproj", "{74FDB727-CC22-4E13-AF44-EE3E9C146D8A}"
EndProject
Project("{FAE04EC0-301F-11D3-BF4B-00C04F79EFBC}") = "Emulator", "src\Infrastructure\src\Emulator\Main\Emulator.csproj", "{2901AECB-A54F-4FD8-9AC1-033D86DC7257}"
EndProject
Project("{FAE04EC0-301F-11D3-BF4B-00C04F79EFBC}") = "Xwt.Gtk", "lib\termsharp\xwt\Xwt.Gtk\Xwt.Gtk.csproj", "{C3887A93-B2BD-4097-8E2F-3A063EFF32FD}"
EndProject
Project("{FAE04EC0-301F-11D3-BF4B-00C04F79EFBC}") = "OptionsParser", "lib\options-parser\OptionsParser.csproj", "{C56AABEF-C01E-493F-A65F-09A572FE9B2E}"
EndProject
Project("{FAE04EC0-301F-11D3-BF4B-00C04F79EFBC}") = "Extensions", "src\Infrastructure\src\Emulator\Extensions\Extensions.csproj", "{4C636FAF-4650-4088-8EA8-2FCCC225E9CF}"
EndProject
Project("{FAE04EC0-301F-11D3-BF4B-00C04F79EFBC}") = "TermSharp", "lib\termsharp\TermSharp.csproj", "{25FAECC1-55F0-4608-88BD-4207A7F993B0}"
EndProject
Project("{FAE04EC0-301F-11D3-BF4B-00C04F79EFBC}") = "UI", "src\Infrastructure\src\UI\UI.csproj", "{AEFE490F-85AC-42AF-9CAE-2B7FC7167E0E}"
EndProject
Project("{FAE04EC0-301F-11D3-BF4B-00C04F79EFBC}") = "cores-arm", "src\Infrastructure\src\Emulator\Cores\cores-arm.csproj", "{13222124-707C-5EFD-8289-2728351FB7E9}"
EndProject
Project("{FAE04EC0-301F-11D3-BF4B-00C04F79EFBC}") = "cores-arm64", "src\Infrastructure\src\Emulator\Cores\cores-arm64.csproj", "{D3F10ED0-2A3F-45D5-8524-0D562905778B}"
EndProject
Project("{FAE04EC0-301F-11D3-BF4B-00C04F79EFBC}") = "cores-ppc", "src\Infrastructure\src\Emulator\Cores\cores-ppc.csproj", "{23222114-707C-4EFD-8289-2728351FB7E9}"
EndProject
Project("{FAE04EC0-301F-11D3-BF4B-00C04F79EFBC}") = "cores-ppc64", "src\Infrastructure\src\Emulator\Cores\cores-ppc64.csproj", "{44422114-707C-4EFD-8289-2728351FB7E9}"
EndProject
Project("{FAE04EC0-301F-11D3-BF4B-00C04F79EFBC}") = "cores-i386", "src\Infrastructure\src\Emulator\Cores\cores-i386.csproj", "{53222114-707C-4EFD-8289-2728351FB7E9}"
EndProject
Project("{FAE04EC0-301F-11D3-BF4B-00C04F79EFBC}") = "cores-x86_64", "src\Infrastructure\src\Emulator\Cores\cores-x86_64.csproj", "{A3222114-707C-4EFD-8289-2728351FB7E9}"
EndProject
Project("{FAE04EC0-301F-11D3-BF4B-00C04F79EFBC}") = "cores-arm-m", "src\Infrastructure\src\Emulator\Cores\cores-arm-m.csproj", "{43222114-707C-4EFD-8289-2728351FB7E9}"
EndProject
Project("{FAE04EC0-301F-11D3-BF4B-00C04F79EFBC}") = "cores-riscv", "src\Infrastructure\src\Emulator\Cores\cores-riscv.csproj", "{63222124-707C-5EFD-8289-2728351FB7E9}"
EndProject
Project("{FAE04EC0-301F-11D3-BF4B-00C04F79EFBC}") = "Peripherals", "src\Infrastructure\src\Emulator\Peripherals\Peripherals.csproj", "{66400796-0C5B-4386-A859-50A2AC3F3DB7}"
EndProject
Project("{FAE04EC0-301F-11D3-BF4B-00C04F79EFBC}") = "cores-sparc", "src\Infrastructure\src\Emulator\Cores\cores-sparc.csproj", "{13222114-707C-4EFD-8289-2728351FB7E9}"
EndProject
Project("{FAE04EC0-301F-11D3-BF4B-00C04F79EFBC}") = "cores-xtensa", "src\Infrastructure\src\Emulator\Cores\cores-xtensa.csproj", "{28F22125-F07D-5EF2-8289-4998351FBAA4}"
EndProject
Project("{FAE04EC0-301F-11D3-BF4B-00C04F79EFBC}") = "MonitorTests", "src\Infrastructure\src\Emulator\Extensions\MonitorTests\MonitorTests.csproj", "{BA29DA30-C9D7-492C-81D4-E76754C0D88D}"
EndProject
Project("{FAE04EC0-301F-11D3-BF4B-00C04F79EFBC}") = "UnitTests", "src\Infrastructure\src\Emulator\Main\Tests\UnitTests\UnitTests.csproj", "{E0E61E22-8E42-4ED8-8C1F-D683D7EC9FF6}"
EndProject
Project("{FAE04EC0-301F-11D3-BF4B-00C04F79EFBC}") = "PeripheralsTests", "src\Infrastructure\src\Emulator\Peripherals\Test\PeripheralsTests\PeripheralsTests.csproj", "{4FBABBAC-D029-4867-8416-32C3469BCAEA}"
EndProject
Project("{FAE04EC0-301F-11D3-BF4B-00C04F79EFBC}") = "SampleCommandPlugin", "src\Infrastructure\src\Plugins\SampleCommandPlugin\SampleCommandPlugin.csproj", "{66A5675A-13AE-4454-88A6-29EB2D6F5988}"
EndProject
Project("{FAE04EC0-301F-11D3-BF4B-00C04F79EFBC}") = "TracePlugin", "src\Infrastructure\src\Plugins\TracePlugin\TracePlugin.csproj", "{887C6088-F483-466A-A671-06EEC42B8DC1}"
EndProject
Project("{FAE04EC0-301F-11D3-BF4B-00C04F79EFBC}") = "SystemCPlugin", "src\Plugins\SystemCPlugin\SystemCPlugin.csproj", "{8882BDAF-FE52-4A39-B1F2-84C3F061D5A7}"
EndProject
Project("{FAE04EC0-301F-11D3-BF4B-00C04F79EFBC}") = "WiresharkPlugin", "src\Plugins\WiresharkPlugin\WiresharkPlugin.csproj", "{66A9995A-13AE-4454-88A6-29EB2D6F5988}"
EndProject
Project("{FAE04EC0-301F-11D3-BF4B-00C04F79EFBC}") = "CoSimulationPlugin", "src\Plugins\CoSimulationPlugin\CoSimulationPlugin.csproj", "{45A27C6A-1831-4E0D-84C2-FB3893E7FBE5}"
EndProject
Project("{FAE04EC0-301F-11D3-BF4B-00C04F79EFBC}") = "RenodeTests", "tests\unit-tests\RenodeTests\RenodeTests.csproj", "{779FB07B-87EB-472D-ABC4-ACBED1A5D9FC}"
EndProject
Project("{2150E333-8FDC-42A3-9474-1A3956D46DE8}") = "Plugins", "Plugins", "{8BD709BF-8C11-4CBA-9A7D-CC2CC639BD4F}"
EndProject
Project("{2150E333-8FDC-42A3-9474-1A3956D46DE8}") = "Tests", "Tests", "{CD9D4CF9-BD98-4D57-A5EF-EA5C3C75CB0C}"
EndProject
Project("{2150E333-8FDC-42A3-9474-1A3956D46DE8}") = "Cores", "Cores", "{4671F602-D5E2-4F4E-B942-3357C33C92E2}"
EndProject
Project("{2150E333-8FDC-42A3-9474-1A3956D46DE8}") = "Extensions", "Extensions", "{A3A699EA-42CE-4D7B-9D79-1F686D6A083B}"
EndProject
Project("{2150E333-8FDC-42A3-9474-1A3956D46DE8}") = "Libraries", "Libraries", "{CA585D43-7DF3-4486-B9B5-8DAA812716C3}"
EndProject
Project("{FAE04EC0-301F-11D3-BF4B-00C04F79EFBC}") = "cores-riscv64", "src\Infrastructure\src\Emulator\Cores\cores-riscv64.csproj", "{BB222124-707C-5EFD-8289-2728351FB7AA}"
EndProject
Project("{FAE04EC0-301F-11D3-BF4B-00C04F79EFBC}") = "CxxDemangler", "lib\CxxDemangler\CxxDemangler\CxxDemangler.csproj", "{3A70B9B8-BBAB-47EA-8473-B7A0B4961D56}"
EndProject
Project("{FAE04EC0-301F-11D3-BF4B-00C04F79EFBC}") = "tftp", "lib\InpliTftpServer\libtftp\libtftp_alt.csproj", "{1B320B7A-BAB5-4370-9ABE-3BDAD4392BDD}"
EndProject
Project("{FAE04EC0-301F-11D3-BF4B-00C04F79EFBC}") = "OptionsParserTests", "lib\options-parser\OptionsParserTests.csproj", "{69B08E08-10DC-473C-BCB7-3B0C398F63CF}"
EndProject
Project("{FAE04EC0-301F-11D3-BF4B-00C04F79EFBC}") = "BigGustave", "lib\BigGustave\src\BigGustave\BigGustave.csproj", "{959D076C-8127-4FEE-9737-0F8FDE5A0E09}"
EndProject
Project("{FAE04EC0-301F-11D3-BF4B-00C04F79EFBC}") = "crypto", "lib\bc-csharp\crypto\crypto.Net45.expanded.csproj", "{45473847-8AF8-4BAF-B768-442C6875B8CF}"
EndProject
Global
	GlobalSection(SolutionConfigurationPlatforms) = preSolution
		DebugHeadless|Any CPU = DebugHeadless|Any CPU
		ReleaseHeadless|Any CPU = ReleaseHeadless|Any CPU
		DebugMono|Any CPU = DebugMono|Any CPU
		ReleaseMono|Any CPU = ReleaseMono|Any CPU
		ReleaseWindows|Any CPU = ReleaseWindows|Any CPU
		DebugWindows|Any CPU = DebugWindows|Any CPU
	EndGlobalSection
	GlobalSection(ProjectConfigurationPlatforms) = postSolution
		{5A7EF2B0-889A-488A-B296-97AF33791772}.DebugHeadless|Any CPU.ActiveCfg = Debug|Any CPU
		{5A7EF2B0-889A-488A-B296-97AF33791772}.DebugHeadless|Any CPU.Build.0 = Debug|Any CPU
		{5A7EF2B0-889A-488A-B296-97AF33791772}.ReleaseHeadless|Any CPU.ActiveCfg = Release|Any CPU
		{5A7EF2B0-889A-488A-B296-97AF33791772}.ReleaseHeadless|Any CPU.Build.0 = Release|Any CPU
		{5A7EF2B0-889A-488A-B296-97AF33791772}.DebugMono|Any CPU.ActiveCfg = Debug|Any CPU
		{5A7EF2B0-889A-488A-B296-97AF33791772}.DebugMono|Any CPU.Build.0 = Debug|Any CPU
		{5A7EF2B0-889A-488A-B296-97AF33791772}.ReleaseMono|Any CPU.ActiveCfg = Release|Any CPU
		{5A7EF2B0-889A-488A-B296-97AF33791772}.ReleaseMono|Any CPU.Build.0 = Release|Any CPU
		{5A7EF2B0-889A-488A-B296-97AF33791772}.ReleaseWindows|Any CPU.ActiveCfg = Release|Any CPU
		{5A7EF2B0-889A-488A-B296-97AF33791772}.ReleaseWindows|Any CPU.Build.0 = Release|Any CPU
		{5A7EF2B0-889A-488A-B296-97AF33791772}.DebugWindows|Any CPU.ActiveCfg = Debug|Any CPU
		{5A7EF2B0-889A-488A-B296-97AF33791772}.DebugWindows|Any CPU.Build.0 = Debug|Any CPU
		{5F87C357-09FB-4F53-BE37-41FE5BD88957}.DebugHeadless|Any CPU.ActiveCfg = Debug|Any CPU
		{5F87C357-09FB-4F53-BE37-41FE5BD88957}.DebugHeadless|Any CPU.Build.0 = Debug|Any CPU
		{5F87C357-09FB-4F53-BE37-41FE5BD88957}.ReleaseHeadless|Any CPU.ActiveCfg = Release|Any CPU
		{5F87C357-09FB-4F53-BE37-41FE5BD88957}.ReleaseHeadless|Any CPU.Build.0 = Release|Any CPU
		{5F87C357-09FB-4F53-BE37-41FE5BD88957}.DebugMono|Any CPU.ActiveCfg = Debug|Any CPU
		{5F87C357-09FB-4F53-BE37-41FE5BD88957}.DebugMono|Any CPU.Build.0 = Debug|Any CPU
		{5F87C357-09FB-4F53-BE37-41FE5BD88957}.ReleaseMono|Any CPU.ActiveCfg = Release|Any CPU
		{5F87C357-09FB-4F53-BE37-41FE5BD88957}.ReleaseMono|Any CPU.Build.0 = Release|Any CPU
		{5F87C357-09FB-4F53-BE37-41FE5BD88957}.ReleaseWindows|Any CPU.ActiveCfg = Release|Any CPU
		{5F87C357-09FB-4F53-BE37-41FE5BD88957}.ReleaseWindows|Any CPU.Build.0 = Release|Any CPU
		{5F87C357-09FB-4F53-BE37-41FE5BD88957}.DebugWindows|Any CPU.ActiveCfg = Debug|Any CPU
		{5F87C357-09FB-4F53-BE37-41FE5BD88957}.DebugWindows|Any CPU.Build.0 = Debug|Any CPU
		{55ABBA4C-AAF9-4726-A592-0C92436CEC92}.DebugHeadless|Any CPU.ActiveCfg = Debug|Any CPU
		{55ABBA4C-AAF9-4726-A592-0C92436CEC92}.DebugHeadless|Any CPU.Build.0 = Debug|Any CPU
		{55ABBA4C-AAF9-4726-A592-0C92436CEC92}.ReleaseHeadless|Any CPU.ActiveCfg = Release|Any CPU
		{55ABBA4C-AAF9-4726-A592-0C92436CEC92}.ReleaseHeadless|Any CPU.Build.0 = Release|Any CPU
		{55ABBA4C-AAF9-4726-A592-0C92436CEC92}.DebugMono|Any CPU.ActiveCfg = Debug|Any CPU
		{55ABBA4C-AAF9-4726-A592-0C92436CEC92}.DebugMono|Any CPU.Build.0 = Debug|Any CPU
		{55ABBA4C-AAF9-4726-A592-0C92436CEC92}.ReleaseMono|Any CPU.ActiveCfg = Release|Any CPU
		{55ABBA4C-AAF9-4726-A592-0C92436CEC92}.ReleaseMono|Any CPU.Build.0 = Release|Any CPU
		{55ABBA4C-AAF9-4726-A592-0C92436CEC92}.ReleaseWindows|Any CPU.ActiveCfg = Release|Any CPU
		{55ABBA4C-AAF9-4726-A592-0C92436CEC92}.ReleaseWindows|Any CPU.Build.0 = Release|Any CPU
		{55ABBA4C-AAF9-4726-A592-0C92436CEC92}.DebugWindows|Any CPU.ActiveCfg = Debug|Any CPU
		{55ABBA4C-AAF9-4726-A592-0C92436CEC92}.DebugWindows|Any CPU.Build.0 = Debug|Any CPU
		{CF944E09-7C14-433C-A185-161848E989B3}.DebugHeadless|Any CPU.ActiveCfg = Debug|Any CPU
		{CF944E09-7C14-433C-A185-161848E989B3}.DebugHeadless|Any CPU.Build.0 = Debug|Any CPU
		{CF944E09-7C14-433C-A185-161848E989B3}.ReleaseHeadless|Any CPU.ActiveCfg = Release|Any CPU
		{CF944E09-7C14-433C-A185-161848E989B3}.ReleaseHeadless|Any CPU.Build.0 = Release|Any CPU
		{CF944E09-7C14-433C-A185-161848E989B3}.DebugMono|Any CPU.ActiveCfg = Debug|Any CPU
		{CF944E09-7C14-433C-A185-161848E989B3}.DebugMono|Any CPU.Build.0 = Debug|Any CPU
		{CF944E09-7C14-433C-A185-161848E989B3}.ReleaseMono|Any CPU.ActiveCfg = Release|Any CPU
		{CF944E09-7C14-433C-A185-161848E989B3}.ReleaseMono|Any CPU.Build.0 = Release|Any CPU
		{CF944E09-7C14-433C-A185-161848E989B3}.ReleaseWindows|Any CPU.ActiveCfg = Release|Any CPU
		{CF944E09-7C14-433C-A185-161848E989B3}.ReleaseWindows|Any CPU.Build.0 = Release|Any CPU
		{CF944E09-7C14-433C-A185-161848E989B3}.DebugWindows|Any CPU.ActiveCfg = Debug|Any CPU
		{CF944E09-7C14-433C-A185-161848E989B3}.DebugWindows|Any CPU.Build.0 = Debug|Any CPU
		{0A473566-F4C6-455E-A56E-B3963FBABDFF}.DebugHeadless|Any CPU.ActiveCfg = Debug|Any CPU
		{0A473566-F4C6-455E-A56E-B3963FBABDFF}.DebugHeadless|Any CPU.Build.0 = Debug|Any CPU
		{0A473566-F4C6-455E-A56E-B3963FBABDFF}.ReleaseHeadless|Any CPU.ActiveCfg = Release|Any CPU
		{0A473566-F4C6-455E-A56E-B3963FBABDFF}.ReleaseHeadless|Any CPU.Build.0 = Release|Any CPU
		{0A473566-F4C6-455E-A56E-B3963FBABDFF}.DebugMono|Any CPU.ActiveCfg = Debug|Any CPU
		{0A473566-F4C6-455E-A56E-B3963FBABDFF}.DebugMono|Any CPU.Build.0 = Debug|Any CPU
		{0A473566-F4C6-455E-A56E-B3963FBABDFF}.ReleaseMono|Any CPU.ActiveCfg = Release|Any CPU
		{0A473566-F4C6-455E-A56E-B3963FBABDFF}.ReleaseMono|Any CPU.Build.0 = Release|Any CPU
		{0A473566-F4C6-455E-A56E-B3963FBABDFF}.ReleaseWindows|Any CPU.ActiveCfg = Release|Any CPU
		{0A473566-F4C6-455E-A56E-B3963FBABDFF}.ReleaseWindows|Any CPU.Build.0 = Release|Any CPU
		{0A473566-F4C6-455E-A56E-B3963FBABDFF}.DebugWindows|Any CPU.ActiveCfg = Debug|Any CPU
		{0A473566-F4C6-455E-A56E-B3963FBABDFF}.DebugWindows|Any CPU.Build.0 = Debug|Any CPU
		{92494904-35FA-4DC9-BDE9-3A3E87AC49D3}.DebugHeadless|Any CPU.ActiveCfg = Debug|Any CPU
		{92494904-35FA-4DC9-BDE9-3A3E87AC49D3}.DebugHeadless|Any CPU.Build.0 = Debug|Any CPU
		{92494904-35FA-4DC9-BDE9-3A3E87AC49D3}.ReleaseHeadless|Any CPU.ActiveCfg = Release|Any CPU
		{92494904-35FA-4DC9-BDE9-3A3E87AC49D3}.ReleaseHeadless|Any CPU.Build.0 = Release|Any CPU
		{92494904-35FA-4DC9-BDE9-3A3E87AC49D3}.DebugMono|Any CPU.ActiveCfg = Debug|Any CPU
		{92494904-35FA-4DC9-BDE9-3A3E87AC49D3}.DebugMono|Any CPU.Build.0 = Debug|Any CPU
		{92494904-35FA-4DC9-BDE9-3A3E87AC49D3}.ReleaseMono|Any CPU.ActiveCfg = Release|Any CPU
		{92494904-35FA-4DC9-BDE9-3A3E87AC49D3}.ReleaseMono|Any CPU.Build.0 = Release|Any CPU
		{92494904-35FA-4DC9-BDE9-3A3E87AC49D3}.ReleaseWindows|Any CPU.ActiveCfg = Release|Any CPU
		{92494904-35FA-4DC9-BDE9-3A3E87AC49D3}.ReleaseWindows|Any CPU.Build.0 = Release|Any CPU
		{92494904-35FA-4DC9-BDE9-3A3E87AC49D3}.DebugWindows|Any CPU.ActiveCfg = Debug|Any CPU
		{92494904-35FA-4DC9-BDE9-3A3E87AC49D3}.DebugWindows|Any CPU.Build.0 = Debug|Any CPU
		{C93D746E-1586-4D4F-B411-BF5A966E6A08}.DebugHeadless|Any CPU.ActiveCfg = Debug|Any CPU
		{C93D746E-1586-4D4F-B411-BF5A966E6A08}.ReleaseHeadless|Any CPU.ActiveCfg = Release|Any CPU
		{C93D746E-1586-4D4F-B411-BF5A966E6A08}.DebugMono|Any CPU.ActiveCfg = Debug|Any CPU
		{C93D746E-1586-4D4F-B411-BF5A966E6A08}.ReleaseMono|Any CPU.ActiveCfg = Release|Any CPU
		{C93D746E-1586-4D4F-B411-BF5A966E6A08}.ReleaseWindows|Any CPU.ActiveCfg = Debug|Any CPU
		{C93D746E-1586-4D4F-B411-BF5A966E6A08}.ReleaseWindows|Any CPU.Build.0 = Debug|Any CPU
		{C93D746E-1586-4D4F-B411-BF5A966E6A08}.DebugWindows|Any CPU.ActiveCfg = Debug|Any CPU
		{C93D746E-1586-4D4F-B411-BF5A966E6A08}.DebugWindows|Any CPU.Build.0 = Debug|Any CPU
		{74FDB727-CC22-4E13-AF44-EE3E9C146D8A}.DebugHeadless|Any CPU.ActiveCfg = Debug|Any CPU
		{74FDB727-CC22-4E13-AF44-EE3E9C146D8A}.DebugHeadless|Any CPU.Build.0 = Debug|Any CPU
		{74FDB727-CC22-4E13-AF44-EE3E9C146D8A}.ReleaseHeadless|Any CPU.ActiveCfg = Release|Any CPU
		{74FDB727-CC22-4E13-AF44-EE3E9C146D8A}.ReleaseHeadless|Any CPU.Build.0 = Release|Any CPU
		{74FDB727-CC22-4E13-AF44-EE3E9C146D8A}.DebugMono|Any CPU.ActiveCfg = Debug|Any CPU
		{74FDB727-CC22-4E13-AF44-EE3E9C146D8A}.DebugMono|Any CPU.Build.0 = Debug|Any CPU
		{74FDB727-CC22-4E13-AF44-EE3E9C146D8A}.ReleaseMono|Any CPU.ActiveCfg = Release|Any CPU
		{74FDB727-CC22-4E13-AF44-EE3E9C146D8A}.ReleaseMono|Any CPU.Build.0 = Release|Any CPU
		{74FDB727-CC22-4E13-AF44-EE3E9C146D8A}.ReleaseWindows|Any CPU.ActiveCfg = Release|Any CPU
		{74FDB727-CC22-4E13-AF44-EE3E9C146D8A}.ReleaseWindows|Any CPU.Build.0 = Release|Any CPU
		{74FDB727-CC22-4E13-AF44-EE3E9C146D8A}.DebugWindows|Any CPU.ActiveCfg = Debug|Any CPU
		{74FDB727-CC22-4E13-AF44-EE3E9C146D8A}.DebugWindows|Any CPU.Build.0 = Debug|Any CPU
		{2901AECB-A54F-4FD8-9AC1-033D86DC7257}.DebugHeadless|Any CPU.ActiveCfg = Debug|Any CPU
		{2901AECB-A54F-4FD8-9AC1-033D86DC7257}.DebugHeadless|Any CPU.Build.0 = Debug|Any CPU
		{2901AECB-A54F-4FD8-9AC1-033D86DC7257}.ReleaseHeadless|Any CPU.ActiveCfg = Release|Any CPU
		{2901AECB-A54F-4FD8-9AC1-033D86DC7257}.ReleaseHeadless|Any CPU.Build.0 = Release|Any CPU
		{2901AECB-A54F-4FD8-9AC1-033D86DC7257}.DebugMono|Any CPU.ActiveCfg = Debug|Any CPU
		{2901AECB-A54F-4FD8-9AC1-033D86DC7257}.DebugMono|Any CPU.Build.0 = Debug|Any CPU
		{2901AECB-A54F-4FD8-9AC1-033D86DC7257}.ReleaseMono|Any CPU.ActiveCfg = Release|Any CPU
		{2901AECB-A54F-4FD8-9AC1-033D86DC7257}.ReleaseMono|Any CPU.Build.0 = Release|Any CPU
		{2901AECB-A54F-4FD8-9AC1-033D86DC7257}.ReleaseWindows|Any CPU.ActiveCfg = Release|Any CPU
		{2901AECB-A54F-4FD8-9AC1-033D86DC7257}.ReleaseWindows|Any CPU.Build.0 = Release|Any CPU
		{2901AECB-A54F-4FD8-9AC1-033D86DC7257}.DebugWindows|Any CPU.ActiveCfg = Debug|Any CPU
		{2901AECB-A54F-4FD8-9AC1-033D86DC7257}.DebugWindows|Any CPU.Build.0 = Debug|Any CPU
		{C3887A93-B2BD-4097-8E2F-3A063EFF32FD}.DebugHeadless|Any CPU.ActiveCfg = Debug|Any CPU
		{C3887A93-B2BD-4097-8E2F-3A063EFF32FD}.ReleaseHeadless|Any CPU.ActiveCfg = Release|Any CPU
		{C3887A93-B2BD-4097-8E2F-3A063EFF32FD}.DebugMono|Any CPU.ActiveCfg = Debug|Any CPU
		{C3887A93-B2BD-4097-8E2F-3A063EFF32FD}.DebugMono|Any CPU.Build.0 = Debug|Any CPU
		{C3887A93-B2BD-4097-8E2F-3A063EFF32FD}.ReleaseMono|Any CPU.ActiveCfg = Release|Any CPU
		{C3887A93-B2BD-4097-8E2F-3A063EFF32FD}.ReleaseMono|Any CPU.Build.0 = Release|Any CPU
		{C3887A93-B2BD-4097-8E2F-3A063EFF32FD}.ReleaseWindows|Any CPU.ActiveCfg = Release|Any CPU
		{C3887A93-B2BD-4097-8E2F-3A063EFF32FD}.DebugWindows|Any CPU.ActiveCfg = Debug|Any CPU
		{C56AABEF-C01E-493F-A65F-09A572FE9B2E}.DebugHeadless|Any CPU.ActiveCfg = Debug|Any CPU
		{C56AABEF-C01E-493F-A65F-09A572FE9B2E}.DebugHeadless|Any CPU.Build.0 = Debug|Any CPU
		{C56AABEF-C01E-493F-A65F-09A572FE9B2E}.ReleaseHeadless|Any CPU.ActiveCfg = Release|Any CPU
		{C56AABEF-C01E-493F-A65F-09A572FE9B2E}.ReleaseHeadless|Any CPU.Build.0 = Release|Any CPU
		{C56AABEF-C01E-493F-A65F-09A572FE9B2E}.DebugMono|Any CPU.ActiveCfg = Debug|Any CPU
		{C56AABEF-C01E-493F-A65F-09A572FE9B2E}.DebugMono|Any CPU.Build.0 = Debug|Any CPU
		{C56AABEF-C01E-493F-A65F-09A572FE9B2E}.ReleaseMono|Any CPU.ActiveCfg = Release|Any CPU
		{C56AABEF-C01E-493F-A65F-09A572FE9B2E}.ReleaseMono|Any CPU.Build.0 = Release|Any CPU
		{C56AABEF-C01E-493F-A65F-09A572FE9B2E}.ReleaseWindows|Any CPU.ActiveCfg = Release|Any CPU
		{C56AABEF-C01E-493F-A65F-09A572FE9B2E}.ReleaseWindows|Any CPU.Build.0 = Release|Any CPU
		{C56AABEF-C01E-493F-A65F-09A572FE9B2E}.DebugWindows|Any CPU.ActiveCfg = Debug|Any CPU
		{C56AABEF-C01E-493F-A65F-09A572FE9B2E}.DebugWindows|Any CPU.Build.0 = Debug|Any CPU
		{4C636FAF-4650-4088-8EA8-2FCCC225E9CF}.DebugHeadless|Any CPU.ActiveCfg = Debug|Any CPU
		{4C636FAF-4650-4088-8EA8-2FCCC225E9CF}.DebugHeadless|Any CPU.Build.0 = Debug|Any CPU
		{4C636FAF-4650-4088-8EA8-2FCCC225E9CF}.ReleaseHeadless|Any CPU.ActiveCfg = Release|Any CPU
		{4C636FAF-4650-4088-8EA8-2FCCC225E9CF}.ReleaseHeadless|Any CPU.Build.0 = Release|Any CPU
		{4C636FAF-4650-4088-8EA8-2FCCC225E9CF}.DebugMono|Any CPU.ActiveCfg = Debug|Any CPU
		{4C636FAF-4650-4088-8EA8-2FCCC225E9CF}.DebugMono|Any CPU.Build.0 = Debug|Any CPU
		{4C636FAF-4650-4088-8EA8-2FCCC225E9CF}.ReleaseMono|Any CPU.ActiveCfg = Release|Any CPU
		{4C636FAF-4650-4088-8EA8-2FCCC225E9CF}.ReleaseMono|Any CPU.Build.0 = Release|Any CPU
		{4C636FAF-4650-4088-8EA8-2FCCC225E9CF}.ReleaseWindows|Any CPU.ActiveCfg = Release|Any CPU
		{4C636FAF-4650-4088-8EA8-2FCCC225E9CF}.ReleaseWindows|Any CPU.Build.0 = Release|Any CPU
		{4C636FAF-4650-4088-8EA8-2FCCC225E9CF}.DebugWindows|Any CPU.ActiveCfg = Debug|Any CPU
		{4C636FAF-4650-4088-8EA8-2FCCC225E9CF}.DebugWindows|Any CPU.Build.0 = Debug|Any CPU
		{25FAECC1-55F0-4608-88BD-4207A7F993B0}.DebugHeadless|Any CPU.ActiveCfg = Debug|Any CPU
		{25FAECC1-55F0-4608-88BD-4207A7F993B0}.DebugHeadless|Any CPU.Build.0 = Debug|Any CPU
		{25FAECC1-55F0-4608-88BD-4207A7F993B0}.ReleaseHeadless|Any CPU.ActiveCfg = Release|Any CPU
		{25FAECC1-55F0-4608-88BD-4207A7F993B0}.ReleaseHeadless|Any CPU.Build.0 = Release|Any CPU
		{25FAECC1-55F0-4608-88BD-4207A7F993B0}.DebugMono|Any CPU.ActiveCfg = Debug|Any CPU
		{25FAECC1-55F0-4608-88BD-4207A7F993B0}.DebugMono|Any CPU.Build.0 = Debug|Any CPU
		{25FAECC1-55F0-4608-88BD-4207A7F993B0}.ReleaseMono|Any CPU.ActiveCfg = Release|Any CPU
		{25FAECC1-55F0-4608-88BD-4207A7F993B0}.ReleaseMono|Any CPU.Build.0 = Release|Any CPU
		{25FAECC1-55F0-4608-88BD-4207A7F993B0}.ReleaseWindows|Any CPU.ActiveCfg = Release|Any CPU
		{25FAECC1-55F0-4608-88BD-4207A7F993B0}.ReleaseWindows|Any CPU.Build.0 = Release|Any CPU
		{25FAECC1-55F0-4608-88BD-4207A7F993B0}.DebugWindows|Any CPU.ActiveCfg = Debug|Any CPU
		{25FAECC1-55F0-4608-88BD-4207A7F993B0}.DebugWindows|Any CPU.Build.0 = Debug|Any CPU
		{AEFE490F-85AC-42AF-9CAE-2B7FC7167E0E}.DebugHeadless|Any CPU.ActiveCfg = Debug|Any CPU
		{AEFE490F-85AC-42AF-9CAE-2B7FC7167E0E}.DebugHeadless|Any CPU.Build.0 = Debug|Any CPU
		{AEFE490F-85AC-42AF-9CAE-2B7FC7167E0E}.ReleaseHeadless|Any CPU.ActiveCfg = Release|Any CPU
		{AEFE490F-85AC-42AF-9CAE-2B7FC7167E0E}.ReleaseHeadless|Any CPU.Build.0 = Release|Any CPU
		{AEFE490F-85AC-42AF-9CAE-2B7FC7167E0E}.DebugMono|Any CPU.ActiveCfg = Debug|Any CPU
		{AEFE490F-85AC-42AF-9CAE-2B7FC7167E0E}.DebugMono|Any CPU.Build.0 = Debug|Any CPU
		{AEFE490F-85AC-42AF-9CAE-2B7FC7167E0E}.ReleaseMono|Any CPU.ActiveCfg = Release|Any CPU
		{AEFE490F-85AC-42AF-9CAE-2B7FC7167E0E}.ReleaseMono|Any CPU.Build.0 = Release|Any CPU
		{AEFE490F-85AC-42AF-9CAE-2B7FC7167E0E}.ReleaseWindows|Any CPU.ActiveCfg = Release|Any CPU
		{AEFE490F-85AC-42AF-9CAE-2B7FC7167E0E}.ReleaseWindows|Any CPU.Build.0 = Release|Any CPU
		{AEFE490F-85AC-42AF-9CAE-2B7FC7167E0E}.DebugWindows|Any CPU.ActiveCfg = Debug|Any CPU
		{AEFE490F-85AC-42AF-9CAE-2B7FC7167E0E}.DebugWindows|Any CPU.Build.0 = Debug|Any CPU
		{13222124-707C-5EFD-8289-2728351FB7E9}.DebugHeadless|Any CPU.ActiveCfg = Debug|Any CPU
		{13222124-707C-5EFD-8289-2728351FB7E9}.DebugHeadless|Any CPU.Build.0 = Debug|Any CPU
		{13222124-707C-5EFD-8289-2728351FB7E9}.ReleaseHeadless|Any CPU.ActiveCfg = Release|Any CPU
		{13222124-707C-5EFD-8289-2728351FB7E9}.ReleaseHeadless|Any CPU.Build.0 = Release|Any CPU
		{13222124-707C-5EFD-8289-2728351FB7E9}.DebugMono|Any CPU.ActiveCfg = Debug|Any CPU
		{13222124-707C-5EFD-8289-2728351FB7E9}.DebugMono|Any CPU.Build.0 = Debug|Any CPU
		{13222124-707C-5EFD-8289-2728351FB7E9}.ReleaseMono|Any CPU.ActiveCfg = Release|Any CPU
		{13222124-707C-5EFD-8289-2728351FB7E9}.ReleaseMono|Any CPU.Build.0 = Release|Any CPU
		{13222124-707C-5EFD-8289-2728351FB7E9}.ReleaseWindows|Any CPU.ActiveCfg = Release|Any CPU
		{13222124-707C-5EFD-8289-2728351FB7E9}.ReleaseWindows|Any CPU.Build.0 = Release|Any CPU
		{13222124-707C-5EFD-8289-2728351FB7E9}.DebugWindows|Any CPU.ActiveCfg = Debug|Any CPU
		{13222124-707C-5EFD-8289-2728351FB7E9}.DebugWindows|Any CPU.Build.0 = Debug|Any CPU
		{23222114-707C-4EFD-8289-2728351FB7E9}.DebugHeadless|Any CPU.ActiveCfg = Debug|Any CPU
		{23222114-707C-4EFD-8289-2728351FB7E9}.DebugHeadless|Any CPU.Build.0 = Debug|Any CPU
		{23222114-707C-4EFD-8289-2728351FB7E9}.ReleaseHeadless|Any CPU.ActiveCfg = Release|Any CPU
		{23222114-707C-4EFD-8289-2728351FB7E9}.ReleaseHeadless|Any CPU.Build.0 = Release|Any CPU
		{23222114-707C-4EFD-8289-2728351FB7E9}.DebugMono|Any CPU.ActiveCfg = Debug|Any CPU
		{23222114-707C-4EFD-8289-2728351FB7E9}.DebugMono|Any CPU.Build.0 = Debug|Any CPU
		{23222114-707C-4EFD-8289-2728351FB7E9}.ReleaseMono|Any CPU.ActiveCfg = Release|Any CPU
		{23222114-707C-4EFD-8289-2728351FB7E9}.ReleaseMono|Any CPU.Build.0 = Release|Any CPU
		{23222114-707C-4EFD-8289-2728351FB7E9}.ReleaseWindows|Any CPU.ActiveCfg = Release|Any CPU
		{23222114-707C-4EFD-8289-2728351FB7E9}.ReleaseWindows|Any CPU.Build.0 = Release|Any CPU
		{23222114-707C-4EFD-8289-2728351FB7E9}.DebugWindows|Any CPU.ActiveCfg = Debug|Any CPU
		{23222114-707C-4EFD-8289-2728351FB7E9}.DebugWindows|Any CPU.Build.0 = Debug|Any CPU
		{53222114-707C-4EFD-8289-2728351FB7E9}.DebugHeadless|Any CPU.ActiveCfg = Debug|Any CPU
		{53222114-707C-4EFD-8289-2728351FB7E9}.DebugHeadless|Any CPU.Build.0 = Debug|Any CPU
		{53222114-707C-4EFD-8289-2728351FB7E9}.ReleaseHeadless|Any CPU.ActiveCfg = Release|Any CPU
		{53222114-707C-4EFD-8289-2728351FB7E9}.ReleaseHeadless|Any CPU.Build.0 = Release|Any CPU
		{53222114-707C-4EFD-8289-2728351FB7E9}.DebugMono|Any CPU.ActiveCfg = Debug|Any CPU
		{53222114-707C-4EFD-8289-2728351FB7E9}.DebugMono|Any CPU.Build.0 = Debug|Any CPU
		{53222114-707C-4EFD-8289-2728351FB7E9}.ReleaseMono|Any CPU.ActiveCfg = Release|Any CPU
		{53222114-707C-4EFD-8289-2728351FB7E9}.ReleaseMono|Any CPU.Build.0 = Release|Any CPU
		{53222114-707C-4EFD-8289-2728351FB7E9}.ReleaseWindows|Any CPU.ActiveCfg = Release|Any CPU
		{53222114-707C-4EFD-8289-2728351FB7E9}.ReleaseWindows|Any CPU.Build.0 = Release|Any CPU
		{53222114-707C-4EFD-8289-2728351FB7E9}.DebugWindows|Any CPU.ActiveCfg = Debug|Any CPU
		{53222114-707C-4EFD-8289-2728351FB7E9}.DebugWindows|Any CPU.Build.0 = Debug|Any CPU
		{A3222114-707C-4EFD-8289-2728351FB7E9}.DebugHeadless|Any CPU.ActiveCfg = Debug|Any CPU
		{A3222114-707C-4EFD-8289-2728351FB7E9}.DebugHeadless|Any CPU.Build.0 = Debug|Any CPU
		{A3222114-707C-4EFD-8289-2728351FB7E9}.ReleaseHeadless|Any CPU.ActiveCfg = Release|Any CPU
		{A3222114-707C-4EFD-8289-2728351FB7E9}.ReleaseHeadless|Any CPU.Build.0 = Release|Any CPU
		{A3222114-707C-4EFD-8289-2728351FB7E9}.DebugMono|Any CPU.ActiveCfg = Debug|Any CPU
		{A3222114-707C-4EFD-8289-2728351FB7E9}.DebugMono|Any CPU.Build.0 = Debug|Any CPU
		{A3222114-707C-4EFD-8289-2728351FB7E9}.ReleaseMono|Any CPU.ActiveCfg = Release|Any CPU
		{A3222114-707C-4EFD-8289-2728351FB7E9}.ReleaseMono|Any CPU.Build.0 = Release|Any CPU
		{A3222114-707C-4EFD-8289-2728351FB7E9}.ReleaseWindows|Any CPU.ActiveCfg = Release|Any CPU
		{A3222114-707C-4EFD-8289-2728351FB7E9}.ReleaseWindows|Any CPU.Build.0 = Release|Any CPU
		{A3222114-707C-4EFD-8289-2728351FB7E9}.DebugWindows|Any CPU.ActiveCfg = Debug|Any CPU
		{A3222114-707C-4EFD-8289-2728351FB7E9}.DebugWindows|Any CPU.Build.0 = Debug|Any CPU
		{43222114-707C-4EFD-8289-2728351FB7E9}.DebugHeadless|Any CPU.ActiveCfg = Debug|Any CPU
		{43222114-707C-4EFD-8289-2728351FB7E9}.DebugHeadless|Any CPU.Build.0 = Debug|Any CPU
		{43222114-707C-4EFD-8289-2728351FB7E9}.ReleaseHeadless|Any CPU.ActiveCfg = Release|Any CPU
		{43222114-707C-4EFD-8289-2728351FB7E9}.ReleaseHeadless|Any CPU.Build.0 = Release|Any CPU
		{43222114-707C-4EFD-8289-2728351FB7E9}.DebugMono|Any CPU.ActiveCfg = Debug|Any CPU
		{43222114-707C-4EFD-8289-2728351FB7E9}.DebugMono|Any CPU.Build.0 = Debug|Any CPU
		{43222114-707C-4EFD-8289-2728351FB7E9}.ReleaseMono|Any CPU.ActiveCfg = Release|Any CPU
		{43222114-707C-4EFD-8289-2728351FB7E9}.ReleaseMono|Any CPU.Build.0 = Release|Any CPU
		{43222114-707C-4EFD-8289-2728351FB7E9}.ReleaseWindows|Any CPU.ActiveCfg = Release|Any CPU
		{43222114-707C-4EFD-8289-2728351FB7E9}.ReleaseWindows|Any CPU.Build.0 = Release|Any CPU
		{43222114-707C-4EFD-8289-2728351FB7E9}.DebugWindows|Any CPU.ActiveCfg = Debug|Any CPU
		{43222114-707C-4EFD-8289-2728351FB7E9}.DebugWindows|Any CPU.Build.0 = Debug|Any CPU
		{63222124-707C-5EFD-8289-2728351FB7E9}.DebugHeadless|Any CPU.ActiveCfg = Debug|Any CPU
		{63222124-707C-5EFD-8289-2728351FB7E9}.DebugHeadless|Any CPU.Build.0 = Debug|Any CPU
		{63222124-707C-5EFD-8289-2728351FB7E9}.ReleaseHeadless|Any CPU.ActiveCfg = Release|Any CPU
		{63222124-707C-5EFD-8289-2728351FB7E9}.ReleaseHeadless|Any CPU.Build.0 = Release|Any CPU
		{63222124-707C-5EFD-8289-2728351FB7E9}.DebugMono|Any CPU.ActiveCfg = Debug|Any CPU
		{63222124-707C-5EFD-8289-2728351FB7E9}.DebugMono|Any CPU.Build.0 = Debug|Any CPU
		{63222124-707C-5EFD-8289-2728351FB7E9}.ReleaseMono|Any CPU.ActiveCfg = Release|Any CPU
		{63222124-707C-5EFD-8289-2728351FB7E9}.ReleaseMono|Any CPU.Build.0 = Release|Any CPU
		{63222124-707C-5EFD-8289-2728351FB7E9}.ReleaseWindows|Any CPU.ActiveCfg = Release|Any CPU
		{63222124-707C-5EFD-8289-2728351FB7E9}.ReleaseWindows|Any CPU.Build.0 = Release|Any CPU
		{63222124-707C-5EFD-8289-2728351FB7E9}.DebugWindows|Any CPU.ActiveCfg = Debug|Any CPU
		{63222124-707C-5EFD-8289-2728351FB7E9}.DebugWindows|Any CPU.Build.0 = Debug|Any CPU
		{66400796-0C5B-4386-A859-50A2AC3F3DB7}.DebugHeadless|Any CPU.ActiveCfg = Debug|Any CPU
		{66400796-0C5B-4386-A859-50A2AC3F3DB7}.DebugHeadless|Any CPU.Build.0 = Debug|Any CPU
		{66400796-0C5B-4386-A859-50A2AC3F3DB7}.ReleaseHeadless|Any CPU.ActiveCfg = Release|Any CPU
		{66400796-0C5B-4386-A859-50A2AC3F3DB7}.ReleaseHeadless|Any CPU.Build.0 = Release|Any CPU
		{66400796-0C5B-4386-A859-50A2AC3F3DB7}.DebugMono|Any CPU.ActiveCfg = Debug|Any CPU
		{66400796-0C5B-4386-A859-50A2AC3F3DB7}.DebugMono|Any CPU.Build.0 = Debug|Any CPU
		{66400796-0C5B-4386-A859-50A2AC3F3DB7}.ReleaseMono|Any CPU.ActiveCfg = Release|Any CPU
		{66400796-0C5B-4386-A859-50A2AC3F3DB7}.ReleaseMono|Any CPU.Build.0 = Release|Any CPU
		{66400796-0C5B-4386-A859-50A2AC3F3DB7}.ReleaseWindows|Any CPU.ActiveCfg = Release|Any CPU
		{66400796-0C5B-4386-A859-50A2AC3F3DB7}.ReleaseWindows|Any CPU.Build.0 = Release|Any CPU
		{66400796-0C5B-4386-A859-50A2AC3F3DB7}.DebugWindows|Any CPU.ActiveCfg = Debug|Any CPU
		{66400796-0C5B-4386-A859-50A2AC3F3DB7}.DebugWindows|Any CPU.Build.0 = Debug|Any CPU
		{13222114-707C-4EFD-8289-2728351FB7E9}.DebugHeadless|Any CPU.ActiveCfg = Debug|Any CPU
		{13222114-707C-4EFD-8289-2728351FB7E9}.DebugHeadless|Any CPU.Build.0 = Debug|Any CPU
		{13222114-707C-4EFD-8289-2728351FB7E9}.ReleaseHeadless|Any CPU.ActiveCfg = Release|Any CPU
		{13222114-707C-4EFD-8289-2728351FB7E9}.ReleaseHeadless|Any CPU.Build.0 = Release|Any CPU
		{13222114-707C-4EFD-8289-2728351FB7E9}.DebugMono|Any CPU.ActiveCfg = Debug|Any CPU
		{13222114-707C-4EFD-8289-2728351FB7E9}.DebugMono|Any CPU.Build.0 = Debug|Any CPU
		{13222114-707C-4EFD-8289-2728351FB7E9}.ReleaseMono|Any CPU.ActiveCfg = Release|Any CPU
		{13222114-707C-4EFD-8289-2728351FB7E9}.ReleaseMono|Any CPU.Build.0 = Release|Any CPU
		{13222114-707C-4EFD-8289-2728351FB7E9}.ReleaseWindows|Any CPU.ActiveCfg = Release|Any CPU
		{13222114-707C-4EFD-8289-2728351FB7E9}.ReleaseWindows|Any CPU.Build.0 = Release|Any CPU
		{13222114-707C-4EFD-8289-2728351FB7E9}.DebugWindows|Any CPU.ActiveCfg = Debug|Any CPU
		{13222114-707C-4EFD-8289-2728351FB7E9}.DebugWindows|Any CPU.Build.0 = Debug|Any CPU
		{BA29DA30-C9D7-492C-81D4-E76754C0D88D}.DebugHeadless|Any CPU.ActiveCfg = Debug|Any CPU
		{BA29DA30-C9D7-492C-81D4-E76754C0D88D}.DebugHeadless|Any CPU.Build.0 = Debug|Any CPU
		{BA29DA30-C9D7-492C-81D4-E76754C0D88D}.ReleaseHeadless|Any CPU.ActiveCfg = Release|Any CPU
		{BA29DA30-C9D7-492C-81D4-E76754C0D88D}.ReleaseHeadless|Any CPU.Build.0 = Release|Any CPU
		{BA29DA30-C9D7-492C-81D4-E76754C0D88D}.DebugMono|Any CPU.ActiveCfg = Debug|Any CPU
		{BA29DA30-C9D7-492C-81D4-E76754C0D88D}.DebugMono|Any CPU.Build.0 = Debug|Any CPU
		{BA29DA30-C9D7-492C-81D4-E76754C0D88D}.ReleaseMono|Any CPU.ActiveCfg = Release|Any CPU
		{BA29DA30-C9D7-492C-81D4-E76754C0D88D}.ReleaseMono|Any CPU.Build.0 = Release|Any CPU
		{BA29DA30-C9D7-492C-81D4-E76754C0D88D}.ReleaseWindows|Any CPU.ActiveCfg = Release|Any CPU
		{BA29DA30-C9D7-492C-81D4-E76754C0D88D}.ReleaseWindows|Any CPU.Build.0 = Release|Any CPU
		{BA29DA30-C9D7-492C-81D4-E76754C0D88D}.DebugWindows|Any CPU.ActiveCfg = Debug|Any CPU
		{BA29DA30-C9D7-492C-81D4-E76754C0D88D}.DebugWindows|Any CPU.Build.0 = Debug|Any CPU
		{E0E61E22-8E42-4ED8-8C1F-D683D7EC9FF6}.DebugHeadless|Any CPU.ActiveCfg = Debug|Any CPU
		{E0E61E22-8E42-4ED8-8C1F-D683D7EC9FF6}.DebugHeadless|Any CPU.Build.0 = Debug|Any CPU
		{E0E61E22-8E42-4ED8-8C1F-D683D7EC9FF6}.ReleaseHeadless|Any CPU.ActiveCfg = Release|Any CPU
		{E0E61E22-8E42-4ED8-8C1F-D683D7EC9FF6}.ReleaseHeadless|Any CPU.Build.0 = Release|Any CPU
		{E0E61E22-8E42-4ED8-8C1F-D683D7EC9FF6}.DebugMono|Any CPU.ActiveCfg = Debug|Any CPU
		{E0E61E22-8E42-4ED8-8C1F-D683D7EC9FF6}.DebugMono|Any CPU.Build.0 = Debug|Any CPU
		{E0E61E22-8E42-4ED8-8C1F-D683D7EC9FF6}.ReleaseMono|Any CPU.ActiveCfg = Release|Any CPU
		{E0E61E22-8E42-4ED8-8C1F-D683D7EC9FF6}.ReleaseMono|Any CPU.Build.0 = Release|Any CPU
		{E0E61E22-8E42-4ED8-8C1F-D683D7EC9FF6}.ReleaseWindows|Any CPU.ActiveCfg = Release|Any CPU
		{E0E61E22-8E42-4ED8-8C1F-D683D7EC9FF6}.ReleaseWindows|Any CPU.Build.0 = Release|Any CPU
		{E0E61E22-8E42-4ED8-8C1F-D683D7EC9FF6}.DebugWindows|Any CPU.ActiveCfg = Debug|Any CPU
		{E0E61E22-8E42-4ED8-8C1F-D683D7EC9FF6}.DebugWindows|Any CPU.Build.0 = Debug|Any CPU
		{4FBABBAC-D029-4867-8416-32C3469BCAEA}.DebugHeadless|Any CPU.ActiveCfg = Debug|Any CPU
		{4FBABBAC-D029-4867-8416-32C3469BCAEA}.DebugHeadless|Any CPU.Build.0 = Debug|Any CPU
		{4FBABBAC-D029-4867-8416-32C3469BCAEA}.ReleaseHeadless|Any CPU.ActiveCfg = Release|Any CPU
		{4FBABBAC-D029-4867-8416-32C3469BCAEA}.ReleaseHeadless|Any CPU.Build.0 = Release|Any CPU
		{4FBABBAC-D029-4867-8416-32C3469BCAEA}.DebugMono|Any CPU.ActiveCfg = Debug|Any CPU
		{4FBABBAC-D029-4867-8416-32C3469BCAEA}.DebugMono|Any CPU.Build.0 = Debug|Any CPU
		{4FBABBAC-D029-4867-8416-32C3469BCAEA}.ReleaseMono|Any CPU.ActiveCfg = Release|Any CPU
		{4FBABBAC-D029-4867-8416-32C3469BCAEA}.ReleaseMono|Any CPU.Build.0 = Release|Any CPU
		{4FBABBAC-D029-4867-8416-32C3469BCAEA}.ReleaseWindows|Any CPU.ActiveCfg = Release|Any CPU
		{4FBABBAC-D029-4867-8416-32C3469BCAEA}.ReleaseWindows|Any CPU.Build.0 = Release|Any CPU
		{4FBABBAC-D029-4867-8416-32C3469BCAEA}.DebugWindows|Any CPU.ActiveCfg = Debug|Any CPU
		{4FBABBAC-D029-4867-8416-32C3469BCAEA}.DebugWindows|Any CPU.Build.0 = Debug|Any CPU
		{66A5675A-13AE-4454-88A6-29EB2D6F5988}.DebugHeadless|Any CPU.ActiveCfg = Debug|Any CPU
		{66A5675A-13AE-4454-88A6-29EB2D6F5988}.DebugHeadless|Any CPU.Build.0 = Debug|Any CPU
		{66A5675A-13AE-4454-88A6-29EB2D6F5988}.ReleaseHeadless|Any CPU.ActiveCfg = Release|Any CPU
		{66A5675A-13AE-4454-88A6-29EB2D6F5988}.ReleaseHeadless|Any CPU.Build.0 = Release|Any CPU
		{66A5675A-13AE-4454-88A6-29EB2D6F5988}.DebugMono|Any CPU.ActiveCfg = Debug|Any CPU
		{66A5675A-13AE-4454-88A6-29EB2D6F5988}.DebugMono|Any CPU.Build.0 = Debug|Any CPU
		{66A5675A-13AE-4454-88A6-29EB2D6F5988}.ReleaseMono|Any CPU.ActiveCfg = Release|Any CPU
		{66A5675A-13AE-4454-88A6-29EB2D6F5988}.ReleaseMono|Any CPU.Build.0 = Release|Any CPU
		{66A5675A-13AE-4454-88A6-29EB2D6F5988}.ReleaseWindows|Any CPU.ActiveCfg = Release|Any CPU
		{66A5675A-13AE-4454-88A6-29EB2D6F5988}.ReleaseWindows|Any CPU.Build.0 = Release|Any CPU
		{66A5675A-13AE-4454-88A6-29EB2D6F5988}.DebugWindows|Any CPU.ActiveCfg = Debug|Any CPU
		{66A5675A-13AE-4454-88A6-29EB2D6F5988}.DebugWindows|Any CPU.Build.0 = Debug|Any CPU
		{887C6088-F483-466A-A671-06EEC42B8DC1}.DebugHeadless|Any CPU.ActiveCfg = Debug|Any CPU
		{887C6088-F483-466A-A671-06EEC42B8DC1}.DebugHeadless|Any CPU.Build.0 = Debug|Any CPU
		{887C6088-F483-466A-A671-06EEC42B8DC1}.ReleaseHeadless|Any CPU.ActiveCfg = Release|Any CPU
		{887C6088-F483-466A-A671-06EEC42B8DC1}.ReleaseHeadless|Any CPU.Build.0 = Release|Any CPU
		{887C6088-F483-466A-A671-06EEC42B8DC1}.DebugMono|Any CPU.ActiveCfg = Debug|Any CPU
		{887C6088-F483-466A-A671-06EEC42B8DC1}.DebugMono|Any CPU.Build.0 = Debug|Any CPU
		{887C6088-F483-466A-A671-06EEC42B8DC1}.ReleaseMono|Any CPU.ActiveCfg = Release|Any CPU
		{887C6088-F483-466A-A671-06EEC42B8DC1}.ReleaseMono|Any CPU.Build.0 = Release|Any CPU
		{887C6088-F483-466A-A671-06EEC42B8DC1}.ReleaseWindows|Any CPU.ActiveCfg = Release|Any CPU
		{887C6088-F483-466A-A671-06EEC42B8DC1}.ReleaseWindows|Any CPU.Build.0 = Release|Any CPU
		{887C6088-F483-466A-A671-06EEC42B8DC1}.DebugWindows|Any CPU.ActiveCfg = Debug|Any CPU
		{887C6088-F483-466A-A671-06EEC42B8DC1}.DebugWindows|Any CPU.Build.0 = Debug|Any CPU
		{66A9995A-13AE-4454-88A6-29EB2D6F5988}.DebugHeadless|Any CPU.ActiveCfg = Debug|Any CPU
		{66A9995A-13AE-4454-88A6-29EB2D6F5988}.DebugHeadless|Any CPU.Build.0 = Debug|Any CPU
		{66A9995A-13AE-4454-88A6-29EB2D6F5988}.ReleaseHeadless|Any CPU.ActiveCfg = Release|Any CPU
		{66A9995A-13AE-4454-88A6-29EB2D6F5988}.ReleaseHeadless|Any CPU.Build.0 = Release|Any CPU
		{66A9995A-13AE-4454-88A6-29EB2D6F5988}.DebugMono|Any CPU.ActiveCfg = Debug|Any CPU
		{66A9995A-13AE-4454-88A6-29EB2D6F5988}.DebugMono|Any CPU.Build.0 = Debug|Any CPU
		{66A9995A-13AE-4454-88A6-29EB2D6F5988}.ReleaseMono|Any CPU.ActiveCfg = Release|Any CPU
		{66A9995A-13AE-4454-88A6-29EB2D6F5988}.ReleaseMono|Any CPU.Build.0 = Release|Any CPU
		{66A9995A-13AE-4454-88A6-29EB2D6F5988}.ReleaseWindows|Any CPU.ActiveCfg = Release|Any CPU
		{66A9995A-13AE-4454-88A6-29EB2D6F5988}.ReleaseWindows|Any CPU.Build.0 = Release|Any CPU
		{66A9995A-13AE-4454-88A6-29EB2D6F5988}.DebugWindows|Any CPU.ActiveCfg = Debug|Any CPU
		{66A9995A-13AE-4454-88A6-29EB2D6F5988}.DebugWindows|Any CPU.Build.0 = Debug|Any CPU
		{8882BDAF-FE52-4A39-B1F2-84C3F061D5A7}.DebugHeadless|Any CPU.ActiveCfg = Debug|Any CPU
		{8882BDAF-FE52-4A39-B1F2-84C3F061D5A7}.DebugHeadless|Any CPU.Build.0 = Debug|Any CPU
		{8882BDAF-FE52-4A39-B1F2-84C3F061D5A7}.ReleaseHeadless|Any CPU.ActiveCfg = Release|Any CPU
		{8882BDAF-FE52-4A39-B1F2-84C3F061D5A7}.ReleaseHeadless|Any CPU.Build.0 = Release|Any CPU
		{8882BDAF-FE52-4A39-B1F2-84C3F061D5A7}.DebugMono|Any CPU.ActiveCfg = Debug|Any CPU
		{8882BDAF-FE52-4A39-B1F2-84C3F061D5A7}.DebugMono|Any CPU.Build.0 = Debug|Any CPU
		{8882BDAF-FE52-4A39-B1F2-84C3F061D5A7}.ReleaseMono|Any CPU.ActiveCfg = Release|Any CPU
		{8882BDAF-FE52-4A39-B1F2-84C3F061D5A7}.ReleaseMono|Any CPU.Build.0 = Release|Any CPU
		{8882BDAF-FE52-4A39-B1F2-84C3F061D5A7}.ReleaseWindows|Any CPU.ActiveCfg = Release|Any CPU
		{8882BDAF-FE52-4A39-B1F2-84C3F061D5A7}.ReleaseWindows|Any CPU.Build.0 = Release|Any CPU
		{8882BDAF-FE52-4A39-B1F2-84C3F061D5A7}.DebugWindows|Any CPU.ActiveCfg = Debug|Any CPU
		{8882BDAF-FE52-4A39-B1F2-84C3F061D5A7}.DebugWindows|Any CPU.Build.0 = Debug|Any CPU
		{45A27C6A-1831-4E0D-84C2-FB3893E7FBE5}.DebugHeadless|Any CPU.ActiveCfg = Debug|Any CPU
		{45A27C6A-1831-4E0D-84C2-FB3893E7FBE5}.DebugHeadless|Any CPU.Build.0 = Debug|Any CPU
		{45A27C6A-1831-4E0D-84C2-FB3893E7FBE5}.ReleaseHeadless|Any CPU.ActiveCfg = Release|Any CPU
		{45A27C6A-1831-4E0D-84C2-FB3893E7FBE5}.ReleaseHeadless|Any CPU.Build.0 = Release|Any CPU
		{45A27C6A-1831-4E0D-84C2-FB3893E7FBE5}.DebugMono|Any CPU.ActiveCfg = Debug|Any CPU
		{45A27C6A-1831-4E0D-84C2-FB3893E7FBE5}.DebugMono|Any CPU.Build.0 = Debug|Any CPU
		{45A27C6A-1831-4E0D-84C2-FB3893E7FBE5}.ReleaseMono|Any CPU.ActiveCfg = Release|Any CPU
		{45A27C6A-1831-4E0D-84C2-FB3893E7FBE5}.ReleaseMono|Any CPU.Build.0 = Release|Any CPU
		{45A27C6A-1831-4E0D-84C2-FB3893E7FBE5}.ReleaseWindows|Any CPU.ActiveCfg = Release|Any CPU
		{45A27C6A-1831-4E0D-84C2-FB3893E7FBE5}.ReleaseWindows|Any CPU.Build.0 = Release|Any CPU
		{45A27C6A-1831-4E0D-84C2-FB3893E7FBE5}.DebugWindows|Any CPU.ActiveCfg = Debug|Any CPU
		{45A27C6A-1831-4E0D-84C2-FB3893E7FBE5}.DebugWindows|Any CPU.Build.0 = Debug|Any CPU
		{779FB07B-87EB-472D-ABC4-ACBED1A5D9FC}.DebugHeadless|Any CPU.ActiveCfg = Debug|Any CPU
		{779FB07B-87EB-472D-ABC4-ACBED1A5D9FC}.DebugHeadless|Any CPU.Build.0 = Debug|Any CPU
		{779FB07B-87EB-472D-ABC4-ACBED1A5D9FC}.ReleaseHeadless|Any CPU.ActiveCfg = Release|Any CPU
		{779FB07B-87EB-472D-ABC4-ACBED1A5D9FC}.ReleaseHeadless|Any CPU.Build.0 = Release|Any CPU
		{779FB07B-87EB-472D-ABC4-ACBED1A5D9FC}.DebugMono|Any CPU.ActiveCfg = Debug|Any CPU
		{779FB07B-87EB-472D-ABC4-ACBED1A5D9FC}.DebugMono|Any CPU.Build.0 = Debug|Any CPU
		{779FB07B-87EB-472D-ABC4-ACBED1A5D9FC}.ReleaseMono|Any CPU.ActiveCfg = Release|Any CPU
		{779FB07B-87EB-472D-ABC4-ACBED1A5D9FC}.ReleaseMono|Any CPU.Build.0 = Release|Any CPU
		{779FB07B-87EB-472D-ABC4-ACBED1A5D9FC}.ReleaseWindows|Any CPU.ActiveCfg = Release|Any CPU
		{779FB07B-87EB-472D-ABC4-ACBED1A5D9FC}.ReleaseWindows|Any CPU.Build.0 = Release|Any CPU
		{779FB07B-87EB-472D-ABC4-ACBED1A5D9FC}.DebugWindows|Any CPU.ActiveCfg = Debug|Any CPU
		{779FB07B-87EB-472D-ABC4-ACBED1A5D9FC}.DebugWindows|Any CPU.Build.0 = Debug|Any CPU
		{BB222124-707C-5EFD-8289-2728351FB7AA}.DebugHeadless|Any CPU.ActiveCfg = Debug|Any CPU
		{BB222124-707C-5EFD-8289-2728351FB7AA}.DebugHeadless|Any CPU.Build.0 = Debug|Any CPU
		{BB222124-707C-5EFD-8289-2728351FB7AA}.ReleaseHeadless|Any CPU.ActiveCfg = Release|Any CPU
		{BB222124-707C-5EFD-8289-2728351FB7AA}.ReleaseHeadless|Any CPU.Build.0 = Release|Any CPU
		{BB222124-707C-5EFD-8289-2728351FB7AA}.DebugMono|Any CPU.ActiveCfg = Debug|Any CPU
		{BB222124-707C-5EFD-8289-2728351FB7AA}.DebugMono|Any CPU.Build.0 = Debug|Any CPU
		{BB222124-707C-5EFD-8289-2728351FB7AA}.ReleaseMono|Any CPU.ActiveCfg = Release|Any CPU
		{BB222124-707C-5EFD-8289-2728351FB7AA}.ReleaseMono|Any CPU.Build.0 = Release|Any CPU
		{BB222124-707C-5EFD-8289-2728351FB7AA}.ReleaseWindows|Any CPU.ActiveCfg = Release|Any CPU
		{BB222124-707C-5EFD-8289-2728351FB7AA}.ReleaseWindows|Any CPU.Build.0 = Release|Any CPU
		{BB222124-707C-5EFD-8289-2728351FB7AA}.DebugWindows|Any CPU.ActiveCfg = Debug|Any CPU
		{BB222124-707C-5EFD-8289-2728351FB7AA}.DebugWindows|Any CPU.Build.0 = Debug|Any CPU
		{44422114-707C-4EFD-8289-2728351FB7E9}.DebugMono|Any CPU.ActiveCfg = Debug|Any CPU
		{44422114-707C-4EFD-8289-2728351FB7E9}.DebugMono|Any CPU.Build.0 = Debug|Any CPU
		{44422114-707C-4EFD-8289-2728351FB7E9}.ReleaseMono|Any CPU.ActiveCfg = Release|Any CPU
		{44422114-707C-4EFD-8289-2728351FB7E9}.ReleaseMono|Any CPU.Build.0 = Release|Any CPU
		{44422114-707C-4EFD-8289-2728351FB7E9}.DebugHeadless|Any CPU.ActiveCfg = Debug|Any CPU
		{44422114-707C-4EFD-8289-2728351FB7E9}.DebugHeadless|Any CPU.Build.0 = Debug|Any CPU
		{44422114-707C-4EFD-8289-2728351FB7E9}.ReleaseHeadless|Any CPU.ActiveCfg = Release|Any CPU
		{44422114-707C-4EFD-8289-2728351FB7E9}.ReleaseHeadless|Any CPU.Build.0 = Release|Any CPU
		{44422114-707C-4EFD-8289-2728351FB7E9}.DebugWindows|Any CPU.ActiveCfg = Debug|Any CPU
		{44422114-707C-4EFD-8289-2728351FB7E9}.DebugWindows|Any CPU.Build.0 = Debug|Any CPU
		{44422114-707C-4EFD-8289-2728351FB7E9}.ReleaseWindows|Any CPU.ActiveCfg = Release|Any CPU
		{44422114-707C-4EFD-8289-2728351FB7E9}.ReleaseWindows|Any CPU.Build.0 = Release|Any CPU
		{3A70B9B8-BBAB-47EA-8473-B7A0B4961D56}.DebugHeadless|Any CPU.ActiveCfg = Debug|Any CPU
		{3A70B9B8-BBAB-47EA-8473-B7A0B4961D56}.DebugHeadless|Any CPU.Build.0 = Debug|Any CPU
		{3A70B9B8-BBAB-47EA-8473-B7A0B4961D56}.ReleaseHeadless|Any CPU.ActiveCfg = Release|Any CPU
		{3A70B9B8-BBAB-47EA-8473-B7A0B4961D56}.ReleaseHeadless|Any CPU.Build.0 = Release|Any CPU
		{3A70B9B8-BBAB-47EA-8473-B7A0B4961D56}.DebugMono|Any CPU.ActiveCfg = Debug|Any CPU
		{3A70B9B8-BBAB-47EA-8473-B7A0B4961D56}.DebugMono|Any CPU.Build.0 = Debug|Any CPU
		{3A70B9B8-BBAB-47EA-8473-B7A0B4961D56}.ReleaseMono|Any CPU.ActiveCfg = Release|Any CPU
		{3A70B9B8-BBAB-47EA-8473-B7A0B4961D56}.ReleaseMono|Any CPU.Build.0 = Release|Any CPU
		{3A70B9B8-BBAB-47EA-8473-B7A0B4961D56}.ReleaseWindows|Any CPU.ActiveCfg = Release|Any CPU
		{3A70B9B8-BBAB-47EA-8473-B7A0B4961D56}.ReleaseWindows|Any CPU.Build.0 = Release|Any CPU
		{3A70B9B8-BBAB-47EA-8473-B7A0B4961D56}.DebugWindows|Any CPU.ActiveCfg = Debug|Any CPU
		{3A70B9B8-BBAB-47EA-8473-B7A0B4961D56}.DebugWindows|Any CPU.Build.0 = Debug|Any CPU
		{1B320B7A-BAB5-4370-9ABE-3BDAD4392BDD}.DebugHeadless|Any CPU.ActiveCfg = Debug|Any CPU
		{1B320B7A-BAB5-4370-9ABE-3BDAD4392BDD}.DebugHeadless|Any CPU.Build.0 = Debug|Any CPU
		{1B320B7A-BAB5-4370-9ABE-3BDAD4392BDD}.ReleaseHeadless|Any CPU.ActiveCfg = Release|Any CPU
		{1B320B7A-BAB5-4370-9ABE-3BDAD4392BDD}.ReleaseHeadless|Any CPU.Build.0 = Release|Any CPU
		{1B320B7A-BAB5-4370-9ABE-3BDAD4392BDD}.DebugMono|Any CPU.ActiveCfg = Debug|Any CPU
		{1B320B7A-BAB5-4370-9ABE-3BDAD4392BDD}.DebugMono|Any CPU.Build.0 = Debug|Any CPU
		{1B320B7A-BAB5-4370-9ABE-3BDAD4392BDD}.ReleaseMono|Any CPU.ActiveCfg = Release|Any CPU
		{1B320B7A-BAB5-4370-9ABE-3BDAD4392BDD}.ReleaseMono|Any CPU.Build.0 = Release|Any CPU
		{1B320B7A-BAB5-4370-9ABE-3BDAD4392BDD}.ReleaseWindows|Any CPU.ActiveCfg = Release|Any CPU
		{1B320B7A-BAB5-4370-9ABE-3BDAD4392BDD}.ReleaseWindows|Any CPU.Build.0 = Release|Any CPU
		{1B320B7A-BAB5-4370-9ABE-3BDAD4392BDD}.DebugWindows|Any CPU.ActiveCfg = Debug|Any CPU
		{1B320B7A-BAB5-4370-9ABE-3BDAD4392BDD}.DebugWindows|Any CPU.Build.0 = Debug|Any CPU
		{69B08E08-10DC-473C-BCB7-3B0C398F63CF}.DebugMono|Any CPU.ActiveCfg = Debug|Any CPU
		{69B08E08-10DC-473C-BCB7-3B0C398F63CF}.DebugMono|Any CPU.Build.0 = Debug|Any CPU
		{69B08E08-10DC-473C-BCB7-3B0C398F63CF}.ReleaseMono|Any CPU.ActiveCfg = Release|Any CPU
		{69B08E08-10DC-473C-BCB7-3B0C398F63CF}.ReleaseMono|Any CPU.Build.0 = Release|Any CPU
		{69B08E08-10DC-473C-BCB7-3B0C398F63CF}.ReleaseWindows|Any CPU.ActiveCfg = Release|Any CPU
		{69B08E08-10DC-473C-BCB7-3B0C398F63CF}.ReleaseWindows|Any CPU.Build.0 = Release|Any CPU
		{69B08E08-10DC-473C-BCB7-3B0C398F63CF}.ReleaseHeadless|Any CPU.ActiveCfg = Release|Any CPU
		{69B08E08-10DC-473C-BCB7-3B0C398F63CF}.ReleaseHeadless|Any CPU.Build.0 = Release|Any CPU
		{69B08E08-10DC-473C-BCB7-3B0C398F63CF}.DebugWindows|Any CPU.ActiveCfg = Debug|Any CPU
		{69B08E08-10DC-473C-BCB7-3B0C398F63CF}.DebugWindows|Any CPU.Build.0 = Debug|Any CPU
		{69B08E08-10DC-473C-BCB7-3B0C398F63CF}.DebugHeadless|Any CPU.ActiveCfg = Debug|Any CPU
		{69B08E08-10DC-473C-BCB7-3B0C398F63CF}.DebugHeadless|Any CPU.Build.0 = Debug|Any CPU
		{959D076C-8127-4FEE-9737-0F8FDE5A0E09}.DebugHeadless|Any CPU.ActiveCfg = Debug|Any CPU
		{959D076C-8127-4FEE-9737-0F8FDE5A0E09}.DebugHeadless|Any CPU.Build.0 = Debug|Any CPU
		{959D076C-8127-4FEE-9737-0F8FDE5A0E09}.ReleaseHeadless|Any CPU.ActiveCfg = Release|Any CPU
		{959D076C-8127-4FEE-9737-0F8FDE5A0E09}.ReleaseHeadless|Any CPU.Build.0 = Release|Any CPU
		{959D076C-8127-4FEE-9737-0F8FDE5A0E09}.DebugMono|Any CPU.ActiveCfg = Debug|Any CPU
		{959D076C-8127-4FEE-9737-0F8FDE5A0E09}.DebugMono|Any CPU.Build.0 = Debug|Any CPU
		{959D076C-8127-4FEE-9737-0F8FDE5A0E09}.ReleaseMono|Any CPU.ActiveCfg = Release|Any CPU
		{959D076C-8127-4FEE-9737-0F8FDE5A0E09}.ReleaseMono|Any CPU.Build.0 = Release|Any CPU
		{959D076C-8127-4FEE-9737-0F8FDE5A0E09}.ReleaseWindows|Any CPU.ActiveCfg = Release|Any CPU
		{959D076C-8127-4FEE-9737-0F8FDE5A0E09}.ReleaseWindows|Any CPU.Build.0 = Release|Any CPU
		{959D076C-8127-4FEE-9737-0F8FDE5A0E09}.DebugWindows|Any CPU.ActiveCfg = Debug|Any CPU
		{959D076C-8127-4FEE-9737-0F8FDE5A0E09}.DebugWindows|Any CPU.Build.0 = Debug|Any CPU
		{45473847-8AF8-4BAF-B768-442C6875B8CF}.DebugMono|Any CPU.ActiveCfg = Debug|Any CPU
		{45473847-8AF8-4BAF-B768-442C6875B8CF}.DebugMono|Any CPU.Build.0 = Debug|Any CPU
		{45473847-8AF8-4BAF-B768-442C6875B8CF}.ReleaseMono|Any CPU.ActiveCfg = Release|Any CPU
		{45473847-8AF8-4BAF-B768-442C6875B8CF}.ReleaseMono|Any CPU.Build.0 = Release|Any CPU
		{45473847-8AF8-4BAF-B768-442C6875B8CF}.ReleaseWindows|Any CPU.ActiveCfg = Release|Any CPU
		{45473847-8AF8-4BAF-B768-442C6875B8CF}.ReleaseWindows|Any CPU.Build.0 = Release|Any CPU
		{45473847-8AF8-4BAF-B768-442C6875B8CF}.ReleaseHeadless|Any CPU.ActiveCfg = Release|Any CPU
		{45473847-8AF8-4BAF-B768-442C6875B8CF}.ReleaseHeadless|Any CPU.Build.0 = Release|Any CPU
		{45473847-8AF8-4BAF-B768-442C6875B8CF}.DebugWindows|Any CPU.ActiveCfg = Debug|Any CPU
		{45473847-8AF8-4BAF-B768-442C6875B8CF}.DebugWindows|Any CPU.Build.0 = Debug|Any CPU
		{45473847-8AF8-4BAF-B768-442C6875B8CF}.DebugHeadless|Any CPU.ActiveCfg = Debug|Any CPU
		{45473847-8AF8-4BAF-B768-442C6875B8CF}.DebugHeadless|Any CPU.Build.0 = Debug|Any CPU
		{28F22125-F07D-5EF2-8289-4998351FBAA4}.DebugHeadless|Any CPU.ActiveCfg = Debug|Any CPU
		{28F22125-F07D-5EF2-8289-4998351FBAA4}.DebugHeadless|Any CPU.Build.0 = Debug|Any CPU
		{28F22125-F07D-5EF2-8289-4998351FBAA4}.ReleaseHeadless|Any CPU.ActiveCfg = Release|Any CPU
		{28F22125-F07D-5EF2-8289-4998351FBAA4}.ReleaseHeadless|Any CPU.Build.0 = Release|Any CPU
		{28F22125-F07D-5EF2-8289-4998351FBAA4}.DebugMono|Any CPU.ActiveCfg = Debug|Any CPU
		{28F22125-F07D-5EF2-8289-4998351FBAA4}.DebugMono|Any CPU.Build.0 = Debug|Any CPU
		{28F22125-F07D-5EF2-8289-4998351FBAA4}.ReleaseMono|Any CPU.ActiveCfg = Release|Any CPU
		{28F22125-F07D-5EF2-8289-4998351FBAA4}.ReleaseMono|Any CPU.Build.0 = Release|Any CPU
		{28F22125-F07D-5EF2-8289-4998351FBAA4}.ReleaseWindows|Any CPU.ActiveCfg = Release|Any CPU
		{28F22125-F07D-5EF2-8289-4998351FBAA4}.ReleaseWindows|Any CPU.Build.0 = Release|Any CPU
		{28F22125-F07D-5EF2-8289-4998351FBAA4}.DebugWindows|Any CPU.ActiveCfg = Debug|Any CPU
		{28F22125-F07D-5EF2-8289-4998351FBAA4}.DebugWindows|Any CPU.Build.0 = Debug|Any CPU
		{D3F10ED0-2A3F-45D5-8524-0D562905778B}.DebugHeadless|Any CPU.ActiveCfg = Debug|Any CPU
		{D3F10ED0-2A3F-45D5-8524-0D562905778B}.DebugHeadless|Any CPU.Build.0 = Debug|Any CPU
		{D3F10ED0-2A3F-45D5-8524-0D562905778B}.ReleaseHeadless|Any CPU.ActiveCfg = Release|Any CPU
		{D3F10ED0-2A3F-45D5-8524-0D562905778B}.ReleaseHeadless|Any CPU.Build.0 = Release|Any CPU
		{D3F10ED0-2A3F-45D5-8524-0D562905778B}.DebugMono|Any CPU.ActiveCfg = Debug|Any CPU
		{D3F10ED0-2A3F-45D5-8524-0D562905778B}.DebugMono|Any CPU.Build.0 = Debug|Any CPU
		{D3F10ED0-2A3F-45D5-8524-0D562905778B}.ReleaseMono|Any CPU.ActiveCfg = Release|Any CPU
		{D3F10ED0-2A3F-45D5-8524-0D562905778B}.ReleaseMono|Any CPU.Build.0 = Release|Any CPU
		{D3F10ED0-2A3F-45D5-8524-0D562905778B}.ReleaseWindows|Any CPU.ActiveCfg = Release|Any CPU
		{D3F10ED0-2A3F-45D5-8524-0D562905778B}.ReleaseWindows|Any CPU.Build.0 = Release|Any CPU
		{D3F10ED0-2A3F-45D5-8524-0D562905778B}.DebugWindows|Any CPU.ActiveCfg = Debug|Any CPU
		{D3F10ED0-2A3F-45D5-8524-0D562905778B}.DebugWindows|Any CPU.Build.0 = Debug|Any CPU

	EndGlobalSection
	GlobalSection(NestedProjects) = preSolution
		{66A5675A-13AE-4454-88A6-29EB2D6F5988} = {8BD709BF-8C11-4CBA-9A7D-CC2CC639BD4F}
		{887C6088-F483-466A-A671-06EEC42B8DC1} = {8BD709BF-8C11-4CBA-9A7D-CC2CC639BD4F}
		{66A9995A-13AE-4454-88A6-29EB2D6F5988} = {8BD709BF-8C11-4CBA-9A7D-CC2CC639BD4F}
		{BA29DA30-C9D7-492C-81D4-E76754C0D88D} = {CD9D4CF9-BD98-4D57-A5EF-EA5C3C75CB0C}
		{E0E61E22-8E42-4ED8-8C1F-D683D7EC9FF6} = {CD9D4CF9-BD98-4D57-A5EF-EA5C3C75CB0C}
		{4FBABBAC-D029-4867-8416-32C3469BCAEA} = {CD9D4CF9-BD98-4D57-A5EF-EA5C3C75CB0C}
		{779FB07B-87EB-472D-ABC4-ACBED1A5D9FC} = {CD9D4CF9-BD98-4D57-A5EF-EA5C3C75CB0C}
		{13222124-707C-5EFD-8289-2728351FB7E9} = {4671F602-D5E2-4F4E-B942-3357C33C92E2}
		{23222114-707C-4EFD-8289-2728351FB7E9} = {4671F602-D5E2-4F4E-B942-3357C33C92E2}
		{44422114-707C-4EFD-8289-2728351FB7E9} = {4671F602-D5E2-4F4E-B942-3357C33C92E2}
		{53222114-707C-4EFD-8289-2728351FB7E9} = {4671F602-D5E2-4F4E-B942-3357C33C92E2}
		{43222114-707C-4EFD-8289-2728351FB7E9} = {4671F602-D5E2-4F4E-B942-3357C33C92E2}
		{13222114-707C-4EFD-8289-2728351FB7E9} = {4671F602-D5E2-4F4E-B942-3357C33C92E2}
		{63222124-707C-5EFD-8289-2728351FB7E9} = {4671F602-D5E2-4F4E-B942-3357C33C92E2}
		{4C636FAF-4650-4088-8EA8-2FCCC225E9CF} = {A3A699EA-42CE-4D7B-9D79-1F686D6A083B}
		{66400796-0C5B-4386-A859-50A2AC3F3DB7} = {A3A699EA-42CE-4D7B-9D79-1F686D6A083B}
		{5F87C357-09FB-4F53-BE37-41FE5BD88957} = {CA585D43-7DF3-4486-B9B5-8DAA812716C3}
		{55ABBA4C-AAF9-4726-A592-0C92436CEC92} = {CA585D43-7DF3-4486-B9B5-8DAA812716C3}
		{CF944E09-7C14-433C-A185-161848E989B3} = {CA585D43-7DF3-4486-B9B5-8DAA812716C3}
		{0A473566-F4C6-455E-A56E-B3963FBABDFF} = {CA585D43-7DF3-4486-B9B5-8DAA812716C3}
		{92494904-35FA-4DC9-BDE9-3A3E87AC49D3} = {CA585D43-7DF3-4486-B9B5-8DAA812716C3}
		{74FDB727-CC22-4E13-AF44-EE3E9C146D8A} = {CA585D43-7DF3-4486-B9B5-8DAA812716C3}
		{C3887A93-B2BD-4097-8E2F-3A063EFF32FD} = {CA585D43-7DF3-4486-B9B5-8DAA812716C3}
		{C56AABEF-C01E-493F-A65F-09A572FE9B2E} = {CA585D43-7DF3-4486-B9B5-8DAA812716C3}
		{25FAECC1-55F0-4608-88BD-4207A7F993B0} = {CA585D43-7DF3-4486-B9B5-8DAA812716C3}
		{C93D746E-1586-4D4F-B411-BF5A966E6A08} = {CA585D43-7DF3-4486-B9B5-8DAA812716C3}
		{BB222124-707C-5EFD-8289-2728351FB7AA} = {4671F602-D5E2-4F4E-B942-3357C33C92E2}
		{8882BDAF-FE52-4A39-B1F2-84C3F061D5A7} = {8BD709BF-8C11-4CBA-9A7D-CC2CC639BD4F}
		{45A27C6A-1831-4E0D-84C2-FB3893E7FBE5} = {8BD709BF-8C11-4CBA-9A7D-CC2CC639BD4F}
		{3A70B9B8-BBAB-47EA-8473-B7A0B4961D56} = {CA585D43-7DF3-4486-B9B5-8DAA812716C3}
		{69B08E08-10DC-473C-BCB7-3B0C398F63CF} = {CD9D4CF9-BD98-4D57-A5EF-EA5C3C75CB0C}
		{959D076C-8127-4FEE-9737-0F8FDE5A0E09} = {CA585D43-7DF3-4486-B9B5-8DAA812716C3}
		{28F22125-F07D-5EF2-8289-4998351FBAA4} = {4671F602-D5E2-4F4E-B942-3357C33C92E2}
		{D3F10ED0-2A3F-45D5-8524-0D562905778B} = {4671F602-D5E2-4F4E-B942-3357C33C92E2}
	EndGlobalSection
EndGlobal
