Microsoft Visual Studio Solution File, Format Version 12.00
# Visual Studio Version 16
VisualStudioVersion = 16.0.31321.278
MinimumVisualStudioVersion = 10.0.40219.1
# First GUID in the "Project" lines below describes the "project type" and the last one is a random project GUID.
# The types are constants defined in MSBuild source files:
# * Solution Folder:                      2150E333-8FDC-42A3-9474-1A3956D46DE8 (solutionFolderGuid)
# * .NET Framework (old) CS project:      FAE04EC0-301F-11D3-BF4B-00C04F79EFBC (csProjectGuid)
# * .NET (new) CS project:                9A19103F-16F7-4668-BE54-9A1E7A4F7556 (cpsCsProjectGuid)
Project("{2150E333-8FDC-42A3-9474-1A3956D46DE8}") = "Plugins", "Plugins", "{8BD709BF-8C11-4CBA-9A7D-CC2CC639BD4F}"
EndProject
Project("{2150E333-8FDC-42A3-9474-1A3956D46DE8}") = "Tests", "Tests", "{CD9D4CF9-BD98-4D57-A5EF-EA5C3C75CB0C}"
EndProject
Project("{2150E333-8FDC-42A3-9474-1A3956D46DE8}") = "Cores", "Cores", "{4671F602-D5E2-4F4E-B942-3357C33C92E2}"
EndProject
Project("{2150E333-8FDC-42A3-9474-1A3956D46DE8}") = "Extensions", "Extensions", "{A3A699EA-42CE-4D7B-9D79-1F686D6A083B}"
EndProject
Project("{2150E333-8FDC-42A3-9474-1A3956D46DE8}") = "Libraries", "Libraries", "{CA585D43-7DF3-4486-B9B5-8DAA812716C3}"
EndProject
Project("{9A19103F-16F7-4668-BE54-9A1E7A4F7556}") = "cores-arm_NET", "src\Infrastructure\src\Emulator\Cores\cores-arm_NET.csproj", "{590B2A6B-F404-4268-BB76-82A8B0FC6ED9}"
EndProject
Project("{9A19103F-16F7-4668-BE54-9A1E7A4F7556}") = "cores-arm-m_NET", "src\Infrastructure\src\Emulator\Cores\cores-arm-m_NET.csproj", "{97299BB4-0BB3-4318-A4F1-BC7089C994CB}"
EndProject
Project("{9A19103F-16F7-4668-BE54-9A1E7A4F7556}") = "cores-arm64_NET", "src\Infrastructure\src\Emulator\Cores\cores-arm64_NET.csproj", "{220080D2-A102-018B-F7D9-FF971F0400F1}"
EndProject
Project("{9A19103F-16F7-4668-BE54-9A1E7A4F7556}") = "cores-i386_NET", "src\Infrastructure\src\Emulator\Cores\cores-i386_NET.csproj", "{D1C68C46-AC88-4CD1-B792-BE814C5DAE96}"
Project("{9A19103F-16F7-4668-BE54-9A1E7A4F7556}") = "cores-x86_64_NET", "src\Infrastructure\src\Emulator\Cores\cores-x86_64_NET.csproj", "{A3222114-707C-4EFD-8289-2728351FB7E9}"
EndProject
Project("{9A19103F-16F7-4668-BE54-9A1E7A4F7556}") = "cores-ppc_NET", "src\Infrastructure\src\Emulator\Cores\cores-ppc_NET.csproj", "{2590E77B-C888-4C62-8165-C4FA96762B16}"
EndProject
Project("{9A19103F-16F7-4668-BE54-9A1E7A4F7556}") = "cores-ppc64_NET", "src\Infrastructure\src\Emulator\Cores\cores-ppc64_NET.csproj", "{1B1CA3D3-C919-4814-AB8D-62EB580662C8}"
EndProject
Project("{9A19103F-16F7-4668-BE54-9A1E7A4F7556}") = "cores-riscv_NET", "src\Infrastructure\src\Emulator\Cores\cores-riscv_NET.csproj", "{14D0DFAF-E2BA-4F1D-A6C6-87E4085AC622}"
EndProject
Project("{9A19103F-16F7-4668-BE54-9A1E7A4F7556}") = "cores-riscv64_NET", "src\Infrastructure\src\Emulator\Cores\cores-riscv64_NET.csproj", "{DC2DCED6-1919-46EF-A05F-9ADEE4D8D21B}"
EndProject
Project("{9A19103F-16F7-4668-BE54-9A1E7A4F7556}") = "cores-sparc_NET", "src\Infrastructure\src\Emulator\Cores\cores-sparc_NET.csproj", "{77B2EB1F-CF1A-4404-B8C4-A5C1039323E9}"
EndProject
Project("{9A19103F-16F7-4668-BE54-9A1E7A4F7556}") = "cores-xtensa_NET", "src\Infrastructure\src\Emulator\Cores\cores-xtensa_NET.csproj", "{B83F88C1-35CB-4A41-A1B2-3EA252300C11}"
EndProject
Project("{9A19103F-16F7-4668-BE54-9A1E7A4F7556}") = "Extensions_NET", "src\Infrastructure\src\Emulator\Extensions\Extensions_NET.csproj", "{F3128741-9E90-4FAD-B164-1799FF15CBF5}"
EndProject
Project("{9A19103F-16F7-4668-BE54-9A1E7A4F7556}") = "Peripherals_NET", "src\Infrastructure\src\Emulator\Peripherals\Peripherals_NET.csproj", "{7908F8C9-FE86-4FAD-AA16-67E3AD5607DE}"
EndProject
Project("{9A19103F-16F7-4668-BE54-9A1E7A4F7556}") = "AntShell", "lib\AntShell\AntShell\AntShell_NET.csproj", "{99AD8BD7-93B4-4CC0-A161-5F0C16211D1D}"
EndProject
Project("{9A19103F-16F7-4668-BE54-9A1E7A4F7556}") = "BigGustave", "lib\BigGustave\src\BigGustave\BigGustave_NET.csproj", "{4EF28705-CE68-4377-821B-80388FEEC687}"
EndProject
Project("{9A19103F-16F7-4668-BE54-9A1E7A4F7556}") = "crypto", "lib\bc-csharp\crypto\crypto_NET.csproj", "{45473847-8AF8-4BAF-B768-442C6875B8CF}"
EndProject
Project("{9A19103F-16F7-4668-BE54-9A1E7A4F7556}") = "CxxDemangler", "lib\CxxDemangler\CxxDemangler\CxxDemangler_NET.csproj", "{CC3857B3-1CE3-4ABF-BC07-6445F9269DA1}"
EndProject
Project("{9A19103F-16F7-4668-BE54-9A1E7A4F7556}") = "ELFSharp", "lib\ELFSharp\ELFSharp\ELFSharp_NET.csproj", "{E296EC7C-D68F-4AA8-9FD7-E2828BAD0ABE}"
EndProject
Project("{9A19103F-16F7-4668-BE54-9A1E7A4F7556}") = "FdtSharp", "lib\FdtSharp\FdtSharp\FdtSharp_NET.csproj", "{FE4B9F4F-76E3-497D-B26B-40BA0D20FCF1}"
EndProject
Project("{9A19103F-16F7-4668-BE54-9A1E7A4F7556}") = "Migrant", "lib\Migrant\Migrant\Migrant_NET.csproj", "{0F18F980-54AA-4C54-8282-0A079678E2CD}"
EndProject
Project("{9A19103F-16F7-4668-BE54-9A1E7A4F7556}") = "OptionsParser", "lib\options-parser\OptionsParser_NET.csproj", "{993ED4ED-D6C4-4B5A-8DC1-4DE4AA6C4826}"
EndProject
Project("{9A19103F-16F7-4668-BE54-9A1E7A4F7556}") = "PacketDotNet", "lib\Packet.Net\PacketDotNet\PacketDotNet_NET.csproj", "{E7B8BFDB-6432-4321-83A3-42FCE8775436}"
EndProject
Project("{9A19103F-16F7-4668-BE54-9A1E7A4F7556}") = "TermSharp", "lib\termsharp\TermSharp_NET.csproj", "{F204E8AC-FF7D-4F6A-9442-61E7A3538505}"
EndProject
Project("{9A19103F-16F7-4668-BE54-9A1E7A4F7556}") = "Xwt", "lib\termsharp\xwt\Xwt\Xwt_NET.csproj", "{DCFA213D-1D5A-43F8-90F2-0A015299D1DA}"
EndProject
Project("{9A19103F-16F7-4668-BE54-9A1E7A4F7556}") = "Xwt.Gtk3", "lib\termsharp\xwt\Xwt.Gtk\Xwt.Gtk3_NET.csproj", "{3B25FD1F-CEBA-4450-8893-DC330FDB56A7}"
EndProject
Project("{9A19103F-16F7-4668-BE54-9A1E7A4F7556}") = "CoSimulationPlugin_NET", "src\Plugins\CoSimulationPlugin\CoSimulationPlugin_NET.csproj", "{A244A988-6ADC-4B90-912B-D66C680FA962}"
EndProject
Project("{9A19103F-16F7-4668-BE54-9A1E7A4F7556}") = "WiresharkPlugin_NET", "src\Plugins\WiresharkPlugin\WiresharkPlugin_NET.csproj", "{1FBC3B41-D61C-4528-8BA5-20EBA17C9031}"
EndProject
Project("{9A19103F-16F7-4668-BE54-9A1E7A4F7556}") = "SystemCPlugin_NET", "src\Plugins\SystemCPlugin\SystemCPlugin_NET.csproj", "{D7CEC81D-8BF1-4B3E-8B6A-5D7B3CA0C2F2}"
EndProject
Project("{9A19103F-16F7-4668-BE54-9A1E7A4F7556}") = "SampleCommandPlugin_NET", "src\Infrastructure\src\Plugins\SampleCommandPlugin\SampleCommandPlugin_NET.csproj", "{78DBBFB9-7193-4ABC-BE9F-DA839693C23A}"
EndProject
Project("{9A19103F-16F7-4668-BE54-9A1E7A4F7556}") = "TracePlugin_NET", "src\Infrastructure\src\Plugins\TracePlugin\TracePlugin_NET.csproj", "{2DB2469A-9F2E-4BA8-A4A0-333E4A319AF0}"
EndProject
Project("{9A19103F-16F7-4668-BE54-9A1E7A4F7556}") = "MonitorTests_NET", "src\Infrastructure\src\Emulator\Extensions\MonitorTests\MonitorTests_NET.csproj", "{101B7A46-D5A6-41DE-ADC3-36939FF62942}"
EndProject
Project("{9A19103F-16F7-4668-BE54-9A1E7A4F7556}") = "OptionsParserTests", "lib\options-parser\OptionsParserTests_NET.csproj", "{16DBE3C1-83C5-4472-85AC-CF654E4559AD}"
EndProject
Project("{9A19103F-16F7-4668-BE54-9A1E7A4F7556}") = "PeripheralsTests_NET", "src\Infrastructure\src\Emulator\Peripherals\Test\PeripheralsTests\PeripheralsTests_NET.csproj", "{EE62FCD8-B2F8-45B5-8E61-7D0E210A3708}"
EndProject
Project("{9A19103F-16F7-4668-BE54-9A1E7A4F7556}") = "RenodeTests_NET", "tests\unit-tests\RenodeTests\RenodeTests_NET.csproj", "{41219131-67B0-49AC-9265-A64EFC662B40}"
EndProject
Project("{9A19103F-16F7-4668-BE54-9A1E7A4F7556}") = "UnitTests_NET", "src\Infrastructure\src\Emulator\Main\Tests\UnitTests\UnitTests_NET.csproj", "{687F17E8-940B-4FF9-87AA-DF3E5AE02EFD}"
EndProject
Project("{9A19103F-16F7-4668-BE54-9A1E7A4F7556}") = "Emulator_NET", "src\Infrastructure\src\Emulator\Main\Emulator_NET.csproj", "{25364476-0D3E-4157-A3D5-8AFE3613125F}"
EndProject
Project("{9A19103F-16F7-4668-BE54-9A1E7A4F7556}") = "libtftp_alt", "lib\InpliTftpServer\libtftp\libtftp_alt_NET.csproj", "{5EF7FEA1-B17A-4C06-A720-02D9A33A0653}"
EndProject
Project("{9A19103F-16F7-4668-BE54-9A1E7A4F7556}") = "Renode_NET", "src\Renode\Renode_NET.csproj", "{0256DD7D-7962-4450-AF11-EA762F5BB57F}"
EndProject
Project("{9A19103F-16F7-4668-BE54-9A1E7A4F7556}") = "UI_NET", "src\Infrastructure\src\UI\UI_NET.csproj", "{1DE9E2B8-3CB2-4F79-BEA7-B10AAE1A398E}"
EndProject
Project("{2150E333-8FDC-42A3-9474-1A3956D46DE8}") = "src", "src", "{DFDAE07D-D5F1-4C9E-99F2-98E57E36D0E0}"
EndProject
Project("{2150E333-8FDC-42A3-9474-1A3956D46DE8}") = "Infrastructure", "Infrastructure", "{683A80BF-80F4-4013-A3B8-F614C6BDE371}"
EndProject
Project("{2150E333-8FDC-42A3-9474-1A3956D46DE8}") = "src", "src", "{F8A034B1-54DB-4EA9-9776-88610AE3DBB3}"
EndProject
Project("{2150E333-8FDC-42A3-9474-1A3956D46DE8}") = "Emulator", "Emulator", "{EA6A40C6-B8AD-4079-BDA9-EBFA2588D78D}"
EndProject
Global
	GlobalSection(SolutionConfigurationPlatforms) = preSolution
		Debug|Any CPU = Debug|Any CPU
		DebugHeadless|Any CPU = DebugHeadless|Any CPU
		DebugMono|Any CPU = DebugMono|Any CPU
		DebugWindows|Any CPU = DebugWindows|Any CPU
		Release|Any CPU = Release|Any CPU
		ReleaseHeadless|Any CPU = ReleaseHeadless|Any CPU
		ReleaseMono|Any CPU = ReleaseMono|Any CPU
		ReleaseWindows|Any CPU = ReleaseWindows|Any CPU
	EndGlobalSection
	GlobalSection(ProjectConfigurationPlatforms) = postSolution
		{590B2A6B-F404-4268-BB76-82A8B0FC6ED9}.Debug|Any CPU.ActiveCfg = Debug|Any CPU
		{590B2A6B-F404-4268-BB76-82A8B0FC6ED9}.Debug|Any CPU.Build.0 = Debug|Any CPU
		{590B2A6B-F404-4268-BB76-82A8B0FC6ED9}.DebugHeadless|Any CPU.ActiveCfg = Debug|Any CPU
		{590B2A6B-F404-4268-BB76-82A8B0FC6ED9}.DebugHeadless|Any CPU.Build.0 = Debug|Any CPU
		{590B2A6B-F404-4268-BB76-82A8B0FC6ED9}.DebugMono|Any CPU.ActiveCfg = Debug|Any CPU
		{590B2A6B-F404-4268-BB76-82A8B0FC6ED9}.DebugMono|Any CPU.Build.0 = Debug|Any CPU
		{590B2A6B-F404-4268-BB76-82A8B0FC6ED9}.DebugWindows|Any CPU.ActiveCfg = Debug|Any CPU
		{590B2A6B-F404-4268-BB76-82A8B0FC6ED9}.DebugWindows|Any CPU.Build.0 = Debug|Any CPU
		{590B2A6B-F404-4268-BB76-82A8B0FC6ED9}.Release|Any CPU.ActiveCfg = Release|Any CPU
		{590B2A6B-F404-4268-BB76-82A8B0FC6ED9}.Release|Any CPU.Build.0 = Release|Any CPU
		{590B2A6B-F404-4268-BB76-82A8B0FC6ED9}.ReleaseHeadless|Any CPU.ActiveCfg = Release|Any CPU
		{590B2A6B-F404-4268-BB76-82A8B0FC6ED9}.ReleaseHeadless|Any CPU.Build.0 = Release|Any CPU
		{590B2A6B-F404-4268-BB76-82A8B0FC6ED9}.ReleaseMono|Any CPU.ActiveCfg = Release|Any CPU
		{590B2A6B-F404-4268-BB76-82A8B0FC6ED9}.ReleaseMono|Any CPU.Build.0 = Release|Any CPU
		{590B2A6B-F404-4268-BB76-82A8B0FC6ED9}.ReleaseWindows|Any CPU.ActiveCfg = Release|Any CPU
		{590B2A6B-F404-4268-BB76-82A8B0FC6ED9}.ReleaseWindows|Any CPU.Build.0 = Release|Any CPU
		{97299BB4-0BB3-4318-A4F1-BC7089C994CB}.Debug|Any CPU.ActiveCfg = Debug|Any CPU
		{97299BB4-0BB3-4318-A4F1-BC7089C994CB}.Debug|Any CPU.Build.0 = Debug|Any CPU
		{97299BB4-0BB3-4318-A4F1-BC7089C994CB}.DebugHeadless|Any CPU.ActiveCfg = Debug|Any CPU
		{97299BB4-0BB3-4318-A4F1-BC7089C994CB}.DebugHeadless|Any CPU.Build.0 = Debug|Any CPU
		{97299BB4-0BB3-4318-A4F1-BC7089C994CB}.DebugMono|Any CPU.ActiveCfg = Debug|Any CPU
		{97299BB4-0BB3-4318-A4F1-BC7089C994CB}.DebugMono|Any CPU.Build.0 = Debug|Any CPU
		{97299BB4-0BB3-4318-A4F1-BC7089C994CB}.DebugWindows|Any CPU.ActiveCfg = Debug|Any CPU
		{97299BB4-0BB3-4318-A4F1-BC7089C994CB}.DebugWindows|Any CPU.Build.0 = Debug|Any CPU
		{97299BB4-0BB3-4318-A4F1-BC7089C994CB}.Release|Any CPU.ActiveCfg = Release|Any CPU
		{97299BB4-0BB3-4318-A4F1-BC7089C994CB}.Release|Any CPU.Build.0 = Release|Any CPU
		{97299BB4-0BB3-4318-A4F1-BC7089C994CB}.ReleaseHeadless|Any CPU.ActiveCfg = Release|Any CPU
		{97299BB4-0BB3-4318-A4F1-BC7089C994CB}.ReleaseHeadless|Any CPU.Build.0 = Release|Any CPU
		{97299BB4-0BB3-4318-A4F1-BC7089C994CB}.ReleaseMono|Any CPU.ActiveCfg = Release|Any CPU
		{97299BB4-0BB3-4318-A4F1-BC7089C994CB}.ReleaseMono|Any CPU.Build.0 = Release|Any CPU
		{97299BB4-0BB3-4318-A4F1-BC7089C994CB}.ReleaseWindows|Any CPU.ActiveCfg = Release|Any CPU
		{97299BB4-0BB3-4318-A4F1-BC7089C994CB}.ReleaseWindows|Any CPU.Build.0 = Release|Any CPU
		{220080D2-A102-018B-F7D9-FF971F0400F1}.Debug|Any CPU.ActiveCfg = Debug|Any CPU
		{220080D2-A102-018B-F7D9-FF971F0400F1}.Debug|Any CPU.Build.0 = Debug|Any CPU
		{220080D2-A102-018B-F7D9-FF971F0400F1}.DebugHeadless|Any CPU.ActiveCfg = Debug|Any CPU
		{220080D2-A102-018B-F7D9-FF971F0400F1}.DebugHeadless|Any CPU.Build.0 = Debug|Any CPU
		{220080D2-A102-018B-F7D9-FF971F0400F1}.DebugMono|Any CPU.ActiveCfg = Debug|Any CPU
		{220080D2-A102-018B-F7D9-FF971F0400F1}.DebugMono|Any CPU.Build.0 = Debug|Any CPU
		{220080D2-A102-018B-F7D9-FF971F0400F1}.DebugWindows|Any CPU.ActiveCfg = Debug|Any CPU
		{220080D2-A102-018B-F7D9-FF971F0400F1}.DebugWindows|Any CPU.Build.0 = Debug|Any CPU
		{220080D2-A102-018B-F7D9-FF971F0400F1}.Release|Any CPU.ActiveCfg = Release|Any CPU
		{220080D2-A102-018B-F7D9-FF971F0400F1}.Release|Any CPU.Build.0 = Release|Any CPU
		{220080D2-A102-018B-F7D9-FF971F0400F1}.ReleaseHeadless|Any CPU.ActiveCfg = Release|Any CPU
		{220080D2-A102-018B-F7D9-FF971F0400F1}.ReleaseHeadless|Any CPU.Build.0 = Release|Any CPU
		{220080D2-A102-018B-F7D9-FF971F0400F1}.ReleaseMono|Any CPU.ActiveCfg = Release|Any CPU
		{220080D2-A102-018B-F7D9-FF971F0400F1}.ReleaseMono|Any CPU.Build.0 = Release|Any CPU
		{220080D2-A102-018B-F7D9-FF971F0400F1}.ReleaseWindows|Any CPU.ActiveCfg = Release|Any CPU
		{220080D2-A102-018B-F7D9-FF971F0400F1}.ReleaseWindows|Any CPU.Build.0 = Release|Any CPU
		{D1C68C46-AC88-4CD1-B792-BE814C5DAE96}.Debug|Any CPU.ActiveCfg = Debug|Any CPU
		{D1C68C46-AC88-4CD1-B792-BE814C5DAE96}.Debug|Any CPU.Build.0 = Debug|Any CPU
		{D1C68C46-AC88-4CD1-B792-BE814C5DAE96}.DebugHeadless|Any CPU.ActiveCfg = Debug|Any CPU
		{D1C68C46-AC88-4CD1-B792-BE814C5DAE96}.DebugHeadless|Any CPU.Build.0 = Debug|Any CPU
		{D1C68C46-AC88-4CD1-B792-BE814C5DAE96}.DebugMono|Any CPU.ActiveCfg = Debug|Any CPU
		{D1C68C46-AC88-4CD1-B792-BE814C5DAE96}.DebugMono|Any CPU.Build.0 = Debug|Any CPU
		{D1C68C46-AC88-4CD1-B792-BE814C5DAE96}.DebugWindows|Any CPU.ActiveCfg = Debug|Any CPU
		{D1C68C46-AC88-4CD1-B792-BE814C5DAE96}.DebugWindows|Any CPU.Build.0 = Debug|Any CPU
		{D1C68C46-AC88-4CD1-B792-BE814C5DAE96}.Release|Any CPU.ActiveCfg = Release|Any CPU
		{D1C68C46-AC88-4CD1-B792-BE814C5DAE96}.Release|Any CPU.Build.0 = Release|Any CPU
		{D1C68C46-AC88-4CD1-B792-BE814C5DAE96}.ReleaseHeadless|Any CPU.ActiveCfg = Release|Any CPU
		{D1C68C46-AC88-4CD1-B792-BE814C5DAE96}.ReleaseHeadless|Any CPU.Build.0 = Release|Any CPU
		{D1C68C46-AC88-4CD1-B792-BE814C5DAE96}.ReleaseMono|Any CPU.ActiveCfg = Release|Any CPU
		{D1C68C46-AC88-4CD1-B792-BE814C5DAE96}.ReleaseMono|Any CPU.Build.0 = Release|Any CPU
		{D1C68C46-AC88-4CD1-B792-BE814C5DAE96}.ReleaseWindows|Any CPU.ActiveCfg = Release|Any CPU
		{D1C68C46-AC88-4CD1-B792-BE814C5DAE96}.ReleaseWindows|Any CPU.Build.0 = Release|Any CPU
		{A3222114-707C-4EFD-8289-2728351FB7E9}.Debug|Any CPU.ActiveCfg = Debug|Any CPU
		{A3222114-707C-4EFD-8289-2728351FB7E9}.Debug|Any CPU.Build.0 = Debug|Any CPU
		{A3222114-707C-4EFD-8289-2728351FB7E9}.DebugHeadless|Any CPU.ActiveCfg = Debug|Any CPU
		{A3222114-707C-4EFD-8289-2728351FB7E9}.DebugHeadless|Any CPU.Build.0 = Debug|Any CPU
		{A3222114-707C-4EFD-8289-2728351FB7E9}.DebugMono|Any CPU.ActiveCfg = Debug|Any CPU
		{A3222114-707C-4EFD-8289-2728351FB7E9}.DebugMono|Any CPU.Build.0 = Debug|Any CPU
		{A3222114-707C-4EFD-8289-2728351FB7E9}.DebugWindows|Any CPU.ActiveCfg = Debug|Any CPU
		{A3222114-707C-4EFD-8289-2728351FB7E9}.DebugWindows|Any CPU.Build.0 = Debug|Any CPU
		{A3222114-707C-4EFD-8289-2728351FB7E9}.Release|Any CPU.ActiveCfg = Release|Any CPU
		{A3222114-707C-4EFD-8289-2728351FB7E9}.Release|Any CPU.Build.0 = Release|Any CPU
		{A3222114-707C-4EFD-8289-2728351FB7E9}.ReleaseHeadless|Any CPU.ActiveCfg = Release|Any CPU
		{A3222114-707C-4EFD-8289-2728351FB7E9}.ReleaseHeadless|Any CPU.Build.0 = Release|Any CPU
		{A3222114-707C-4EFD-8289-2728351FB7E9}.ReleaseMono|Any CPU.ActiveCfg = Release|Any CPU
		{A3222114-707C-4EFD-8289-2728351FB7E9}.ReleaseMono|Any CPU.Build.0 = Release|Any CPU
		{A3222114-707C-4EFD-8289-2728351FB7E9}.ReleaseWindows|Any CPU.ActiveCfg = Release|Any CPU
		{A3222114-707C-4EFD-8289-2728351FB7E9}.ReleaseWindows|Any CPU.Build.0 = Release|Any CPU
		{2590E77B-C888-4C62-8165-C4FA96762B16}.Debug|Any CPU.ActiveCfg = Debug|Any CPU
		{2590E77B-C888-4C62-8165-C4FA96762B16}.Debug|Any CPU.Build.0 = Debug|Any CPU
		{2590E77B-C888-4C62-8165-C4FA96762B16}.DebugHeadless|Any CPU.ActiveCfg = Debug|Any CPU
		{2590E77B-C888-4C62-8165-C4FA96762B16}.DebugHeadless|Any CPU.Build.0 = Debug|Any CPU
		{2590E77B-C888-4C62-8165-C4FA96762B16}.DebugMono|Any CPU.ActiveCfg = Debug|Any CPU
		{2590E77B-C888-4C62-8165-C4FA96762B16}.DebugMono|Any CPU.Build.0 = Debug|Any CPU
		{2590E77B-C888-4C62-8165-C4FA96762B16}.DebugWindows|Any CPU.ActiveCfg = Debug|Any CPU
		{2590E77B-C888-4C62-8165-C4FA96762B16}.DebugWindows|Any CPU.Build.0 = Debug|Any CPU
		{2590E77B-C888-4C62-8165-C4FA96762B16}.Release|Any CPU.ActiveCfg = Release|Any CPU
		{2590E77B-C888-4C62-8165-C4FA96762B16}.Release|Any CPU.Build.0 = Release|Any CPU
		{2590E77B-C888-4C62-8165-C4FA96762B16}.ReleaseHeadless|Any CPU.ActiveCfg = Release|Any CPU
		{2590E77B-C888-4C62-8165-C4FA96762B16}.ReleaseHeadless|Any CPU.Build.0 = Release|Any CPU
		{2590E77B-C888-4C62-8165-C4FA96762B16}.ReleaseMono|Any CPU.ActiveCfg = Release|Any CPU
		{2590E77B-C888-4C62-8165-C4FA96762B16}.ReleaseMono|Any CPU.Build.0 = Release|Any CPU
		{2590E77B-C888-4C62-8165-C4FA96762B16}.ReleaseWindows|Any CPU.ActiveCfg = Release|Any CPU
		{2590E77B-C888-4C62-8165-C4FA96762B16}.ReleaseWindows|Any CPU.Build.0 = Release|Any CPU
		{1B1CA3D3-C919-4814-AB8D-62EB580662C8}.Debug|Any CPU.ActiveCfg = Debug|Any CPU
		{1B1CA3D3-C919-4814-AB8D-62EB580662C8}.Debug|Any CPU.Build.0 = Debug|Any CPU
		{1B1CA3D3-C919-4814-AB8D-62EB580662C8}.DebugHeadless|Any CPU.ActiveCfg = Debug|Any CPU
		{1B1CA3D3-C919-4814-AB8D-62EB580662C8}.DebugHeadless|Any CPU.Build.0 = Debug|Any CPU
		{1B1CA3D3-C919-4814-AB8D-62EB580662C8}.DebugMono|Any CPU.ActiveCfg = Debug|Any CPU
		{1B1CA3D3-C919-4814-AB8D-62EB580662C8}.DebugMono|Any CPU.Build.0 = Debug|Any CPU
		{1B1CA3D3-C919-4814-AB8D-62EB580662C8}.DebugWindows|Any CPU.ActiveCfg = Debug|Any CPU
		{1B1CA3D3-C919-4814-AB8D-62EB580662C8}.DebugWindows|Any CPU.Build.0 = Debug|Any CPU
		{1B1CA3D3-C919-4814-AB8D-62EB580662C8}.Release|Any CPU.ActiveCfg = Release|Any CPU
		{1B1CA3D3-C919-4814-AB8D-62EB580662C8}.Release|Any CPU.Build.0 = Release|Any CPU
		{1B1CA3D3-C919-4814-AB8D-62EB580662C8}.ReleaseHeadless|Any CPU.ActiveCfg = Release|Any CPU
		{1B1CA3D3-C919-4814-AB8D-62EB580662C8}.ReleaseHeadless|Any CPU.Build.0 = Release|Any CPU
		{1B1CA3D3-C919-4814-AB8D-62EB580662C8}.ReleaseMono|Any CPU.ActiveCfg = Release|Any CPU
		{1B1CA3D3-C919-4814-AB8D-62EB580662C8}.ReleaseMono|Any CPU.Build.0 = Release|Any CPU
		{1B1CA3D3-C919-4814-AB8D-62EB580662C8}.ReleaseWindows|Any CPU.ActiveCfg = Release|Any CPU
		{1B1CA3D3-C919-4814-AB8D-62EB580662C8}.ReleaseWindows|Any CPU.Build.0 = Release|Any CPU
		{14D0DFAF-E2BA-4F1D-A6C6-87E4085AC622}.Debug|Any CPU.ActiveCfg = Debug|Any CPU
		{14D0DFAF-E2BA-4F1D-A6C6-87E4085AC622}.Debug|Any CPU.Build.0 = Debug|Any CPU
		{14D0DFAF-E2BA-4F1D-A6C6-87E4085AC622}.DebugHeadless|Any CPU.ActiveCfg = Debug|Any CPU
		{14D0DFAF-E2BA-4F1D-A6C6-87E4085AC622}.DebugHeadless|Any CPU.Build.0 = Debug|Any CPU
		{14D0DFAF-E2BA-4F1D-A6C6-87E4085AC622}.DebugMono|Any CPU.ActiveCfg = Debug|Any CPU
		{14D0DFAF-E2BA-4F1D-A6C6-87E4085AC622}.DebugMono|Any CPU.Build.0 = Debug|Any CPU
		{14D0DFAF-E2BA-4F1D-A6C6-87E4085AC622}.DebugWindows|Any CPU.ActiveCfg = Debug|Any CPU
		{14D0DFAF-E2BA-4F1D-A6C6-87E4085AC622}.DebugWindows|Any CPU.Build.0 = Debug|Any CPU
		{14D0DFAF-E2BA-4F1D-A6C6-87E4085AC622}.Release|Any CPU.ActiveCfg = Release|Any CPU
		{14D0DFAF-E2BA-4F1D-A6C6-87E4085AC622}.Release|Any CPU.Build.0 = Release|Any CPU
		{14D0DFAF-E2BA-4F1D-A6C6-87E4085AC622}.ReleaseHeadless|Any CPU.ActiveCfg = Release|Any CPU
		{14D0DFAF-E2BA-4F1D-A6C6-87E4085AC622}.ReleaseHeadless|Any CPU.Build.0 = Release|Any CPU
		{14D0DFAF-E2BA-4F1D-A6C6-87E4085AC622}.ReleaseMono|Any CPU.ActiveCfg = Release|Any CPU
		{14D0DFAF-E2BA-4F1D-A6C6-87E4085AC622}.ReleaseMono|Any CPU.Build.0 = Release|Any CPU
		{14D0DFAF-E2BA-4F1D-A6C6-87E4085AC622}.ReleaseWindows|Any CPU.ActiveCfg = Release|Any CPU
		{14D0DFAF-E2BA-4F1D-A6C6-87E4085AC622}.ReleaseWindows|Any CPU.Build.0 = Release|Any CPU
		{DC2DCED6-1919-46EF-A05F-9ADEE4D8D21B}.Debug|Any CPU.ActiveCfg = Debug|Any CPU
		{DC2DCED6-1919-46EF-A05F-9ADEE4D8D21B}.Debug|Any CPU.Build.0 = Debug|Any CPU
		{DC2DCED6-1919-46EF-A05F-9ADEE4D8D21B}.DebugHeadless|Any CPU.ActiveCfg = Debug|Any CPU
		{DC2DCED6-1919-46EF-A05F-9ADEE4D8D21B}.DebugHeadless|Any CPU.Build.0 = Debug|Any CPU
		{DC2DCED6-1919-46EF-A05F-9ADEE4D8D21B}.DebugMono|Any CPU.ActiveCfg = Debug|Any CPU
		{DC2DCED6-1919-46EF-A05F-9ADEE4D8D21B}.DebugMono|Any CPU.Build.0 = Debug|Any CPU
		{DC2DCED6-1919-46EF-A05F-9ADEE4D8D21B}.DebugWindows|Any CPU.ActiveCfg = Debug|Any CPU
		{DC2DCED6-1919-46EF-A05F-9ADEE4D8D21B}.DebugWindows|Any CPU.Build.0 = Debug|Any CPU
		{DC2DCED6-1919-46EF-A05F-9ADEE4D8D21B}.Release|Any CPU.ActiveCfg = Release|Any CPU
		{DC2DCED6-1919-46EF-A05F-9ADEE4D8D21B}.Release|Any CPU.Build.0 = Release|Any CPU
		{DC2DCED6-1919-46EF-A05F-9ADEE4D8D21B}.ReleaseHeadless|Any CPU.ActiveCfg = Release|Any CPU
		{DC2DCED6-1919-46EF-A05F-9ADEE4D8D21B}.ReleaseHeadless|Any CPU.Build.0 = Release|Any CPU
		{DC2DCED6-1919-46EF-A05F-9ADEE4D8D21B}.ReleaseMono|Any CPU.ActiveCfg = Release|Any CPU
		{DC2DCED6-1919-46EF-A05F-9ADEE4D8D21B}.ReleaseMono|Any CPU.Build.0 = Release|Any CPU
		{DC2DCED6-1919-46EF-A05F-9ADEE4D8D21B}.ReleaseWindows|Any CPU.ActiveCfg = Release|Any CPU
		{DC2DCED6-1919-46EF-A05F-9ADEE4D8D21B}.ReleaseWindows|Any CPU.Build.0 = Release|Any CPU
		{77B2EB1F-CF1A-4404-B8C4-A5C1039323E9}.Debug|Any CPU.ActiveCfg = Debug|Any CPU
		{77B2EB1F-CF1A-4404-B8C4-A5C1039323E9}.Debug|Any CPU.Build.0 = Debug|Any CPU
		{77B2EB1F-CF1A-4404-B8C4-A5C1039323E9}.DebugHeadless|Any CPU.ActiveCfg = Debug|Any CPU
		{77B2EB1F-CF1A-4404-B8C4-A5C1039323E9}.DebugHeadless|Any CPU.Build.0 = Debug|Any CPU
		{77B2EB1F-CF1A-4404-B8C4-A5C1039323E9}.DebugMono|Any CPU.ActiveCfg = Debug|Any CPU
		{77B2EB1F-CF1A-4404-B8C4-A5C1039323E9}.DebugMono|Any CPU.Build.0 = Debug|Any CPU
		{77B2EB1F-CF1A-4404-B8C4-A5C1039323E9}.DebugWindows|Any CPU.ActiveCfg = Debug|Any CPU
		{77B2EB1F-CF1A-4404-B8C4-A5C1039323E9}.DebugWindows|Any CPU.Build.0 = Debug|Any CPU
		{77B2EB1F-CF1A-4404-B8C4-A5C1039323E9}.Release|Any CPU.ActiveCfg = Release|Any CPU
		{77B2EB1F-CF1A-4404-B8C4-A5C1039323E9}.Release|Any CPU.Build.0 = Release|Any CPU
		{77B2EB1F-CF1A-4404-B8C4-A5C1039323E9}.ReleaseHeadless|Any CPU.ActiveCfg = Release|Any CPU
		{77B2EB1F-CF1A-4404-B8C4-A5C1039323E9}.ReleaseHeadless|Any CPU.Build.0 = Release|Any CPU
		{77B2EB1F-CF1A-4404-B8C4-A5C1039323E9}.ReleaseMono|Any CPU.ActiveCfg = Release|Any CPU
		{77B2EB1F-CF1A-4404-B8C4-A5C1039323E9}.ReleaseMono|Any CPU.Build.0 = Release|Any CPU
		{77B2EB1F-CF1A-4404-B8C4-A5C1039323E9}.ReleaseWindows|Any CPU.ActiveCfg = Release|Any CPU
		{77B2EB1F-CF1A-4404-B8C4-A5C1039323E9}.ReleaseWindows|Any CPU.Build.0 = Release|Any CPU
		{F3128741-9E90-4FAD-B164-1799FF15CBF5}.Debug|Any CPU.ActiveCfg = Debug|Any CPU
		{F3128741-9E90-4FAD-B164-1799FF15CBF5}.Debug|Any CPU.Build.0 = Debug|Any CPU
		{F3128741-9E90-4FAD-B164-1799FF15CBF5}.DebugHeadless|Any CPU.ActiveCfg = Debug|Any CPU
		{F3128741-9E90-4FAD-B164-1799FF15CBF5}.DebugHeadless|Any CPU.Build.0 = Debug|Any CPU
		{F3128741-9E90-4FAD-B164-1799FF15CBF5}.DebugMono|Any CPU.ActiveCfg = Debug|Any CPU
		{F3128741-9E90-4FAD-B164-1799FF15CBF5}.DebugMono|Any CPU.Build.0 = Debug|Any CPU
		{F3128741-9E90-4FAD-B164-1799FF15CBF5}.DebugWindows|Any CPU.ActiveCfg = Debug|Any CPU
		{F3128741-9E90-4FAD-B164-1799FF15CBF5}.DebugWindows|Any CPU.Build.0 = Debug|Any CPU
		{F3128741-9E90-4FAD-B164-1799FF15CBF5}.Release|Any CPU.ActiveCfg = Release|Any CPU
		{F3128741-9E90-4FAD-B164-1799FF15CBF5}.Release|Any CPU.Build.0 = Release|Any CPU
		{F3128741-9E90-4FAD-B164-1799FF15CBF5}.ReleaseHeadless|Any CPU.ActiveCfg = Release|Any CPU
		{F3128741-9E90-4FAD-B164-1799FF15CBF5}.ReleaseHeadless|Any CPU.Build.0 = Release|Any CPU
		{F3128741-9E90-4FAD-B164-1799FF15CBF5}.ReleaseMono|Any CPU.ActiveCfg = Release|Any CPU
		{F3128741-9E90-4FAD-B164-1799FF15CBF5}.ReleaseMono|Any CPU.Build.0 = Release|Any CPU
		{F3128741-9E90-4FAD-B164-1799FF15CBF5}.ReleaseWindows|Any CPU.ActiveCfg = Release|Any CPU
		{F3128741-9E90-4FAD-B164-1799FF15CBF5}.ReleaseWindows|Any CPU.Build.0 = Release|Any CPU
		{7908F8C9-FE86-4FAD-AA16-67E3AD5607DE}.Debug|Any CPU.ActiveCfg = Debug|Any CPU
		{7908F8C9-FE86-4FAD-AA16-67E3AD5607DE}.Debug|Any CPU.Build.0 = Debug|Any CPU
		{7908F8C9-FE86-4FAD-AA16-67E3AD5607DE}.DebugHeadless|Any CPU.ActiveCfg = Debug|Any CPU
		{7908F8C9-FE86-4FAD-AA16-67E3AD5607DE}.DebugHeadless|Any CPU.Build.0 = Debug|Any CPU
		{7908F8C9-FE86-4FAD-AA16-67E3AD5607DE}.DebugMono|Any CPU.ActiveCfg = Debug|Any CPU
		{7908F8C9-FE86-4FAD-AA16-67E3AD5607DE}.DebugMono|Any CPU.Build.0 = Debug|Any CPU
		{7908F8C9-FE86-4FAD-AA16-67E3AD5607DE}.DebugWindows|Any CPU.ActiveCfg = Debug|Any CPU
		{7908F8C9-FE86-4FAD-AA16-67E3AD5607DE}.DebugWindows|Any CPU.Build.0 = Debug|Any CPU
		{7908F8C9-FE86-4FAD-AA16-67E3AD5607DE}.Release|Any CPU.ActiveCfg = Release|Any CPU
		{7908F8C9-FE86-4FAD-AA16-67E3AD5607DE}.Release|Any CPU.Build.0 = Release|Any CPU
		{7908F8C9-FE86-4FAD-AA16-67E3AD5607DE}.ReleaseHeadless|Any CPU.ActiveCfg = Release|Any CPU
		{7908F8C9-FE86-4FAD-AA16-67E3AD5607DE}.ReleaseHeadless|Any CPU.Build.0 = Release|Any CPU
		{7908F8C9-FE86-4FAD-AA16-67E3AD5607DE}.ReleaseMono|Any CPU.ActiveCfg = Release|Any CPU
		{7908F8C9-FE86-4FAD-AA16-67E3AD5607DE}.ReleaseMono|Any CPU.Build.0 = Release|Any CPU
		{7908F8C9-FE86-4FAD-AA16-67E3AD5607DE}.ReleaseWindows|Any CPU.ActiveCfg = Release|Any CPU
		{7908F8C9-FE86-4FAD-AA16-67E3AD5607DE}.ReleaseWindows|Any CPU.Build.0 = Release|Any CPU
		{99AD8BD7-93B4-4CC0-A161-5F0C16211D1D}.Debug|Any CPU.ActiveCfg = Debug|Any CPU
		{99AD8BD7-93B4-4CC0-A161-5F0C16211D1D}.Debug|Any CPU.Build.0 = Debug|Any CPU
		{99AD8BD7-93B4-4CC0-A161-5F0C16211D1D}.DebugHeadless|Any CPU.ActiveCfg = Debug|Any CPU
		{99AD8BD7-93B4-4CC0-A161-5F0C16211D1D}.DebugHeadless|Any CPU.Build.0 = Debug|Any CPU
		{99AD8BD7-93B4-4CC0-A161-5F0C16211D1D}.DebugMono|Any CPU.ActiveCfg = Debug|Any CPU
		{99AD8BD7-93B4-4CC0-A161-5F0C16211D1D}.DebugMono|Any CPU.Build.0 = Debug|Any CPU
		{99AD8BD7-93B4-4CC0-A161-5F0C16211D1D}.DebugWindows|Any CPU.ActiveCfg = Debug|Any CPU
		{99AD8BD7-93B4-4CC0-A161-5F0C16211D1D}.DebugWindows|Any CPU.Build.0 = Debug|Any CPU
		{99AD8BD7-93B4-4CC0-A161-5F0C16211D1D}.Release|Any CPU.ActiveCfg = Release|Any CPU
		{99AD8BD7-93B4-4CC0-A161-5F0C16211D1D}.Release|Any CPU.Build.0 = Release|Any CPU
		{99AD8BD7-93B4-4CC0-A161-5F0C16211D1D}.ReleaseHeadless|Any CPU.ActiveCfg = Release|Any CPU
		{99AD8BD7-93B4-4CC0-A161-5F0C16211D1D}.ReleaseHeadless|Any CPU.Build.0 = Release|Any CPU
		{99AD8BD7-93B4-4CC0-A161-5F0C16211D1D}.ReleaseMono|Any CPU.ActiveCfg = Release|Any CPU
		{99AD8BD7-93B4-4CC0-A161-5F0C16211D1D}.ReleaseMono|Any CPU.Build.0 = Release|Any CPU
		{99AD8BD7-93B4-4CC0-A161-5F0C16211D1D}.ReleaseWindows|Any CPU.ActiveCfg = Release|Any CPU
		{99AD8BD7-93B4-4CC0-A161-5F0C16211D1D}.ReleaseWindows|Any CPU.Build.0 = Release|Any CPU
		{4EF28705-CE68-4377-821B-80388FEEC687}.Debug|Any CPU.ActiveCfg = Debug|Any CPU
		{4EF28705-CE68-4377-821B-80388FEEC687}.Debug|Any CPU.Build.0 = Debug|Any CPU
		{4EF28705-CE68-4377-821B-80388FEEC687}.DebugHeadless|Any CPU.ActiveCfg = Debug|Any CPU
		{4EF28705-CE68-4377-821B-80388FEEC687}.DebugHeadless|Any CPU.Build.0 = Debug|Any CPU
		{4EF28705-CE68-4377-821B-80388FEEC687}.DebugMono|Any CPU.ActiveCfg = Debug|Any CPU
		{4EF28705-CE68-4377-821B-80388FEEC687}.DebugMono|Any CPU.Build.0 = Debug|Any CPU
		{4EF28705-CE68-4377-821B-80388FEEC687}.DebugWindows|Any CPU.ActiveCfg = Debug|Any CPU
		{4EF28705-CE68-4377-821B-80388FEEC687}.DebugWindows|Any CPU.Build.0 = Debug|Any CPU
		{4EF28705-CE68-4377-821B-80388FEEC687}.Release|Any CPU.ActiveCfg = Release|Any CPU
		{4EF28705-CE68-4377-821B-80388FEEC687}.Release|Any CPU.Build.0 = Release|Any CPU
		{4EF28705-CE68-4377-821B-80388FEEC687}.ReleaseHeadless|Any CPU.ActiveCfg = Release|Any CPU
		{4EF28705-CE68-4377-821B-80388FEEC687}.ReleaseHeadless|Any CPU.Build.0 = Release|Any CPU
		{4EF28705-CE68-4377-821B-80388FEEC687}.ReleaseMono|Any CPU.ActiveCfg = Release|Any CPU
		{4EF28705-CE68-4377-821B-80388FEEC687}.ReleaseMono|Any CPU.Build.0 = Release|Any CPU
		{4EF28705-CE68-4377-821B-80388FEEC687}.ReleaseWindows|Any CPU.ActiveCfg = Release|Any CPU
		{4EF28705-CE68-4377-821B-80388FEEC687}.ReleaseWindows|Any CPU.Build.0 = Release|Any CPU
		{CC3857B3-1CE3-4ABF-BC07-6445F9269DA1}.Debug|Any CPU.ActiveCfg = Debug|Any CPU
		{CC3857B3-1CE3-4ABF-BC07-6445F9269DA1}.Debug|Any CPU.Build.0 = Debug|Any CPU
		{CC3857B3-1CE3-4ABF-BC07-6445F9269DA1}.DebugHeadless|Any CPU.ActiveCfg = Debug|Any CPU
		{CC3857B3-1CE3-4ABF-BC07-6445F9269DA1}.DebugHeadless|Any CPU.Build.0 = Debug|Any CPU
		{CC3857B3-1CE3-4ABF-BC07-6445F9269DA1}.DebugMono|Any CPU.ActiveCfg = Debug|Any CPU
		{CC3857B3-1CE3-4ABF-BC07-6445F9269DA1}.DebugMono|Any CPU.Build.0 = Debug|Any CPU
		{CC3857B3-1CE3-4ABF-BC07-6445F9269DA1}.DebugWindows|Any CPU.ActiveCfg = Debug|Any CPU
		{CC3857B3-1CE3-4ABF-BC07-6445F9269DA1}.DebugWindows|Any CPU.Build.0 = Debug|Any CPU
		{CC3857B3-1CE3-4ABF-BC07-6445F9269DA1}.Release|Any CPU.ActiveCfg = Release|Any CPU
		{CC3857B3-1CE3-4ABF-BC07-6445F9269DA1}.Release|Any CPU.Build.0 = Release|Any CPU
		{CC3857B3-1CE3-4ABF-BC07-6445F9269DA1}.ReleaseHeadless|Any CPU.ActiveCfg = Release|Any CPU
		{CC3857B3-1CE3-4ABF-BC07-6445F9269DA1}.ReleaseHeadless|Any CPU.Build.0 = Release|Any CPU
		{CC3857B3-1CE3-4ABF-BC07-6445F9269DA1}.ReleaseMono|Any CPU.ActiveCfg = Release|Any CPU
		{CC3857B3-1CE3-4ABF-BC07-6445F9269DA1}.ReleaseMono|Any CPU.Build.0 = Release|Any CPU
		{CC3857B3-1CE3-4ABF-BC07-6445F9269DA1}.ReleaseWindows|Any CPU.ActiveCfg = Release|Any CPU
		{CC3857B3-1CE3-4ABF-BC07-6445F9269DA1}.ReleaseWindows|Any CPU.Build.0 = Release|Any CPU
		{E296EC7C-D68F-4AA8-9FD7-E2828BAD0ABE}.Debug|Any CPU.ActiveCfg = Debug|Any CPU
		{E296EC7C-D68F-4AA8-9FD7-E2828BAD0ABE}.Debug|Any CPU.Build.0 = Debug|Any CPU
		{E296EC7C-D68F-4AA8-9FD7-E2828BAD0ABE}.DebugHeadless|Any CPU.ActiveCfg = Debug|Any CPU
		{E296EC7C-D68F-4AA8-9FD7-E2828BAD0ABE}.DebugHeadless|Any CPU.Build.0 = Debug|Any CPU
		{E296EC7C-D68F-4AA8-9FD7-E2828BAD0ABE}.DebugMono|Any CPU.ActiveCfg = Debug|Any CPU
		{E296EC7C-D68F-4AA8-9FD7-E2828BAD0ABE}.DebugMono|Any CPU.Build.0 = Debug|Any CPU
		{E296EC7C-D68F-4AA8-9FD7-E2828BAD0ABE}.DebugWindows|Any CPU.ActiveCfg = Debug|Any CPU
		{E296EC7C-D68F-4AA8-9FD7-E2828BAD0ABE}.DebugWindows|Any CPU.Build.0 = Debug|Any CPU
		{E296EC7C-D68F-4AA8-9FD7-E2828BAD0ABE}.Release|Any CPU.ActiveCfg = Release|Any CPU
		{E296EC7C-D68F-4AA8-9FD7-E2828BAD0ABE}.Release|Any CPU.Build.0 = Release|Any CPU
		{E296EC7C-D68F-4AA8-9FD7-E2828BAD0ABE}.ReleaseHeadless|Any CPU.ActiveCfg = Release|Any CPU
		{E296EC7C-D68F-4AA8-9FD7-E2828BAD0ABE}.ReleaseHeadless|Any CPU.Build.0 = Release|Any CPU
		{E296EC7C-D68F-4AA8-9FD7-E2828BAD0ABE}.ReleaseMono|Any CPU.ActiveCfg = Release|Any CPU
		{E296EC7C-D68F-4AA8-9FD7-E2828BAD0ABE}.ReleaseMono|Any CPU.Build.0 = Release|Any CPU
		{E296EC7C-D68F-4AA8-9FD7-E2828BAD0ABE}.ReleaseWindows|Any CPU.ActiveCfg = Release|Any CPU
		{E296EC7C-D68F-4AA8-9FD7-E2828BAD0ABE}.ReleaseWindows|Any CPU.Build.0 = Release|Any CPU
		{FE4B9F4F-76E3-497D-B26B-40BA0D20FCF1}.Debug|Any CPU.ActiveCfg = Debug|Any CPU
		{FE4B9F4F-76E3-497D-B26B-40BA0D20FCF1}.Debug|Any CPU.Build.0 = Debug|Any CPU
		{FE4B9F4F-76E3-497D-B26B-40BA0D20FCF1}.DebugHeadless|Any CPU.ActiveCfg = Debug|Any CPU
		{FE4B9F4F-76E3-497D-B26B-40BA0D20FCF1}.DebugHeadless|Any CPU.Build.0 = Debug|Any CPU
		{FE4B9F4F-76E3-497D-B26B-40BA0D20FCF1}.DebugMono|Any CPU.ActiveCfg = Debug|Any CPU
		{FE4B9F4F-76E3-497D-B26B-40BA0D20FCF1}.DebugMono|Any CPU.Build.0 = Debug|Any CPU
		{FE4B9F4F-76E3-497D-B26B-40BA0D20FCF1}.DebugWindows|Any CPU.ActiveCfg = Debug|Any CPU
		{FE4B9F4F-76E3-497D-B26B-40BA0D20FCF1}.DebugWindows|Any CPU.Build.0 = Debug|Any CPU
		{FE4B9F4F-76E3-497D-B26B-40BA0D20FCF1}.Release|Any CPU.ActiveCfg = Release|Any CPU
		{FE4B9F4F-76E3-497D-B26B-40BA0D20FCF1}.Release|Any CPU.Build.0 = Release|Any CPU
		{FE4B9F4F-76E3-497D-B26B-40BA0D20FCF1}.ReleaseHeadless|Any CPU.ActiveCfg = Release|Any CPU
		{FE4B9F4F-76E3-497D-B26B-40BA0D20FCF1}.ReleaseHeadless|Any CPU.Build.0 = Release|Any CPU
		{FE4B9F4F-76E3-497D-B26B-40BA0D20FCF1}.ReleaseMono|Any CPU.ActiveCfg = Release|Any CPU
		{FE4B9F4F-76E3-497D-B26B-40BA0D20FCF1}.ReleaseMono|Any CPU.Build.0 = Release|Any CPU
		{FE4B9F4F-76E3-497D-B26B-40BA0D20FCF1}.ReleaseWindows|Any CPU.ActiveCfg = Release|Any CPU
		{FE4B9F4F-76E3-497D-B26B-40BA0D20FCF1}.ReleaseWindows|Any CPU.Build.0 = Release|Any CPU
		{0F18F980-54AA-4C54-8282-0A079678E2CD}.Debug|Any CPU.ActiveCfg = Debug|Any CPU
		{0F18F980-54AA-4C54-8282-0A079678E2CD}.Debug|Any CPU.Build.0 = Debug|Any CPU
		{0F18F980-54AA-4C54-8282-0A079678E2CD}.DebugHeadless|Any CPU.ActiveCfg = Debug|Any CPU
		{0F18F980-54AA-4C54-8282-0A079678E2CD}.DebugHeadless|Any CPU.Build.0 = Debug|Any CPU
		{0F18F980-54AA-4C54-8282-0A079678E2CD}.DebugMono|Any CPU.ActiveCfg = Debug|Any CPU
		{0F18F980-54AA-4C54-8282-0A079678E2CD}.DebugMono|Any CPU.Build.0 = Debug|Any CPU
		{0F18F980-54AA-4C54-8282-0A079678E2CD}.DebugWindows|Any CPU.ActiveCfg = Debug|Any CPU
		{0F18F980-54AA-4C54-8282-0A079678E2CD}.DebugWindows|Any CPU.Build.0 = Debug|Any CPU
		{0F18F980-54AA-4C54-8282-0A079678E2CD}.Release|Any CPU.ActiveCfg = Release|Any CPU
		{0F18F980-54AA-4C54-8282-0A079678E2CD}.Release|Any CPU.Build.0 = Release|Any CPU
		{0F18F980-54AA-4C54-8282-0A079678E2CD}.ReleaseHeadless|Any CPU.ActiveCfg = Release|Any CPU
		{0F18F980-54AA-4C54-8282-0A079678E2CD}.ReleaseHeadless|Any CPU.Build.0 = Release|Any CPU
		{0F18F980-54AA-4C54-8282-0A079678E2CD}.ReleaseMono|Any CPU.ActiveCfg = Release|Any CPU
		{0F18F980-54AA-4C54-8282-0A079678E2CD}.ReleaseMono|Any CPU.Build.0 = Release|Any CPU
		{0F18F980-54AA-4C54-8282-0A079678E2CD}.ReleaseWindows|Any CPU.ActiveCfg = Release|Any CPU
		{0F18F980-54AA-4C54-8282-0A079678E2CD}.ReleaseWindows|Any CPU.Build.0 = Release|Any CPU
		{993ED4ED-D6C4-4B5A-8DC1-4DE4AA6C4826}.Debug|Any CPU.ActiveCfg = Debug|Any CPU
		{993ED4ED-D6C4-4B5A-8DC1-4DE4AA6C4826}.Debug|Any CPU.Build.0 = Debug|Any CPU
		{993ED4ED-D6C4-4B5A-8DC1-4DE4AA6C4826}.DebugHeadless|Any CPU.ActiveCfg = Debug|Any CPU
		{993ED4ED-D6C4-4B5A-8DC1-4DE4AA6C4826}.DebugHeadless|Any CPU.Build.0 = Debug|Any CPU
		{993ED4ED-D6C4-4B5A-8DC1-4DE4AA6C4826}.DebugMono|Any CPU.ActiveCfg = Debug|Any CPU
		{993ED4ED-D6C4-4B5A-8DC1-4DE4AA6C4826}.DebugMono|Any CPU.Build.0 = Debug|Any CPU
		{993ED4ED-D6C4-4B5A-8DC1-4DE4AA6C4826}.DebugWindows|Any CPU.ActiveCfg = Debug|Any CPU
		{993ED4ED-D6C4-4B5A-8DC1-4DE4AA6C4826}.DebugWindows|Any CPU.Build.0 = Debug|Any CPU
		{993ED4ED-D6C4-4B5A-8DC1-4DE4AA6C4826}.Release|Any CPU.ActiveCfg = Release|Any CPU
		{993ED4ED-D6C4-4B5A-8DC1-4DE4AA6C4826}.Release|Any CPU.Build.0 = Release|Any CPU
		{993ED4ED-D6C4-4B5A-8DC1-4DE4AA6C4826}.ReleaseHeadless|Any CPU.ActiveCfg = Release|Any CPU
		{993ED4ED-D6C4-4B5A-8DC1-4DE4AA6C4826}.ReleaseHeadless|Any CPU.Build.0 = Release|Any CPU
		{993ED4ED-D6C4-4B5A-8DC1-4DE4AA6C4826}.ReleaseMono|Any CPU.ActiveCfg = Release|Any CPU
		{993ED4ED-D6C4-4B5A-8DC1-4DE4AA6C4826}.ReleaseMono|Any CPU.Build.0 = Release|Any CPU
		{993ED4ED-D6C4-4B5A-8DC1-4DE4AA6C4826}.ReleaseWindows|Any CPU.ActiveCfg = Release|Any CPU
		{993ED4ED-D6C4-4B5A-8DC1-4DE4AA6C4826}.ReleaseWindows|Any CPU.Build.0 = Release|Any CPU
		{E7B8BFDB-6432-4321-83A3-42FCE8775436}.Debug|Any CPU.ActiveCfg = Debug|Any CPU
		{E7B8BFDB-6432-4321-83A3-42FCE8775436}.Debug|Any CPU.Build.0 = Debug|Any CPU
		{E7B8BFDB-6432-4321-83A3-42FCE8775436}.DebugHeadless|Any CPU.ActiveCfg = Debug|Any CPU
		{E7B8BFDB-6432-4321-83A3-42FCE8775436}.DebugHeadless|Any CPU.Build.0 = Debug|Any CPU
		{E7B8BFDB-6432-4321-83A3-42FCE8775436}.DebugMono|Any CPU.ActiveCfg = Debug|Any CPU
		{E7B8BFDB-6432-4321-83A3-42FCE8775436}.DebugMono|Any CPU.Build.0 = Debug|Any CPU
		{E7B8BFDB-6432-4321-83A3-42FCE8775436}.DebugWindows|Any CPU.ActiveCfg = Debug|Any CPU
		{E7B8BFDB-6432-4321-83A3-42FCE8775436}.DebugWindows|Any CPU.Build.0 = Debug|Any CPU
		{E7B8BFDB-6432-4321-83A3-42FCE8775436}.Release|Any CPU.ActiveCfg = Release|Any CPU
		{E7B8BFDB-6432-4321-83A3-42FCE8775436}.Release|Any CPU.Build.0 = Release|Any CPU
		{E7B8BFDB-6432-4321-83A3-42FCE8775436}.ReleaseHeadless|Any CPU.ActiveCfg = Release|Any CPU
		{E7B8BFDB-6432-4321-83A3-42FCE8775436}.ReleaseHeadless|Any CPU.Build.0 = Release|Any CPU
		{E7B8BFDB-6432-4321-83A3-42FCE8775436}.ReleaseMono|Any CPU.ActiveCfg = Release|Any CPU
		{E7B8BFDB-6432-4321-83A3-42FCE8775436}.ReleaseMono|Any CPU.Build.0 = Release|Any CPU
		{E7B8BFDB-6432-4321-83A3-42FCE8775436}.ReleaseWindows|Any CPU.ActiveCfg = Release|Any CPU
		{E7B8BFDB-6432-4321-83A3-42FCE8775436}.ReleaseWindows|Any CPU.Build.0 = Release|Any CPU
		{F204E8AC-FF7D-4F6A-9442-61E7A3538505}.Debug|Any CPU.ActiveCfg = Debug|Any CPU
		{F204E8AC-FF7D-4F6A-9442-61E7A3538505}.Debug|Any CPU.Build.0 = Debug|Any CPU
		{F204E8AC-FF7D-4F6A-9442-61E7A3538505}.DebugHeadless|Any CPU.ActiveCfg = Debug|Any CPU
		{F204E8AC-FF7D-4F6A-9442-61E7A3538505}.DebugHeadless|Any CPU.Build.0 = Debug|Any CPU
		{F204E8AC-FF7D-4F6A-9442-61E7A3538505}.DebugMono|Any CPU.ActiveCfg = Debug|Any CPU
		{F204E8AC-FF7D-4F6A-9442-61E7A3538505}.DebugMono|Any CPU.Build.0 = Debug|Any CPU
		{F204E8AC-FF7D-4F6A-9442-61E7A3538505}.DebugWindows|Any CPU.ActiveCfg = Debug|Any CPU
		{F204E8AC-FF7D-4F6A-9442-61E7A3538505}.DebugWindows|Any CPU.Build.0 = Debug|Any CPU
		{F204E8AC-FF7D-4F6A-9442-61E7A3538505}.Release|Any CPU.ActiveCfg = Release|Any CPU
		{F204E8AC-FF7D-4F6A-9442-61E7A3538505}.Release|Any CPU.Build.0 = Release|Any CPU
		{F204E8AC-FF7D-4F6A-9442-61E7A3538505}.ReleaseHeadless|Any CPU.ActiveCfg = Release|Any CPU
		{F204E8AC-FF7D-4F6A-9442-61E7A3538505}.ReleaseHeadless|Any CPU.Build.0 = Release|Any CPU
		{F204E8AC-FF7D-4F6A-9442-61E7A3538505}.ReleaseMono|Any CPU.ActiveCfg = Release|Any CPU
		{F204E8AC-FF7D-4F6A-9442-61E7A3538505}.ReleaseMono|Any CPU.Build.0 = Release|Any CPU
		{F204E8AC-FF7D-4F6A-9442-61E7A3538505}.ReleaseWindows|Any CPU.ActiveCfg = Release|Any CPU
		{F204E8AC-FF7D-4F6A-9442-61E7A3538505}.ReleaseWindows|Any CPU.Build.0 = Release|Any CPU
		{DCFA213D-1D5A-43F8-90F2-0A015299D1DA}.Debug|Any CPU.ActiveCfg = Debug|Any CPU
		{DCFA213D-1D5A-43F8-90F2-0A015299D1DA}.Debug|Any CPU.Build.0 = Debug|Any CPU
		{DCFA213D-1D5A-43F8-90F2-0A015299D1DA}.DebugHeadless|Any CPU.ActiveCfg = Debug|Any CPU
		{DCFA213D-1D5A-43F8-90F2-0A015299D1DA}.DebugHeadless|Any CPU.Build.0 = Debug|Any CPU
		{DCFA213D-1D5A-43F8-90F2-0A015299D1DA}.DebugMono|Any CPU.ActiveCfg = Debug|Any CPU
		{DCFA213D-1D5A-43F8-90F2-0A015299D1DA}.DebugMono|Any CPU.Build.0 = Debug|Any CPU
		{DCFA213D-1D5A-43F8-90F2-0A015299D1DA}.DebugWindows|Any CPU.ActiveCfg = Debug|Any CPU
		{DCFA213D-1D5A-43F8-90F2-0A015299D1DA}.DebugWindows|Any CPU.Build.0 = Debug|Any CPU
		{DCFA213D-1D5A-43F8-90F2-0A015299D1DA}.Release|Any CPU.ActiveCfg = Release|Any CPU
		{DCFA213D-1D5A-43F8-90F2-0A015299D1DA}.Release|Any CPU.Build.0 = Release|Any CPU
		{DCFA213D-1D5A-43F8-90F2-0A015299D1DA}.ReleaseHeadless|Any CPU.ActiveCfg = Release|Any CPU
		{DCFA213D-1D5A-43F8-90F2-0A015299D1DA}.ReleaseHeadless|Any CPU.Build.0 = Release|Any CPU
		{DCFA213D-1D5A-43F8-90F2-0A015299D1DA}.ReleaseMono|Any CPU.ActiveCfg = Release|Any CPU
		{DCFA213D-1D5A-43F8-90F2-0A015299D1DA}.ReleaseMono|Any CPU.Build.0 = Release|Any CPU
		{DCFA213D-1D5A-43F8-90F2-0A015299D1DA}.ReleaseWindows|Any CPU.ActiveCfg = Release|Any CPU
		{DCFA213D-1D5A-43F8-90F2-0A015299D1DA}.ReleaseWindows|Any CPU.Build.0 = Release|Any CPU
		{3B25FD1F-CEBA-4450-8893-DC330FDB56A7}.Debug|Any CPU.ActiveCfg = Debug|Any CPU
		{3B25FD1F-CEBA-4450-8893-DC330FDB56A7}.Debug|Any CPU.Build.0 = Debug|Any CPU
		{3B25FD1F-CEBA-4450-8893-DC330FDB56A7}.DebugHeadless|Any CPU.ActiveCfg = Debug|Any CPU
		{3B25FD1F-CEBA-4450-8893-DC330FDB56A7}.DebugHeadless|Any CPU.Build.0 = Debug|Any CPU
		{3B25FD1F-CEBA-4450-8893-DC330FDB56A7}.DebugMono|Any CPU.ActiveCfg = Debug|Any CPU
		{3B25FD1F-CEBA-4450-8893-DC330FDB56A7}.DebugMono|Any CPU.Build.0 = Debug|Any CPU
		{3B25FD1F-CEBA-4450-8893-DC330FDB56A7}.DebugWindows|Any CPU.ActiveCfg = Debug|Any CPU
		{3B25FD1F-CEBA-4450-8893-DC330FDB56A7}.DebugWindows|Any CPU.Build.0 = Debug|Any CPU
		{3B25FD1F-CEBA-4450-8893-DC330FDB56A7}.Release|Any CPU.ActiveCfg = Release|Any CPU
		{3B25FD1F-CEBA-4450-8893-DC330FDB56A7}.Release|Any CPU.Build.0 = Release|Any CPU
		{3B25FD1F-CEBA-4450-8893-DC330FDB56A7}.ReleaseHeadless|Any CPU.ActiveCfg = Release|Any CPU
		{3B25FD1F-CEBA-4450-8893-DC330FDB56A7}.ReleaseHeadless|Any CPU.Build.0 = Release|Any CPU
		{3B25FD1F-CEBA-4450-8893-DC330FDB56A7}.ReleaseMono|Any CPU.ActiveCfg = Release|Any CPU
		{3B25FD1F-CEBA-4450-8893-DC330FDB56A7}.ReleaseMono|Any CPU.Build.0 = Release|Any CPU
		{3B25FD1F-CEBA-4450-8893-DC330FDB56A7}.ReleaseWindows|Any CPU.ActiveCfg = Release|Any CPU
		{3B25FD1F-CEBA-4450-8893-DC330FDB56A7}.ReleaseWindows|Any CPU.Build.0 = Release|Any CPU
		{D7CEC81D-8BF1-4B3E-8B6A-5D7B3CA0C2F2}.Debug|Any CPU.ActiveCfg = Debug|Any CPU
		{D7CEC81D-8BF1-4B3E-8B6A-5D7B3CA0C2F2}.Debug|Any CPU.Build.0 = Debug|Any CPU
		{D7CEC81D-8BF1-4B3E-8B6A-5D7B3CA0C2F2}.DebugHeadless|Any CPU.ActiveCfg = Debug|Any CPU
		{D7CEC81D-8BF1-4B3E-8B6A-5D7B3CA0C2F2}.DebugHeadless|Any CPU.Build.0 = Debug|Any CPU
		{D7CEC81D-8BF1-4B3E-8B6A-5D7B3CA0C2F2}.DebugMono|Any CPU.ActiveCfg = Debug|Any CPU
		{D7CEC81D-8BF1-4B3E-8B6A-5D7B3CA0C2F2}.DebugMono|Any CPU.Build.0 = Debug|Any CPU
		{D7CEC81D-8BF1-4B3E-8B6A-5D7B3CA0C2F2}.DebugWindows|Any CPU.ActiveCfg = Debug|Any CPU
		{D7CEC81D-8BF1-4B3E-8B6A-5D7B3CA0C2F2}.DebugWindows|Any CPU.Build.0 = Debug|Any CPU
		{D7CEC81D-8BF1-4B3E-8B6A-5D7B3CA0C2F2}.Release|Any CPU.ActiveCfg = Release|Any CPU
		{D7CEC81D-8BF1-4B3E-8B6A-5D7B3CA0C2F2}.Release|Any CPU.Build.0 = Release|Any CPU
		{D7CEC81D-8BF1-4B3E-8B6A-5D7B3CA0C2F2}.ReleaseHeadless|Any CPU.ActiveCfg = Release|Any CPU
		{D7CEC81D-8BF1-4B3E-8B6A-5D7B3CA0C2F2}.ReleaseHeadless|Any CPU.Build.0 = Release|Any CPU
		{D7CEC81D-8BF1-4B3E-8B6A-5D7B3CA0C2F2}.ReleaseMono|Any CPU.ActiveCfg = Release|Any CPU
		{D7CEC81D-8BF1-4B3E-8B6A-5D7B3CA0C2F2}.ReleaseMono|Any CPU.Build.0 = Release|Any CPU
		{D7CEC81D-8BF1-4B3E-8B6A-5D7B3CA0C2F2}.ReleaseWindows|Any CPU.ActiveCfg = Release|Any CPU
		{D7CEC81D-8BF1-4B3E-8B6A-5D7B3CA0C2F2}.ReleaseWindows|Any CPU.Build.0 = Release|Any CPU
		{A244A988-6ADC-4B90-912B-D66C680FA962}.Debug|Any CPU.ActiveCfg = Debug|Any CPU
		{A244A988-6ADC-4B90-912B-D66C680FA962}.Debug|Any CPU.Build.0 = Debug|Any CPU
		{A244A988-6ADC-4B90-912B-D66C680FA962}.DebugHeadless|Any CPU.ActiveCfg = Debug|Any CPU
		{A244A988-6ADC-4B90-912B-D66C680FA962}.DebugHeadless|Any CPU.Build.0 = Debug|Any CPU
		{A244A988-6ADC-4B90-912B-D66C680FA962}.DebugMono|Any CPU.ActiveCfg = Debug|Any CPU
		{A244A988-6ADC-4B90-912B-D66C680FA962}.DebugMono|Any CPU.Build.0 = Debug|Any CPU
		{A244A988-6ADC-4B90-912B-D66C680FA962}.DebugWindows|Any CPU.ActiveCfg = Debug|Any CPU
		{A244A988-6ADC-4B90-912B-D66C680FA962}.DebugWindows|Any CPU.Build.0 = Debug|Any CPU
		{A244A988-6ADC-4B90-912B-D66C680FA962}.Release|Any CPU.ActiveCfg = Release|Any CPU
		{A244A988-6ADC-4B90-912B-D66C680FA962}.Release|Any CPU.Build.0 = Release|Any CPU
		{A244A988-6ADC-4B90-912B-D66C680FA962}.ReleaseHeadless|Any CPU.ActiveCfg = Release|Any CPU
		{A244A988-6ADC-4B90-912B-D66C680FA962}.ReleaseHeadless|Any CPU.Build.0 = Release|Any CPU
		{A244A988-6ADC-4B90-912B-D66C680FA962}.ReleaseMono|Any CPU.ActiveCfg = Release|Any CPU
		{A244A988-6ADC-4B90-912B-D66C680FA962}.ReleaseMono|Any CPU.Build.0 = Release|Any CPU
		{A244A988-6ADC-4B90-912B-D66C680FA962}.ReleaseWindows|Any CPU.ActiveCfg = Release|Any CPU
		{A244A988-6ADC-4B90-912B-D66C680FA962}.ReleaseWindows|Any CPU.Build.0 = Release|Any CPU
		{1FBC3B41-D61C-4528-8BA5-20EBA17C9031}.Debug|Any CPU.ActiveCfg = Debug|Any CPU
		{1FBC3B41-D61C-4528-8BA5-20EBA17C9031}.Debug|Any CPU.Build.0 = Debug|Any CPU
		{1FBC3B41-D61C-4528-8BA5-20EBA17C9031}.DebugHeadless|Any CPU.ActiveCfg = Debug|Any CPU
		{1FBC3B41-D61C-4528-8BA5-20EBA17C9031}.DebugHeadless|Any CPU.Build.0 = Debug|Any CPU
		{1FBC3B41-D61C-4528-8BA5-20EBA17C9031}.DebugMono|Any CPU.ActiveCfg = Debug|Any CPU
		{1FBC3B41-D61C-4528-8BA5-20EBA17C9031}.DebugMono|Any CPU.Build.0 = Debug|Any CPU
		{1FBC3B41-D61C-4528-8BA5-20EBA17C9031}.DebugWindows|Any CPU.ActiveCfg = Debug|Any CPU
		{1FBC3B41-D61C-4528-8BA5-20EBA17C9031}.DebugWindows|Any CPU.Build.0 = Debug|Any CPU
		{1FBC3B41-D61C-4528-8BA5-20EBA17C9031}.Release|Any CPU.ActiveCfg = Release|Any CPU
		{1FBC3B41-D61C-4528-8BA5-20EBA17C9031}.Release|Any CPU.Build.0 = Release|Any CPU
		{1FBC3B41-D61C-4528-8BA5-20EBA17C9031}.ReleaseHeadless|Any CPU.ActiveCfg = Release|Any CPU
		{1FBC3B41-D61C-4528-8BA5-20EBA17C9031}.ReleaseHeadless|Any CPU.Build.0 = Release|Any CPU
		{1FBC3B41-D61C-4528-8BA5-20EBA17C9031}.ReleaseMono|Any CPU.ActiveCfg = Release|Any CPU
		{1FBC3B41-D61C-4528-8BA5-20EBA17C9031}.ReleaseMono|Any CPU.Build.0 = Release|Any CPU
		{1FBC3B41-D61C-4528-8BA5-20EBA17C9031}.ReleaseWindows|Any CPU.ActiveCfg = Release|Any CPU
		{1FBC3B41-D61C-4528-8BA5-20EBA17C9031}.ReleaseWindows|Any CPU.Build.0 = Release|Any CPU
		{78DBBFB9-7193-4ABC-BE9F-DA839693C23A}.Debug|Any CPU.ActiveCfg = Debug|Any CPU
		{78DBBFB9-7193-4ABC-BE9F-DA839693C23A}.Debug|Any CPU.Build.0 = Debug|Any CPU
		{78DBBFB9-7193-4ABC-BE9F-DA839693C23A}.DebugHeadless|Any CPU.ActiveCfg = Debug|Any CPU
		{78DBBFB9-7193-4ABC-BE9F-DA839693C23A}.DebugHeadless|Any CPU.Build.0 = Debug|Any CPU
		{78DBBFB9-7193-4ABC-BE9F-DA839693C23A}.DebugMono|Any CPU.ActiveCfg = Debug|Any CPU
		{78DBBFB9-7193-4ABC-BE9F-DA839693C23A}.DebugMono|Any CPU.Build.0 = Debug|Any CPU
		{78DBBFB9-7193-4ABC-BE9F-DA839693C23A}.DebugWindows|Any CPU.ActiveCfg = Debug|Any CPU
		{78DBBFB9-7193-4ABC-BE9F-DA839693C23A}.DebugWindows|Any CPU.Build.0 = Debug|Any CPU
		{78DBBFB9-7193-4ABC-BE9F-DA839693C23A}.Release|Any CPU.ActiveCfg = Release|Any CPU
		{78DBBFB9-7193-4ABC-BE9F-DA839693C23A}.Release|Any CPU.Build.0 = Release|Any CPU
		{78DBBFB9-7193-4ABC-BE9F-DA839693C23A}.ReleaseHeadless|Any CPU.ActiveCfg = Release|Any CPU
		{78DBBFB9-7193-4ABC-BE9F-DA839693C23A}.ReleaseHeadless|Any CPU.Build.0 = Release|Any CPU
		{78DBBFB9-7193-4ABC-BE9F-DA839693C23A}.ReleaseMono|Any CPU.ActiveCfg = Release|Any CPU
		{78DBBFB9-7193-4ABC-BE9F-DA839693C23A}.ReleaseMono|Any CPU.Build.0 = Release|Any CPU
		{78DBBFB9-7193-4ABC-BE9F-DA839693C23A}.ReleaseWindows|Any CPU.ActiveCfg = Release|Any CPU
		{78DBBFB9-7193-4ABC-BE9F-DA839693C23A}.ReleaseWindows|Any CPU.Build.0 = Release|Any CPU
		{2DB2469A-9F2E-4BA8-A4A0-333E4A319AF0}.Debug|Any CPU.ActiveCfg = Debug|Any CPU
		{2DB2469A-9F2E-4BA8-A4A0-333E4A319AF0}.Debug|Any CPU.Build.0 = Debug|Any CPU
		{2DB2469A-9F2E-4BA8-A4A0-333E4A319AF0}.DebugHeadless|Any CPU.ActiveCfg = Debug|Any CPU
		{2DB2469A-9F2E-4BA8-A4A0-333E4A319AF0}.DebugHeadless|Any CPU.Build.0 = Debug|Any CPU
		{2DB2469A-9F2E-4BA8-A4A0-333E4A319AF0}.DebugMono|Any CPU.ActiveCfg = Debug|Any CPU
		{2DB2469A-9F2E-4BA8-A4A0-333E4A319AF0}.DebugMono|Any CPU.Build.0 = Debug|Any CPU
		{2DB2469A-9F2E-4BA8-A4A0-333E4A319AF0}.DebugWindows|Any CPU.ActiveCfg = Debug|Any CPU
		{2DB2469A-9F2E-4BA8-A4A0-333E4A319AF0}.DebugWindows|Any CPU.Build.0 = Debug|Any CPU
		{2DB2469A-9F2E-4BA8-A4A0-333E4A319AF0}.Release|Any CPU.ActiveCfg = Release|Any CPU
		{2DB2469A-9F2E-4BA8-A4A0-333E4A319AF0}.Release|Any CPU.Build.0 = Release|Any CPU
		{2DB2469A-9F2E-4BA8-A4A0-333E4A319AF0}.ReleaseHeadless|Any CPU.ActiveCfg = Release|Any CPU
		{2DB2469A-9F2E-4BA8-A4A0-333E4A319AF0}.ReleaseHeadless|Any CPU.Build.0 = Release|Any CPU
		{2DB2469A-9F2E-4BA8-A4A0-333E4A319AF0}.ReleaseMono|Any CPU.ActiveCfg = Release|Any CPU
		{2DB2469A-9F2E-4BA8-A4A0-333E4A319AF0}.ReleaseMono|Any CPU.Build.0 = Release|Any CPU
		{2DB2469A-9F2E-4BA8-A4A0-333E4A319AF0}.ReleaseWindows|Any CPU.ActiveCfg = Release|Any CPU
		{2DB2469A-9F2E-4BA8-A4A0-333E4A319AF0}.ReleaseWindows|Any CPU.Build.0 = Release|Any CPU
		{101B7A46-D5A6-41DE-ADC3-36939FF62942}.Debug|Any CPU.ActiveCfg = Debug|Any CPU
		{101B7A46-D5A6-41DE-ADC3-36939FF62942}.Debug|Any CPU.Build.0 = Debug|Any CPU
		{101B7A46-D5A6-41DE-ADC3-36939FF62942}.DebugHeadless|Any CPU.ActiveCfg = Debug|Any CPU
		{101B7A46-D5A6-41DE-ADC3-36939FF62942}.DebugHeadless|Any CPU.Build.0 = Debug|Any CPU
		{101B7A46-D5A6-41DE-ADC3-36939FF62942}.DebugMono|Any CPU.ActiveCfg = Debug|Any CPU
		{101B7A46-D5A6-41DE-ADC3-36939FF62942}.DebugMono|Any CPU.Build.0 = Debug|Any CPU
		{101B7A46-D5A6-41DE-ADC3-36939FF62942}.DebugWindows|Any CPU.ActiveCfg = Debug|Any CPU
		{101B7A46-D5A6-41DE-ADC3-36939FF62942}.DebugWindows|Any CPU.Build.0 = Debug|Any CPU
		{101B7A46-D5A6-41DE-ADC3-36939FF62942}.Release|Any CPU.ActiveCfg = Release|Any CPU
		{101B7A46-D5A6-41DE-ADC3-36939FF62942}.Release|Any CPU.Build.0 = Release|Any CPU
		{101B7A46-D5A6-41DE-ADC3-36939FF62942}.ReleaseHeadless|Any CPU.ActiveCfg = Release|Any CPU
		{101B7A46-D5A6-41DE-ADC3-36939FF62942}.ReleaseHeadless|Any CPU.Build.0 = Release|Any CPU
		{101B7A46-D5A6-41DE-ADC3-36939FF62942}.ReleaseMono|Any CPU.ActiveCfg = Release|Any CPU
		{101B7A46-D5A6-41DE-ADC3-36939FF62942}.ReleaseMono|Any CPU.Build.0 = Release|Any CPU
		{101B7A46-D5A6-41DE-ADC3-36939FF62942}.ReleaseWindows|Any CPU.ActiveCfg = Release|Any CPU
		{101B7A46-D5A6-41DE-ADC3-36939FF62942}.ReleaseWindows|Any CPU.Build.0 = Release|Any CPU
		{16DBE3C1-83C5-4472-85AC-CF654E4559AD}.Debug|Any CPU.ActiveCfg = Debug|Any CPU
		{16DBE3C1-83C5-4472-85AC-CF654E4559AD}.Debug|Any CPU.Build.0 = Debug|Any CPU
		{16DBE3C1-83C5-4472-85AC-CF654E4559AD}.DebugHeadless|Any CPU.ActiveCfg = Debug|Any CPU
		{16DBE3C1-83C5-4472-85AC-CF654E4559AD}.DebugHeadless|Any CPU.Build.0 = Debug|Any CPU
		{16DBE3C1-83C5-4472-85AC-CF654E4559AD}.DebugMono|Any CPU.ActiveCfg = Debug|Any CPU
		{16DBE3C1-83C5-4472-85AC-CF654E4559AD}.DebugMono|Any CPU.Build.0 = Debug|Any CPU
		{16DBE3C1-83C5-4472-85AC-CF654E4559AD}.DebugWindows|Any CPU.ActiveCfg = Debug|Any CPU
		{16DBE3C1-83C5-4472-85AC-CF654E4559AD}.DebugWindows|Any CPU.Build.0 = Debug|Any CPU
		{16DBE3C1-83C5-4472-85AC-CF654E4559AD}.Release|Any CPU.ActiveCfg = Release|Any CPU
		{16DBE3C1-83C5-4472-85AC-CF654E4559AD}.Release|Any CPU.Build.0 = Release|Any CPU
		{16DBE3C1-83C5-4472-85AC-CF654E4559AD}.ReleaseHeadless|Any CPU.ActiveCfg = Release|Any CPU
		{16DBE3C1-83C5-4472-85AC-CF654E4559AD}.ReleaseHeadless|Any CPU.Build.0 = Release|Any CPU
		{16DBE3C1-83C5-4472-85AC-CF654E4559AD}.ReleaseMono|Any CPU.ActiveCfg = Release|Any CPU
		{16DBE3C1-83C5-4472-85AC-CF654E4559AD}.ReleaseMono|Any CPU.Build.0 = Release|Any CPU
		{16DBE3C1-83C5-4472-85AC-CF654E4559AD}.ReleaseWindows|Any CPU.ActiveCfg = Release|Any CPU
		{16DBE3C1-83C5-4472-85AC-CF654E4559AD}.ReleaseWindows|Any CPU.Build.0 = Release|Any CPU
		{EE62FCD8-B2F8-45B5-8E61-7D0E210A3708}.Debug|Any CPU.ActiveCfg = Debug|Any CPU
		{EE62FCD8-B2F8-45B5-8E61-7D0E210A3708}.Debug|Any CPU.Build.0 = Debug|Any CPU
		{EE62FCD8-B2F8-45B5-8E61-7D0E210A3708}.DebugHeadless|Any CPU.ActiveCfg = Debug|Any CPU
		{EE62FCD8-B2F8-45B5-8E61-7D0E210A3708}.DebugHeadless|Any CPU.Build.0 = Debug|Any CPU
		{EE62FCD8-B2F8-45B5-8E61-7D0E210A3708}.DebugMono|Any CPU.ActiveCfg = Debug|Any CPU
		{EE62FCD8-B2F8-45B5-8E61-7D0E210A3708}.DebugMono|Any CPU.Build.0 = Debug|Any CPU
		{EE62FCD8-B2F8-45B5-8E61-7D0E210A3708}.DebugWindows|Any CPU.ActiveCfg = Debug|Any CPU
		{EE62FCD8-B2F8-45B5-8E61-7D0E210A3708}.DebugWindows|Any CPU.Build.0 = Debug|Any CPU
		{EE62FCD8-B2F8-45B5-8E61-7D0E210A3708}.Release|Any CPU.ActiveCfg = Release|Any CPU
		{EE62FCD8-B2F8-45B5-8E61-7D0E210A3708}.Release|Any CPU.Build.0 = Release|Any CPU
		{EE62FCD8-B2F8-45B5-8E61-7D0E210A3708}.ReleaseHeadless|Any CPU.ActiveCfg = Release|Any CPU
		{EE62FCD8-B2F8-45B5-8E61-7D0E210A3708}.ReleaseHeadless|Any CPU.Build.0 = Release|Any CPU
		{EE62FCD8-B2F8-45B5-8E61-7D0E210A3708}.ReleaseMono|Any CPU.ActiveCfg = Release|Any CPU
		{EE62FCD8-B2F8-45B5-8E61-7D0E210A3708}.ReleaseMono|Any CPU.Build.0 = Release|Any CPU
		{EE62FCD8-B2F8-45B5-8E61-7D0E210A3708}.ReleaseWindows|Any CPU.ActiveCfg = Release|Any CPU
		{EE62FCD8-B2F8-45B5-8E61-7D0E210A3708}.ReleaseWindows|Any CPU.Build.0 = Release|Any CPU
		{41219131-67B0-49AC-9265-A64EFC662B40}.Debug|Any CPU.ActiveCfg = Debug|Any CPU
		{41219131-67B0-49AC-9265-A64EFC662B40}.Debug|Any CPU.Build.0 = Debug|Any CPU
		{41219131-67B0-49AC-9265-A64EFC662B40}.DebugHeadless|Any CPU.ActiveCfg = Debug|Any CPU
		{41219131-67B0-49AC-9265-A64EFC662B40}.DebugHeadless|Any CPU.Build.0 = Debug|Any CPU
		{41219131-67B0-49AC-9265-A64EFC662B40}.DebugMono|Any CPU.ActiveCfg = Debug|Any CPU
		{41219131-67B0-49AC-9265-A64EFC662B40}.DebugMono|Any CPU.Build.0 = Debug|Any CPU
		{41219131-67B0-49AC-9265-A64EFC662B40}.DebugWindows|Any CPU.ActiveCfg = Debug|Any CPU
		{41219131-67B0-49AC-9265-A64EFC662B40}.DebugWindows|Any CPU.Build.0 = Debug|Any CPU
		{41219131-67B0-49AC-9265-A64EFC662B40}.Release|Any CPU.ActiveCfg = Release|Any CPU
		{41219131-67B0-49AC-9265-A64EFC662B40}.Release|Any CPU.Build.0 = Release|Any CPU
		{41219131-67B0-49AC-9265-A64EFC662B40}.ReleaseHeadless|Any CPU.ActiveCfg = Release|Any CPU
		{41219131-67B0-49AC-9265-A64EFC662B40}.ReleaseHeadless|Any CPU.Build.0 = Release|Any CPU
		{41219131-67B0-49AC-9265-A64EFC662B40}.ReleaseMono|Any CPU.ActiveCfg = Release|Any CPU
		{41219131-67B0-49AC-9265-A64EFC662B40}.ReleaseMono|Any CPU.Build.0 = Release|Any CPU
		{41219131-67B0-49AC-9265-A64EFC662B40}.ReleaseWindows|Any CPU.ActiveCfg = Release|Any CPU
		{41219131-67B0-49AC-9265-A64EFC662B40}.ReleaseWindows|Any CPU.Build.0 = Release|Any CPU
		{687F17E8-940B-4FF9-87AA-DF3E5AE02EFD}.Debug|Any CPU.ActiveCfg = Debug|Any CPU
		{687F17E8-940B-4FF9-87AA-DF3E5AE02EFD}.Debug|Any CPU.Build.0 = Debug|Any CPU
		{687F17E8-940B-4FF9-87AA-DF3E5AE02EFD}.DebugHeadless|Any CPU.ActiveCfg = Debug|Any CPU
		{687F17E8-940B-4FF9-87AA-DF3E5AE02EFD}.DebugHeadless|Any CPU.Build.0 = Debug|Any CPU
		{687F17E8-940B-4FF9-87AA-DF3E5AE02EFD}.DebugMono|Any CPU.ActiveCfg = Debug|Any CPU
		{687F17E8-940B-4FF9-87AA-DF3E5AE02EFD}.DebugMono|Any CPU.Build.0 = Debug|Any CPU
		{687F17E8-940B-4FF9-87AA-DF3E5AE02EFD}.DebugWindows|Any CPU.ActiveCfg = Debug|Any CPU
		{687F17E8-940B-4FF9-87AA-DF3E5AE02EFD}.DebugWindows|Any CPU.Build.0 = Debug|Any CPU
		{687F17E8-940B-4FF9-87AA-DF3E5AE02EFD}.Release|Any CPU.ActiveCfg = Release|Any CPU
		{687F17E8-940B-4FF9-87AA-DF3E5AE02EFD}.Release|Any CPU.Build.0 = Release|Any CPU
		{687F17E8-940B-4FF9-87AA-DF3E5AE02EFD}.ReleaseHeadless|Any CPU.ActiveCfg = Release|Any CPU
		{687F17E8-940B-4FF9-87AA-DF3E5AE02EFD}.ReleaseHeadless|Any CPU.Build.0 = Release|Any CPU
		{687F17E8-940B-4FF9-87AA-DF3E5AE02EFD}.ReleaseMono|Any CPU.ActiveCfg = Release|Any CPU
		{687F17E8-940B-4FF9-87AA-DF3E5AE02EFD}.ReleaseMono|Any CPU.Build.0 = Release|Any CPU
		{687F17E8-940B-4FF9-87AA-DF3E5AE02EFD}.ReleaseWindows|Any CPU.ActiveCfg = Release|Any CPU
		{687F17E8-940B-4FF9-87AA-DF3E5AE02EFD}.ReleaseWindows|Any CPU.Build.0 = Release|Any CPU
		{25364476-0D3E-4157-A3D5-8AFE3613125F}.Debug|Any CPU.ActiveCfg = Debug|Any CPU
		{25364476-0D3E-4157-A3D5-8AFE3613125F}.Debug|Any CPU.Build.0 = Debug|Any CPU
		{25364476-0D3E-4157-A3D5-8AFE3613125F}.DebugHeadless|Any CPU.ActiveCfg = Debug|Any CPU
		{25364476-0D3E-4157-A3D5-8AFE3613125F}.DebugHeadless|Any CPU.Build.0 = Debug|Any CPU
		{25364476-0D3E-4157-A3D5-8AFE3613125F}.DebugMono|Any CPU.ActiveCfg = Debug|Any CPU
		{25364476-0D3E-4157-A3D5-8AFE3613125F}.DebugMono|Any CPU.Build.0 = Debug|Any CPU
		{25364476-0D3E-4157-A3D5-8AFE3613125F}.DebugWindows|Any CPU.ActiveCfg = Debug|Any CPU
		{25364476-0D3E-4157-A3D5-8AFE3613125F}.DebugWindows|Any CPU.Build.0 = Debug|Any CPU
		{25364476-0D3E-4157-A3D5-8AFE3613125F}.Release|Any CPU.ActiveCfg = Release|Any CPU
		{25364476-0D3E-4157-A3D5-8AFE3613125F}.Release|Any CPU.Build.0 = Release|Any CPU
		{25364476-0D3E-4157-A3D5-8AFE3613125F}.ReleaseHeadless|Any CPU.ActiveCfg = Release|Any CPU
		{25364476-0D3E-4157-A3D5-8AFE3613125F}.ReleaseHeadless|Any CPU.Build.0 = Release|Any CPU
		{25364476-0D3E-4157-A3D5-8AFE3613125F}.ReleaseMono|Any CPU.ActiveCfg = Release|Any CPU
		{25364476-0D3E-4157-A3D5-8AFE3613125F}.ReleaseMono|Any CPU.Build.0 = Release|Any CPU
		{25364476-0D3E-4157-A3D5-8AFE3613125F}.ReleaseWindows|Any CPU.ActiveCfg = Release|Any CPU
		{25364476-0D3E-4157-A3D5-8AFE3613125F}.ReleaseWindows|Any CPU.Build.0 = Release|Any CPU
		{5EF7FEA1-B17A-4C06-A720-02D9A33A0653}.Debug|Any CPU.ActiveCfg = Debug|Any CPU
		{5EF7FEA1-B17A-4C06-A720-02D9A33A0653}.Debug|Any CPU.Build.0 = Debug|Any CPU
		{5EF7FEA1-B17A-4C06-A720-02D9A33A0653}.DebugHeadless|Any CPU.ActiveCfg = Debug|Any CPU
		{5EF7FEA1-B17A-4C06-A720-02D9A33A0653}.DebugHeadless|Any CPU.Build.0 = Debug|Any CPU
		{5EF7FEA1-B17A-4C06-A720-02D9A33A0653}.DebugMono|Any CPU.ActiveCfg = Debug|Any CPU
		{5EF7FEA1-B17A-4C06-A720-02D9A33A0653}.DebugMono|Any CPU.Build.0 = Debug|Any CPU
		{5EF7FEA1-B17A-4C06-A720-02D9A33A0653}.DebugWindows|Any CPU.ActiveCfg = Debug|Any CPU
		{5EF7FEA1-B17A-4C06-A720-02D9A33A0653}.DebugWindows|Any CPU.Build.0 = Debug|Any CPU
		{5EF7FEA1-B17A-4C06-A720-02D9A33A0653}.Release|Any CPU.ActiveCfg = Release|Any CPU
		{5EF7FEA1-B17A-4C06-A720-02D9A33A0653}.Release|Any CPU.Build.0 = Release|Any CPU
		{5EF7FEA1-B17A-4C06-A720-02D9A33A0653}.ReleaseHeadless|Any CPU.ActiveCfg = Release|Any CPU
		{5EF7FEA1-B17A-4C06-A720-02D9A33A0653}.ReleaseHeadless|Any CPU.Build.0 = Release|Any CPU
		{5EF7FEA1-B17A-4C06-A720-02D9A33A0653}.ReleaseMono|Any CPU.ActiveCfg = Release|Any CPU
		{5EF7FEA1-B17A-4C06-A720-02D9A33A0653}.ReleaseMono|Any CPU.Build.0 = Release|Any CPU
		{5EF7FEA1-B17A-4C06-A720-02D9A33A0653}.ReleaseWindows|Any CPU.ActiveCfg = Release|Any CPU
		{5EF7FEA1-B17A-4C06-A720-02D9A33A0653}.ReleaseWindows|Any CPU.Build.0 = Release|Any CPU
		{0256DD7D-7962-4450-AF11-EA762F5BB57F}.Debug|Any CPU.ActiveCfg = Debug|Any CPU
		{0256DD7D-7962-4450-AF11-EA762F5BB57F}.Debug|Any CPU.Build.0 = Debug|Any CPU
		{0256DD7D-7962-4450-AF11-EA762F5BB57F}.DebugHeadless|Any CPU.ActiveCfg = Debug|Any CPU
		{0256DD7D-7962-4450-AF11-EA762F5BB57F}.DebugHeadless|Any CPU.Build.0 = Debug|Any CPU
		{0256DD7D-7962-4450-AF11-EA762F5BB57F}.DebugMono|Any CPU.ActiveCfg = Debug|Any CPU
		{0256DD7D-7962-4450-AF11-EA762F5BB57F}.DebugMono|Any CPU.Build.0 = Debug|Any CPU
		{0256DD7D-7962-4450-AF11-EA762F5BB57F}.DebugWindows|Any CPU.ActiveCfg = Debug|Any CPU
		{0256DD7D-7962-4450-AF11-EA762F5BB57F}.DebugWindows|Any CPU.Build.0 = Debug|Any CPU
		{0256DD7D-7962-4450-AF11-EA762F5BB57F}.Release|Any CPU.ActiveCfg = Release|Any CPU
		{0256DD7D-7962-4450-AF11-EA762F5BB57F}.Release|Any CPU.Build.0 = Release|Any CPU
		{0256DD7D-7962-4450-AF11-EA762F5BB57F}.ReleaseHeadless|Any CPU.ActiveCfg = Release|Any CPU
		{0256DD7D-7962-4450-AF11-EA762F5BB57F}.ReleaseHeadless|Any CPU.Build.0 = Release|Any CPU
		{0256DD7D-7962-4450-AF11-EA762F5BB57F}.ReleaseMono|Any CPU.ActiveCfg = Release|Any CPU
		{0256DD7D-7962-4450-AF11-EA762F5BB57F}.ReleaseMono|Any CPU.Build.0 = Release|Any CPU
		{0256DD7D-7962-4450-AF11-EA762F5BB57F}.ReleaseWindows|Any CPU.ActiveCfg = Release|Any CPU
		{0256DD7D-7962-4450-AF11-EA762F5BB57F}.ReleaseWindows|Any CPU.Build.0 = Release|Any CPU
		{1DE9E2B8-3CB2-4F79-BEA7-B10AAE1A398E}.Debug|Any CPU.ActiveCfg = Debug|Any CPU
		{1DE9E2B8-3CB2-4F79-BEA7-B10AAE1A398E}.Debug|Any CPU.Build.0 = Debug|Any CPU
		{1DE9E2B8-3CB2-4F79-BEA7-B10AAE1A398E}.DebugHeadless|Any CPU.ActiveCfg = Debug|Any CPU
		{1DE9E2B8-3CB2-4F79-BEA7-B10AAE1A398E}.DebugHeadless|Any CPU.Build.0 = Debug|Any CPU
		{1DE9E2B8-3CB2-4F79-BEA7-B10AAE1A398E}.DebugMono|Any CPU.ActiveCfg = Debug|Any CPU
		{1DE9E2B8-3CB2-4F79-BEA7-B10AAE1A398E}.DebugMono|Any CPU.Build.0 = Debug|Any CPU
		{1DE9E2B8-3CB2-4F79-BEA7-B10AAE1A398E}.DebugWindows|Any CPU.ActiveCfg = Debug|Any CPU
		{1DE9E2B8-3CB2-4F79-BEA7-B10AAE1A398E}.DebugWindows|Any CPU.Build.0 = Debug|Any CPU
		{1DE9E2B8-3CB2-4F79-BEA7-B10AAE1A398E}.Release|Any CPU.ActiveCfg = Release|Any CPU
		{1DE9E2B8-3CB2-4F79-BEA7-B10AAE1A398E}.Release|Any CPU.Build.0 = Release|Any CPU
		{1DE9E2B8-3CB2-4F79-BEA7-B10AAE1A398E}.ReleaseHeadless|Any CPU.ActiveCfg = Release|Any CPU
		{1DE9E2B8-3CB2-4F79-BEA7-B10AAE1A398E}.ReleaseHeadless|Any CPU.Build.0 = Release|Any CPU
		{1DE9E2B8-3CB2-4F79-BEA7-B10AAE1A398E}.ReleaseMono|Any CPU.ActiveCfg = Release|Any CPU
		{1DE9E2B8-3CB2-4F79-BEA7-B10AAE1A398E}.ReleaseMono|Any CPU.Build.0 = Release|Any CPU
		{1DE9E2B8-3CB2-4F79-BEA7-B10AAE1A398E}.ReleaseWindows|Any CPU.ActiveCfg = Release|Any CPU
		{1DE9E2B8-3CB2-4F79-BEA7-B10AAE1A398E}.ReleaseWindows|Any CPU.Build.0 = Release|Any CPU
		{B83F88C1-35CB-4A41-A1B2-3EA252300C11}.Debug|Any CPU.ActiveCfg = Debug|Any CPU
		{B83F88C1-35CB-4A41-A1B2-3EA252300C11}.Debug|Any CPU.Build.0 = Debug|Any CPU
		{B83F88C1-35CB-4A41-A1B2-3EA252300C11}.DebugHeadless|Any CPU.ActiveCfg = Debug|Any CPU
		{B83F88C1-35CB-4A41-A1B2-3EA252300C11}.DebugHeadless|Any CPU.Build.0 = Debug|Any CPU
		{B83F88C1-35CB-4A41-A1B2-3EA252300C11}.DebugMono|Any CPU.ActiveCfg = Debug|Any CPU
		{B83F88C1-35CB-4A41-A1B2-3EA252300C11}.DebugMono|Any CPU.Build.0 = Debug|Any CPU
		{B83F88C1-35CB-4A41-A1B2-3EA252300C11}.DebugWindows|Any CPU.ActiveCfg = Debug|Any CPU
		{B83F88C1-35CB-4A41-A1B2-3EA252300C11}.DebugWindows|Any CPU.Build.0 = Debug|Any CPU
		{B83F88C1-35CB-4A41-A1B2-3EA252300C11}.Release|Any CPU.ActiveCfg = Release|Any CPU
		{B83F88C1-35CB-4A41-A1B2-3EA252300C11}.Release|Any CPU.Build.0 = Release|Any CPU
		{B83F88C1-35CB-4A41-A1B2-3EA252300C11}.ReleaseHeadless|Any CPU.ActiveCfg = Release|Any CPU
		{B83F88C1-35CB-4A41-A1B2-3EA252300C11}.ReleaseHeadless|Any CPU.Build.0 = Release|Any CPU
		{B83F88C1-35CB-4A41-A1B2-3EA252300C11}.ReleaseMono|Any CPU.ActiveCfg = Release|Any CPU
		{B83F88C1-35CB-4A41-A1B2-3EA252300C11}.ReleaseMono|Any CPU.Build.0 = Release|Any CPU
		{B83F88C1-35CB-4A41-A1B2-3EA252300C11}.ReleaseWindows|Any CPU.ActiveCfg = Release|Any CPU
		{B83F88C1-35CB-4A41-A1B2-3EA252300C11}.ReleaseWindows|Any CPU.Build.0 = Release|Any CPU
		{45473847-8AF8-4BAF-B768-442C6875B8CF}.Debug|Any CPU.ActiveCfg = Debug|Any CPU
		{45473847-8AF8-4BAF-B768-442C6875B8CF}.Debug|Any CPU.Build.0 = Debug|Any CPU
		{45473847-8AF8-4BAF-B768-442C6875B8CF}.DebugHeadless|Any CPU.ActiveCfg = Debug|Any CPU
		{45473847-8AF8-4BAF-B768-442C6875B8CF}.DebugHeadless|Any CPU.Build.0 = Debug|Any CPU
		{45473847-8AF8-4BAF-B768-442C6875B8CF}.DebugMono|Any CPU.ActiveCfg = Debug|Any CPU
		{45473847-8AF8-4BAF-B768-442C6875B8CF}.DebugMono|Any CPU.Build.0 = Debug|Any CPU
		{45473847-8AF8-4BAF-B768-442C6875B8CF}.DebugWindows|Any CPU.ActiveCfg = Debug|Any CPU
		{45473847-8AF8-4BAF-B768-442C6875B8CF}.DebugWindows|Any CPU.Build.0 = Debug|Any CPU
		{45473847-8AF8-4BAF-B768-442C6875B8CF}.Release|Any CPU.ActiveCfg = Release|Any CPU
		{45473847-8AF8-4BAF-B768-442C6875B8CF}.Release|Any CPU.Build.0 = Release|Any CPU
		{45473847-8AF8-4BAF-B768-442C6875B8CF}.ReleaseHeadless|Any CPU.ActiveCfg = Release|Any CPU
		{45473847-8AF8-4BAF-B768-442C6875B8CF}.ReleaseHeadless|Any CPU.Build.0 = Release|Any CPU
		{45473847-8AF8-4BAF-B768-442C6875B8CF}.ReleaseMono|Any CPU.ActiveCfg = Release|Any CPU
		{45473847-8AF8-4BAF-B768-442C6875B8CF}.ReleaseMono|Any CPU.Build.0 = Release|Any CPU
		{45473847-8AF8-4BAF-B768-442C6875B8CF}.ReleaseWindows|Any CPU.ActiveCfg = Release|Any CPU
		{45473847-8AF8-4BAF-B768-442C6875B8CF}.ReleaseWindows|Any CPU.Build.0 = Release|Any CPU
	EndGlobalSection
	GlobalSection(SolutionProperties) = preSolution
		HideSolutionNode = FALSE
	EndGlobalSection
	GlobalSection(NestedProjects) = preSolution
                # {...} = Cores
		{590B2A6B-F404-4268-BB76-82A8B0FC6ED9} = {4671F602-D5E2-4F4E-B942-3357C33C92E2}
		{97299BB4-0BB3-4318-A4F1-BC7089C994CB} = {4671F602-D5E2-4F4E-B942-3357C33C92E2}
		{220080D2-A102-018B-F7D9-FF971F0400F1} = {4671F602-D5E2-4F4E-B942-3357C33C92E2}
		{D1C68C46-AC88-4CD1-B792-BE814C5DAE96} = {4671F602-D5E2-4F4E-B942-3357C33C92E2}
		{2590E77B-C888-4C62-8165-C4FA96762B16} = {4671F602-D5E2-4F4E-B942-3357C33C92E2}
		{1B1CA3D3-C919-4814-AB8D-62EB580662C8} = {4671F602-D5E2-4F4E-B942-3357C33C92E2}
		{14D0DFAF-E2BA-4F1D-A6C6-87E4085AC622} = {4671F602-D5E2-4F4E-B942-3357C33C92E2}
		{DC2DCED6-1919-46EF-A05F-9ADEE4D8D21B} = {4671F602-D5E2-4F4E-B942-3357C33C92E2}
		{77B2EB1F-CF1A-4404-B8C4-A5C1039323E9} = {4671F602-D5E2-4F4E-B942-3357C33C92E2}
		{B83F88C1-35CB-4A41-A1B2-3EA252300C11} = {4671F602-D5E2-4F4E-B942-3357C33C92E2}
                # {...} = Extensions
		{F3128741-9E90-4FAD-B164-1799FF15CBF5} = {A3A699EA-42CE-4D7B-9D79-1F686D6A083B}
		{7908F8C9-FE86-4FAD-AA16-67E3AD5607DE} = {A3A699EA-42CE-4D7B-9D79-1F686D6A083B}
                # {...} = Libraries
		{99AD8BD7-93B4-4CC0-A161-5F0C16211D1D} = {CA585D43-7DF3-4486-B9B5-8DAA812716C3}
		{4EF28705-CE68-4377-821B-80388FEEC687} = {CA585D43-7DF3-4486-B9B5-8DAA812716C3}
		{CC3857B3-1CE3-4ABF-BC07-6445F9269DA1} = {CA585D43-7DF3-4486-B9B5-8DAA812716C3}
		{E296EC7C-D68F-4AA8-9FD7-E2828BAD0ABE} = {CA585D43-7DF3-4486-B9B5-8DAA812716C3}
		{FE4B9F4F-76E3-497D-B26B-40BA0D20FCF1} = {CA585D43-7DF3-4486-B9B5-8DAA812716C3}
		{0F18F980-54AA-4C54-8282-0A079678E2CD} = {CA585D43-7DF3-4486-B9B5-8DAA812716C3}
		{993ED4ED-D6C4-4B5A-8DC1-4DE4AA6C4826} = {CA585D43-7DF3-4486-B9B5-8DAA812716C3}
		{E7B8BFDB-6432-4321-83A3-42FCE8775436} = {CA585D43-7DF3-4486-B9B5-8DAA812716C3}
		{F204E8AC-FF7D-4F6A-9442-61E7A3538505} = {CA585D43-7DF3-4486-B9B5-8DAA812716C3}
		{DCFA213D-1D5A-43F8-90F2-0A015299D1DA} = {CA585D43-7DF3-4486-B9B5-8DAA812716C3}
		{3B25FD1F-CEBA-4450-8893-DC330FDB56A7} = {CA585D43-7DF3-4486-B9B5-8DAA812716C3}
		{5EF7FEA1-B17A-4C06-A720-02D9A33A0653} = {CA585D43-7DF3-4486-B9B5-8DAA812716C3}
		{45473847-8AF8-4BAF-B768-442C6875B8CF} = {CA585D43-7DF3-4486-B9B5-8DAA812716C3}
                # {...} = Plugins
		{A244A988-6ADC-4B90-912B-D66C680FA962} = {8BD709BF-8C11-4CBA-9A7D-CC2CC639BD4F}
		{1FBC3B41-D61C-4528-8BA5-20EBA17C9031} = {8BD709BF-8C11-4CBA-9A7D-CC2CC639BD4F}
		{78DBBFB9-7193-4ABC-BE9F-DA839693C23A} = {8BD709BF-8C11-4CBA-9A7D-CC2CC639BD4F}
		{2DB2469A-9F2E-4BA8-A4A0-333E4A319AF0} = {8BD709BF-8C11-4CBA-9A7D-CC2CC639BD4F}
		{D7CEC81D-8BF1-4B3E-8B6A-5D7B3CA0C2F2} = {8BD709BF-8C11-4CBA-9A7D-CC2CC639BD4F}
                # {...} = Tests
		{101B7A46-D5A6-41DE-ADC3-36939FF62942} = {CD9D4CF9-BD98-4D57-A5EF-EA5C3C75CB0C}
		{16DBE3C1-83C5-4472-85AC-CF654E4559AD} = {CD9D4CF9-BD98-4D57-A5EF-EA5C3C75CB0C}
		{EE62FCD8-B2F8-45B5-8E61-7D0E210A3708} = {CD9D4CF9-BD98-4D57-A5EF-EA5C3C75CB0C}
		{41219131-67B0-49AC-9265-A64EFC662B40} = {CD9D4CF9-BD98-4D57-A5EF-EA5C3C75CB0C}
		{687F17E8-940B-4FF9-87AA-DF3E5AE02EFD} = {CD9D4CF9-BD98-4D57-A5EF-EA5C3C75CB0C}
                # Infrastructure = src (1st)
		{683A80BF-80F4-4013-A3B8-F614C6BDE371} = {DFDAE07D-D5F1-4C9E-99F2-98E57E36D0E0}
                # src (2nd) = Infrastructure
		{F8A034B1-54DB-4EA9-9776-88610AE3DBB3} = {683A80BF-80F4-4013-A3B8-F614C6BDE371}
                # Emulator = src (2nd)
		{EA6A40C6-B8AD-4079-BDA9-EBFA2588D78D} = {F8A034B1-54DB-4EA9-9776-88610AE3DBB3}
	EndGlobalSection
	GlobalSection(ExtensibilityGlobals) = postSolution
		SolutionGuid = {1AEE4A63-DF33-4CE4-BC42-0E12DC97C053}
	EndGlobalSection
EndGlobal
