Microsoft Visual Studio Solution File, Format Version 12.00
# Visual Studio Version 16
VisualStudioVersion = 16.0.31321.278
MinimumVisualStudioVersion = 10.0.40219.1
# First GUID in the "Project" lines below describes the "project type" and the last one is a random project GUID.
# The types are constants defined in MSBuild source files:
# * Solution Folder:                      2150E333-8FDC-42A3-9474-1A3956D46DE8 (solutionFolderGuid)
# * .NET Framework (old) CS project:      FAE04EC0-301F-11D3-BF4B-00C04F79EFBC (csProjectGuid)
# * .NET (new) CS project:                9A19103F-16F7-4668-BE54-9A1E7A4F7556 (cpsCsProjectGuid)
Project("{2150E333-8FDC-42A3-9474-1A3956D46DE8}") = "Plugins", "Plugins", "{8BD709BF-8C11-4CBA-9A7D-CC2CC639BD4F}"
EndProject
Project("{2150E333-8FDC-42A3-9474-1A3956D46DE8}") = "Tests", "Tests", "{CD9D4CF9-BD98-4D57-A5EF-EA5C3C75CB0C}"
EndProject
Project("{2150E333-8FDC-42A3-9474-1A3956D46DE8}") = "Libraries", "Libraries", "{CA585D43-7DF3-4486-B9B5-8DAA812716C3}"
EndProject
Project("{9A19103F-16F7-4668-BE54-9A1E7A4F7556}") = "Infrastructure", "src\Infrastructure\src\Infrastructure_NET.csproj", "{220080D2-A102-018B-F7D9-FF971F0400F1}"
EndProject
Project("{9A19103F-16F7-4668-BE54-9A1E7A4F7556}") = "AntShell", "lib\AntShell\AntShell\AntShell_NET.csproj", "{99AD8BD7-93B4-4CC0-A161-5F0C16211D1D}"
EndProject
Project("{9A19103F-16F7-4668-BE54-9A1E7A4F7556}") = "BigGustave", "lib\BigGustave\src\BigGustave\BigGustave_NET.csproj", "{4EF28705-CE68-4377-821B-80388FEEC687}"
EndProject
Project("{9A19103F-16F7-4668-BE54-9A1E7A4F7556}") = "crypto", "lib\bc-csharp\crypto\crypto_NET.csproj", "{45473847-8AF8-4BAF-B768-442C6875B8CF}"
EndProject
Project("{9A19103F-16F7-4668-BE54-9A1E7A4F7556}") = "CxxDemangler", "lib\CxxDemangler\CxxDemangler\CxxDemangler_NET.csproj", "{CC3857B3-1CE3-4ABF-BC07-6445F9269DA1}"
EndProject
Project("{9A19103F-16F7-4668-BE54-9A1E7A4F7556}") = "ELFSharp", "lib\ELFSharp\ELFSharp\ELFSharp_NET.csproj", "{E296EC7C-D68F-4AA8-9FD7-E2828BAD0ABE}"
EndProject
Project("{9A19103F-16F7-4668-BE54-9A1E7A4F7556}") = "FdtSharp", "lib\FdtSharp\FdtSharp\FdtSharp_NET.csproj", "{FE4B9F4F-76E3-497D-B26B-40BA0D20FCF1}"
EndProject
Project("{9A19103F-16F7-4668-BE54-9A1E7A4F7556}") = "Migrant", "lib\Migrant\Migrant\Migrant_NET.csproj", "{0F18F980-54AA-4C54-8282-0A079678E2CD}"
EndProject
Project("{9A19103F-16F7-4668-BE54-9A1E7A4F7556}") = "OptionsParser", "lib\options-parser\OptionsParser_NET.csproj", "{993ED4ED-D6C4-4B5A-8DC1-4DE4AA6C4826}"
EndProject
Project("{9A19103F-16F7-4668-BE54-9A1E7A4F7556}") = "PacketDotNet", "lib\Packet.Net\PacketDotNet\PacketDotNet_NET.csproj", "{E7B8BFDB-6432-4321-83A3-42FCE8775436}"
EndProject
Project("{9A19103F-16F7-4668-BE54-9A1E7A4F7556}") = "TermSharp", "lib\termsharp\TermSharp_NET.csproj", "{F204E8AC-FF7D-4F6A-9442-61E7A3538505}"
EndProject
Project("{9A19103F-16F7-4668-BE54-9A1E7A4F7556}") = "Xwt", "lib\termsharp\xwt\Xwt\Xwt_NET.csproj", "{DCFA213D-1D5A-43F8-90F2-0A015299D1DA}"
EndProject
Project("{9A19103F-16F7-4668-BE54-9A1E7A4F7556}") = "Xwt.Gtk3", "lib\termsharp\xwt\Xwt.Gtk\Xwt.Gtk3_NET.csproj", "{3B25FD1F-CEBA-4450-8893-DC330FDB56A7}"
EndProject
Project("{9A19103F-16F7-4668-BE54-9A1E7A4F7556}") = "CoSimulationPlugin_NET", "src\Plugins\CoSimulationPlugin\CoSimulationPlugin_NET.csproj", "{A244A988-6ADC-4B90-912B-D66C680FA962}"
EndProject
Project("{9A19103F-16F7-4668-BE54-9A1E7A4F7556}") = "WiresharkPlugin_NET", "src\Plugins\WiresharkPlugin\WiresharkPlugin_NET.csproj", "{1FBC3B41-D61C-4528-8BA5-20EBA17C9031}"
EndProject
Project("{9A19103F-16F7-4668-BE54-9A1E7A4F7556}") = "SystemCPlugin_NET", "src\Plugins\SystemCPlugin\SystemCPlugin_NET.csproj", "{D7CEC81D-8BF1-4B3E-8B6A-5D7B3CA0C2F2}"
EndProject
Project("{9A19103F-16F7-4668-BE54-9A1E7A4F7556}") = "SampleCommandPlugin_NET", "src\Infrastructure\src\Plugins\SampleCommandPlugin\SampleCommandPlugin_NET.csproj", "{78DBBFB9-7193-4ABC-BE9F-DA839693C23A}"
EndProject
Project("{9A19103F-16F7-4668-BE54-9A1E7A4F7556}") = "TracePlugin_NET", "src\Infrastructure\src\Plugins\TracePlugin\TracePlugin_NET.csproj", "{2DB2469A-9F2E-4BA8-A4A0-333E4A319AF0}"
EndProject
Project("{9A19103F-16F7-4668-BE54-9A1E7A4F7556}") = "MonitorTests_NET", "src\Infrastructure\src\Emulator\Extensions\MonitorTests\MonitorTests_NET.csproj", "{101B7A46-D5A6-41DE-ADC3-36939FF62942}"
EndProject
Project("{9A19103F-16F7-4668-BE54-9A1E7A4F7556}") = "OptionsParserTests", "lib\options-parser\OptionsParserTests_NET.csproj", "{16DBE3C1-83C5-4472-85AC-CF654E4559AD}"
EndProject
Project("{9A19103F-16F7-4668-BE54-9A1E7A4F7556}") = "PeripheralsTests_NET", "src\Infrastructure\src\Emulator\Peripherals\Test\PeripheralsTests\PeripheralsTests_NET.csproj", "{EE62FCD8-B2F8-45B5-8E61-7D0E210A3708}"
EndProject
Project("{9A19103F-16F7-4668-BE54-9A1E7A4F7556}") = "RenodeTests_NET", "tests\unit-tests\RenodeTests\RenodeTests_NET.csproj", "{41219131-67B0-49AC-9265-A64EFC662B40}"
EndProject
Project("{9A19103F-16F7-4668-BE54-9A1E7A4F7556}") = "UnitTests_NET", "src\Infrastructure\src\Emulator\Main\Tests\UnitTests\UnitTests_NET.csproj", "{687F17E8-940B-4FF9-87AA-DF3E5AE02EFD}"
EndProject
Project("{9A19103F-16F7-4668-BE54-9A1E7A4F7556}") = "libtftp_alt", "lib\InpliTftpServer\libtftp\libtftp_alt_NET.csproj", "{5EF7FEA1-B17A-4C06-A720-02D9A33A0653}"
EndProject
Project("{9A19103F-16F7-4668-BE54-9A1E7A4F7556}") = "Renode_NET", "src\Renode\Renode_NET.csproj", "{0256DD7D-7962-4450-AF11-EA762F5BB57F}"
EndProject
Project("{2150E333-8FDC-42A3-9474-1A3956D46DE8}") = "src", "src", "{DFDAE07D-D5F1-4C9E-99F2-98E57E36D0E0}"
EndProject
Project("{2150E333-8FDC-42A3-9474-1A3956D46DE8}") = "Infrastructure", "Infrastructure", "{683A80BF-80F4-4013-A3B8-F614C6BDE371}"
EndProject
Project("{2150E333-8FDC-42A3-9474-1A3956D46DE8}") = "src", "src", "{F8A034B1-54DB-4EA9-9776-88610AE3DBB3}"
EndProject
Project("{2150E333-8FDC-42A3-9474-1A3956D46DE8}") = "Emulator", "Emulator", "{EA6A40C6-B8AD-4079-BDA9-EBFA2588D78D}"
EndProject
Global
	GlobalSection(SolutionConfigurationPlatforms) = preSolution
		Debug|Any CPU = Debug|Any CPU
		DebugHeadless|Any CPU = DebugHeadless|Any CPU
		DebugMono|Any CPU = DebugMono|Any CPU
		DebugWindows|Any CPU = DebugWindows|Any CPU
		Release|Any CPU = Release|Any CPU
		ReleaseHeadless|Any CPU = ReleaseHeadless|Any CPU
		ReleaseMono|Any CPU = ReleaseMono|Any CPU
		ReleaseWindows|Any CPU = ReleaseWindows|Any CPU
	EndGlobalSection
	GlobalSection(ProjectConfigurationPlatforms) = postSolution
		{220080D2-A102-018B-F7D9-FF971F0400F1}.Debug|Any CPU.ActiveCfg = Debug|Any CPU
		{220080D2-A102-018B-F7D9-FF971F0400F1}.Debug|Any CPU.Build.0 = Debug|Any CPU
		{220080D2-A102-018B-F7D9-FF971F0400F1}.DebugHeadless|Any CPU.ActiveCfg = Debug|Any CPU
		{220080D2-A102-018B-F7D9-FF971F0400F1}.DebugHeadless|Any CPU.Build.0 = Debug|Any CPU
		{220080D2-A102-018B-F7D9-FF971F0400F1}.DebugMono|Any CPU.ActiveCfg = Debug|Any CPU
		{220080D2-A102-018B-F7D9-FF971F0400F1}.DebugMono|Any CPU.Build.0 = Debug|Any CPU
		{220080D2-A102-018B-F7D9-FF971F0400F1}.DebugWindows|Any CPU.ActiveCfg = Debug|Any CPU
		{220080D2-A102-018B-F7D9-FF971F0400F1}.DebugWindows|Any CPU.Build.0 = Debug|Any CPU
		{220080D2-A102-018B-F7D9-FF971F0400F1}.Release|Any CPU.ActiveCfg = Release|Any CPU
		{220080D2-A102-018B-F7D9-FF971F0400F1}.Release|Any CPU.Build.0 = Release|Any CPU
		{220080D2-A102-018B-F7D9-FF971F0400F1}.ReleaseHeadless|Any CPU.ActiveCfg = Release|Any CPU
		{220080D2-A102-018B-F7D9-FF971F0400F1}.ReleaseHeadless|Any CPU.Build.0 = Release|Any CPU
		{220080D2-A102-018B-F7D9-FF971F0400F1}.ReleaseMono|Any CPU.ActiveCfg = Release|Any CPU
		{220080D2-A102-018B-F7D9-FF971F0400F1}.ReleaseMono|Any CPU.Build.0 = Release|Any CPU
		{220080D2-A102-018B-F7D9-FF971F0400F1}.ReleaseWindows|Any CPU.ActiveCfg = Release|Any CPU
		{220080D2-A102-018B-F7D9-FF971F0400F1}.ReleaseWindows|Any CPU.Build.0 = Release|Any CPU
		{99AD8BD7-93B4-4CC0-A161-5F0C16211D1D}.Debug|Any CPU.ActiveCfg = Debug|Any CPU
		{99AD8BD7-93B4-4CC0-A161-5F0C16211D1D}.Debug|Any CPU.Build.0 = Debug|Any CPU
		{99AD8BD7-93B4-4CC0-A161-5F0C16211D1D}.DebugHeadless|Any CPU.ActiveCfg = Debug|Any CPU
		{99AD8BD7-93B4-4CC0-A161-5F0C16211D1D}.DebugHeadless|Any CPU.Build.0 = Debug|Any CPU
		{99AD8BD7-93B4-4CC0-A161-5F0C16211D1D}.DebugMono|Any CPU.ActiveCfg = Debug|Any CPU
		{99AD8BD7-93B4-4CC0-A161-5F0C16211D1D}.DebugMono|Any CPU.Build.0 = Debug|Any CPU
		{99AD8BD7-93B4-4CC0-A161-5F0C16211D1D}.DebugWindows|Any CPU.ActiveCfg = Debug|Any CPU
		{99AD8BD7-93B4-4CC0-A161-5F0C16211D1D}.DebugWindows|Any CPU.Build.0 = Debug|Any CPU
		{99AD8BD7-93B4-4CC0-A161-5F0C16211D1D}.Release|Any CPU.ActiveCfg = Release|Any CPU
		{99AD8BD7-93B4-4CC0-A161-5F0C16211D1D}.Release|Any CPU.Build.0 = Release|Any CPU
		{99AD8BD7-93B4-4CC0-A161-5F0C16211D1D}.ReleaseHeadless|Any CPU.ActiveCfg = Release|Any CPU
		{99AD8BD7-93B4-4CC0-A161-5F0C16211D1D}.ReleaseHeadless|Any CPU.Build.0 = Release|Any CPU
		{99AD8BD7-93B4-4CC0-A161-5F0C16211D1D}.ReleaseMono|Any CPU.ActiveCfg = Release|Any CPU
		{99AD8BD7-93B4-4CC0-A161-5F0C16211D1D}.ReleaseMono|Any CPU.Build.0 = Release|Any CPU
		{99AD8BD7-93B4-4CC0-A161-5F0C16211D1D}.ReleaseWindows|Any CPU.ActiveCfg = Release|Any CPU
		{99AD8BD7-93B4-4CC0-A161-5F0C16211D1D}.ReleaseWindows|Any CPU.Build.0 = Release|Any CPU
		{4EF28705-CE68-4377-821B-80388FEEC687}.Debug|Any CPU.ActiveCfg = Debug|Any CPU
		{4EF28705-CE68-4377-821B-80388FEEC687}.Debug|Any CPU.Build.0 = Debug|Any CPU
		{4EF28705-CE68-4377-821B-80388FEEC687}.DebugHeadless|Any CPU.ActiveCfg = Debug|Any CPU
		{4EF28705-CE68-4377-821B-80388FEEC687}.DebugHeadless|Any CPU.Build.0 = Debug|Any CPU
		{4EF28705-CE68-4377-821B-80388FEEC687}.DebugMono|Any CPU.ActiveCfg = Debug|Any CPU
		{4EF28705-CE68-4377-821B-80388FEEC687}.DebugMono|Any CPU.Build.0 = Debug|Any CPU
		{4EF28705-CE68-4377-821B-80388FEEC687}.DebugWindows|Any CPU.ActiveCfg = Debug|Any CPU
		{4EF28705-CE68-4377-821B-80388FEEC687}.DebugWindows|Any CPU.Build.0 = Debug|Any CPU
		{4EF28705-CE68-4377-821B-80388FEEC687}.Release|Any CPU.ActiveCfg = Release|Any CPU
		{4EF28705-CE68-4377-821B-80388FEEC687}.Release|Any CPU.Build.0 = Release|Any CPU
		{4EF28705-CE68-4377-821B-80388FEEC687}.ReleaseHeadless|Any CPU.ActiveCfg = Release|Any CPU
		{4EF28705-CE68-4377-821B-80388FEEC687}.ReleaseHeadless|Any CPU.Build.0 = Release|Any CPU
		{4EF28705-CE68-4377-821B-80388FEEC687}.ReleaseMono|Any CPU.ActiveCfg = Release|Any CPU
		{4EF28705-CE68-4377-821B-80388FEEC687}.ReleaseMono|Any CPU.Build.0 = Release|Any CPU
		{4EF28705-CE68-4377-821B-80388FEEC687}.ReleaseWindows|Any CPU.ActiveCfg = Release|Any CPU
		{4EF28705-CE68-4377-821B-80388FEEC687}.ReleaseWindows|Any CPU.Build.0 = Release|Any CPU
		{CC3857B3-1CE3-4ABF-BC07-6445F9269DA1}.Debug|Any CPU.ActiveCfg = Debug|Any CPU
		{CC3857B3-1CE3-4ABF-BC07-6445F9269DA1}.Debug|Any CPU.Build.0 = Debug|Any CPU
		{CC3857B3-1CE3-4ABF-BC07-6445F9269DA1}.DebugHeadless|Any CPU.ActiveCfg = Debug|Any CPU
		{CC3857B3-1CE3-4ABF-BC07-6445F9269DA1}.DebugHeadless|Any CPU.Build.0 = Debug|Any CPU
		{CC3857B3-1CE3-4ABF-BC07-6445F9269DA1}.DebugMono|Any CPU.ActiveCfg = Debug|Any CPU
		{CC3857B3-1CE3-4ABF-BC07-6445F9269DA1}.DebugMono|Any CPU.Build.0 = Debug|Any CPU
		{CC3857B3-1CE3-4ABF-BC07-6445F9269DA1}.DebugWindows|Any CPU.ActiveCfg = Debug|Any CPU
		{CC3857B3-1CE3-4ABF-BC07-6445F9269DA1}.DebugWindows|Any CPU.Build.0 = Debug|Any CPU
		{CC3857B3-1CE3-4ABF-BC07-6445F9269DA1}.Release|Any CPU.ActiveCfg = Release|Any CPU
		{CC3857B3-1CE3-4ABF-BC07-6445F9269DA1}.Release|Any CPU.Build.0 = Release|Any CPU
		{CC3857B3-1CE3-4ABF-BC07-6445F9269DA1}.ReleaseHeadless|Any CPU.ActiveCfg = Release|Any CPU
		{CC3857B3-1CE3-4ABF-BC07-6445F9269DA1}.ReleaseHeadless|Any CPU.Build.0 = Release|Any CPU
		{CC3857B3-1CE3-4ABF-BC07-6445F9269DA1}.ReleaseMono|Any CPU.ActiveCfg = Release|Any CPU
		{CC3857B3-1CE3-4ABF-BC07-6445F9269DA1}.ReleaseMono|Any CPU.Build.0 = Release|Any CPU
		{CC3857B3-1CE3-4ABF-BC07-6445F9269DA1}.ReleaseWindows|Any CPU.ActiveCfg = Release|Any CPU
		{CC3857B3-1CE3-4ABF-BC07-6445F9269DA1}.ReleaseWindows|Any CPU.Build.0 = Release|Any CPU
		{E296EC7C-D68F-4AA8-9FD7-E2828BAD0ABE}.Debug|Any CPU.ActiveCfg = Debug|Any CPU
		{E296EC7C-D68F-4AA8-9FD7-E2828BAD0ABE}.Debug|Any CPU.Build.0 = Debug|Any CPU
		{E296EC7C-D68F-4AA8-9FD7-E2828BAD0ABE}.DebugHeadless|Any CPU.ActiveCfg = Debug|Any CPU
		{E296EC7C-D68F-4AA8-9FD7-E2828BAD0ABE}.DebugHeadless|Any CPU.Build.0 = Debug|Any CPU
		{E296EC7C-D68F-4AA8-9FD7-E2828BAD0ABE}.DebugMono|Any CPU.ActiveCfg = Debug|Any CPU
		{E296EC7C-D68F-4AA8-9FD7-E2828BAD0ABE}.DebugMono|Any CPU.Build.0 = Debug|Any CPU
		{E296EC7C-D68F-4AA8-9FD7-E2828BAD0ABE}.DebugWindows|Any CPU.ActiveCfg = Debug|Any CPU
		{E296EC7C-D68F-4AA8-9FD7-E2828BAD0ABE}.DebugWindows|Any CPU.Build.0 = Debug|Any CPU
		{E296EC7C-D68F-4AA8-9FD7-E2828BAD0ABE}.Release|Any CPU.ActiveCfg = Release|Any CPU
		{E296EC7C-D68F-4AA8-9FD7-E2828BAD0ABE}.Release|Any CPU.Build.0 = Release|Any CPU
		{E296EC7C-D68F-4AA8-9FD7-E2828BAD0ABE}.ReleaseHeadless|Any CPU.ActiveCfg = Release|Any CPU
		{E296EC7C-D68F-4AA8-9FD7-E2828BAD0ABE}.ReleaseHeadless|Any CPU.Build.0 = Release|Any CPU
		{E296EC7C-D68F-4AA8-9FD7-E2828BAD0ABE}.ReleaseMono|Any CPU.ActiveCfg = Release|Any CPU
		{E296EC7C-D68F-4AA8-9FD7-E2828BAD0ABE}.ReleaseMono|Any CPU.Build.0 = Release|Any CPU
		{E296EC7C-D68F-4AA8-9FD7-E2828BAD0ABE}.ReleaseWindows|Any CPU.ActiveCfg = Release|Any CPU
		{E296EC7C-D68F-4AA8-9FD7-E2828BAD0ABE}.ReleaseWindows|Any CPU.Build.0 = Release|Any CPU
		{FE4B9F4F-76E3-497D-B26B-40BA0D20FCF1}.Debug|Any CPU.ActiveCfg = Debug|Any CPU
		{FE4B9F4F-76E3-497D-B26B-40BA0D20FCF1}.Debug|Any CPU.Build.0 = Debug|Any CPU
		{FE4B9F4F-76E3-497D-B26B-40BA0D20FCF1}.DebugHeadless|Any CPU.ActiveCfg = Debug|Any CPU
		{FE4B9F4F-76E3-497D-B26B-40BA0D20FCF1}.DebugHeadless|Any CPU.Build.0 = Debug|Any CPU
		{FE4B9F4F-76E3-497D-B26B-40BA0D20FCF1}.DebugMono|Any CPU.ActiveCfg = Debug|Any CPU
		{FE4B9F4F-76E3-497D-B26B-40BA0D20FCF1}.DebugMono|Any CPU.Build.0 = Debug|Any CPU
		{FE4B9F4F-76E3-497D-B26B-40BA0D20FCF1}.DebugWindows|Any CPU.ActiveCfg = Debug|Any CPU
		{FE4B9F4F-76E3-497D-B26B-40BA0D20FCF1}.DebugWindows|Any CPU.Build.0 = Debug|Any CPU
		{FE4B9F4F-76E3-497D-B26B-40BA0D20FCF1}.Release|Any CPU.ActiveCfg = Release|Any CPU
		{FE4B9F4F-76E3-497D-B26B-40BA0D20FCF1}.Release|Any CPU.Build.0 = Release|Any CPU
		{FE4B9F4F-76E3-497D-B26B-40BA0D20FCF1}.ReleaseHeadless|Any CPU.ActiveCfg = Release|Any CPU
		{FE4B9F4F-76E3-497D-B26B-40BA0D20FCF1}.ReleaseHeadless|Any CPU.Build.0 = Release|Any CPU
		{FE4B9F4F-76E3-497D-B26B-40BA0D20FCF1}.ReleaseMono|Any CPU.ActiveCfg = Release|Any CPU
		{FE4B9F4F-76E3-497D-B26B-40BA0D20FCF1}.ReleaseMono|Any CPU.Build.0 = Release|Any CPU
		{FE4B9F4F-76E3-497D-B26B-40BA0D20FCF1}.ReleaseWindows|Any CPU.ActiveCfg = Release|Any CPU
		{FE4B9F4F-76E3-497D-B26B-40BA0D20FCF1}.ReleaseWindows|Any CPU.Build.0 = Release|Any CPU
		{0F18F980-54AA-4C54-8282-0A079678E2CD}.Debug|Any CPU.ActiveCfg = Debug|Any CPU
		{0F18F980-54AA-4C54-8282-0A079678E2CD}.Debug|Any CPU.Build.0 = Debug|Any CPU
		{0F18F980-54AA-4C54-8282-0A079678E2CD}.DebugHeadless|Any CPU.ActiveCfg = Debug|Any CPU
		{0F18F980-54AA-4C54-8282-0A079678E2CD}.DebugHeadless|Any CPU.Build.0 = Debug|Any CPU
		{0F18F980-54AA-4C54-8282-0A079678E2CD}.DebugMono|Any CPU.ActiveCfg = Debug|Any CPU
		{0F18F980-54AA-4C54-8282-0A079678E2CD}.DebugMono|Any CPU.Build.0 = Debug|Any CPU
		{0F18F980-54AA-4C54-8282-0A079678E2CD}.DebugWindows|Any CPU.ActiveCfg = Debug|Any CPU
		{0F18F980-54AA-4C54-8282-0A079678E2CD}.DebugWindows|Any CPU.Build.0 = Debug|Any CPU
		{0F18F980-54AA-4C54-8282-0A079678E2CD}.Release|Any CPU.ActiveCfg = Release|Any CPU
		{0F18F980-54AA-4C54-8282-0A079678E2CD}.Release|Any CPU.Build.0 = Release|Any CPU
		{0F18F980-54AA-4C54-8282-0A079678E2CD}.ReleaseHeadless|Any CPU.ActiveCfg = Release|Any CPU
		{0F18F980-54AA-4C54-8282-0A079678E2CD}.ReleaseHeadless|Any CPU.Build.0 = Release|Any CPU
		{0F18F980-54AA-4C54-8282-0A079678E2CD}.ReleaseMono|Any CPU.ActiveCfg = Release|Any CPU
		{0F18F980-54AA-4C54-8282-0A079678E2CD}.ReleaseMono|Any CPU.Build.0 = Release|Any CPU
		{0F18F980-54AA-4C54-8282-0A079678E2CD}.ReleaseWindows|Any CPU.ActiveCfg = Release|Any CPU
		{0F18F980-54AA-4C54-8282-0A079678E2CD}.ReleaseWindows|Any CPU.Build.0 = Release|Any CPU
		{993ED4ED-D6C4-4B5A-8DC1-4DE4AA6C4826}.Debug|Any CPU.ActiveCfg = Debug|Any CPU
		{993ED4ED-D6C4-4B5A-8DC1-4DE4AA6C4826}.Debug|Any CPU.Build.0 = Debug|Any CPU
		{993ED4ED-D6C4-4B5A-8DC1-4DE4AA6C4826}.DebugHeadless|Any CPU.ActiveCfg = Debug|Any CPU
		{993ED4ED-D6C4-4B5A-8DC1-4DE4AA6C4826}.DebugHeadless|Any CPU.Build.0 = Debug|Any CPU
		{993ED4ED-D6C4-4B5A-8DC1-4DE4AA6C4826}.DebugMono|Any CPU.ActiveCfg = Debug|Any CPU
		{993ED4ED-D6C4-4B5A-8DC1-4DE4AA6C4826}.DebugMono|Any CPU.Build.0 = Debug|Any CPU
		{993ED4ED-D6C4-4B5A-8DC1-4DE4AA6C4826}.DebugWindows|Any CPU.ActiveCfg = Debug|Any CPU
		{993ED4ED-D6C4-4B5A-8DC1-4DE4AA6C4826}.DebugWindows|Any CPU.Build.0 = Debug|Any CPU
		{993ED4ED-D6C4-4B5A-8DC1-4DE4AA6C4826}.Release|Any CPU.ActiveCfg = Release|Any CPU
		{993ED4ED-D6C4-4B5A-8DC1-4DE4AA6C4826}.Release|Any CPU.Build.0 = Release|Any CPU
		{993ED4ED-D6C4-4B5A-8DC1-4DE4AA6C4826}.ReleaseHeadless|Any CPU.ActiveCfg = Release|Any CPU
		{993ED4ED-D6C4-4B5A-8DC1-4DE4AA6C4826}.ReleaseHeadless|Any CPU.Build.0 = Release|Any CPU
		{993ED4ED-D6C4-4B5A-8DC1-4DE4AA6C4826}.ReleaseMono|Any CPU.ActiveCfg = Release|Any CPU
		{993ED4ED-D6C4-4B5A-8DC1-4DE4AA6C4826}.ReleaseMono|Any CPU.Build.0 = Release|Any CPU
		{993ED4ED-D6C4-4B5A-8DC1-4DE4AA6C4826}.ReleaseWindows|Any CPU.ActiveCfg = Release|Any CPU
		{993ED4ED-D6C4-4B5A-8DC1-4DE4AA6C4826}.ReleaseWindows|Any CPU.Build.0 = Release|Any CPU
		{E7B8BFDB-6432-4321-83A3-42FCE8775436}.Debug|Any CPU.ActiveCfg = Debug|Any CPU
		{E7B8BFDB-6432-4321-83A3-42FCE8775436}.Debug|Any CPU.Build.0 = Debug|Any CPU
		{E7B8BFDB-6432-4321-83A3-42FCE8775436}.DebugHeadless|Any CPU.ActiveCfg = Debug|Any CPU
		{E7B8BFDB-6432-4321-83A3-42FCE8775436}.DebugHeadless|Any CPU.Build.0 = Debug|Any CPU
		{E7B8BFDB-6432-4321-83A3-42FCE8775436}.DebugMono|Any CPU.ActiveCfg = Debug|Any CPU
		{E7B8BFDB-6432-4321-83A3-42FCE8775436}.DebugMono|Any CPU.Build.0 = Debug|Any CPU
		{E7B8BFDB-6432-4321-83A3-42FCE8775436}.DebugWindows|Any CPU.ActiveCfg = Debug|Any CPU
		{E7B8BFDB-6432-4321-83A3-42FCE8775436}.DebugWindows|Any CPU.Build.0 = Debug|Any CPU
		{E7B8BFDB-6432-4321-83A3-42FCE8775436}.Release|Any CPU.ActiveCfg = Release|Any CPU
		{E7B8BFDB-6432-4321-83A3-42FCE8775436}.Release|Any CPU.Build.0 = Release|Any CPU
		{E7B8BFDB-6432-4321-83A3-42FCE8775436}.ReleaseHeadless|Any CPU.ActiveCfg = Release|Any CPU
		{E7B8BFDB-6432-4321-83A3-42FCE8775436}.ReleaseHeadless|Any CPU.Build.0 = Release|Any CPU
		{E7B8BFDB-6432-4321-83A3-42FCE8775436}.ReleaseMono|Any CPU.ActiveCfg = Release|Any CPU
		{E7B8BFDB-6432-4321-83A3-42FCE8775436}.ReleaseMono|Any CPU.Build.0 = Release|Any CPU
		{E7B8BFDB-6432-4321-83A3-42FCE8775436}.ReleaseWindows|Any CPU.ActiveCfg = Release|Any CPU
		{E7B8BFDB-6432-4321-83A3-42FCE8775436}.ReleaseWindows|Any CPU.Build.0 = Release|Any CPU
		{F204E8AC-FF7D-4F6A-9442-61E7A3538505}.Debug|Any CPU.ActiveCfg = Debug|Any CPU
		{F204E8AC-FF7D-4F6A-9442-61E7A3538505}.Debug|Any CPU.Build.0 = Debug|Any CPU
		{F204E8AC-FF7D-4F6A-9442-61E7A3538505}.DebugHeadless|Any CPU.ActiveCfg = Debug|Any CPU
		{F204E8AC-FF7D-4F6A-9442-61E7A3538505}.DebugHeadless|Any CPU.Build.0 = Debug|Any CPU
		{F204E8AC-FF7D-4F6A-9442-61E7A3538505}.DebugMono|Any CPU.ActiveCfg = Debug|Any CPU
		{F204E8AC-FF7D-4F6A-9442-61E7A3538505}.DebugMono|Any CPU.Build.0 = Debug|Any CPU
		{F204E8AC-FF7D-4F6A-9442-61E7A3538505}.DebugWindows|Any CPU.ActiveCfg = Debug|Any CPU
		{F204E8AC-FF7D-4F6A-9442-61E7A3538505}.DebugWindows|Any CPU.Build.0 = Debug|Any CPU
		{F204E8AC-FF7D-4F6A-9442-61E7A3538505}.Release|Any CPU.ActiveCfg = Release|Any CPU
		{F204E8AC-FF7D-4F6A-9442-61E7A3538505}.Release|Any CPU.Build.0 = Release|Any CPU
		{F204E8AC-FF7D-4F6A-9442-61E7A3538505}.ReleaseHeadless|Any CPU.ActiveCfg = Release|Any CPU
		{F204E8AC-FF7D-4F6A-9442-61E7A3538505}.ReleaseHeadless|Any CPU.Build.0 = Release|Any CPU
		{F204E8AC-FF7D-4F6A-9442-61E7A3538505}.ReleaseMono|Any CPU.ActiveCfg = Release|Any CPU
		{F204E8AC-FF7D-4F6A-9442-61E7A3538505}.ReleaseMono|Any CPU.Build.0 = Release|Any CPU
		{F204E8AC-FF7D-4F6A-9442-61E7A3538505}.ReleaseWindows|Any CPU.ActiveCfg = Release|Any CPU
		{F204E8AC-FF7D-4F6A-9442-61E7A3538505}.ReleaseWindows|Any CPU.Build.0 = Release|Any CPU
		{DCFA213D-1D5A-43F8-90F2-0A015299D1DA}.Debug|Any CPU.ActiveCfg = Debug|Any CPU
		{DCFA213D-1D5A-43F8-90F2-0A015299D1DA}.Debug|Any CPU.Build.0 = Debug|Any CPU
		{DCFA213D-1D5A-43F8-90F2-0A015299D1DA}.DebugHeadless|Any CPU.ActiveCfg = Debug|Any CPU
		{DCFA213D-1D5A-43F8-90F2-0A015299D1DA}.DebugHeadless|Any CPU.Build.0 = Debug|Any CPU
		{DCFA213D-1D5A-43F8-90F2-0A015299D1DA}.DebugMono|Any CPU.ActiveCfg = Debug|Any CPU
		{DCFA213D-1D5A-43F8-90F2-0A015299D1DA}.DebugMono|Any CPU.Build.0 = Debug|Any CPU
		{DCFA213D-1D5A-43F8-90F2-0A015299D1DA}.DebugWindows|Any CPU.ActiveCfg = Debug|Any CPU
		{DCFA213D-1D5A-43F8-90F2-0A015299D1DA}.DebugWindows|Any CPU.Build.0 = Debug|Any CPU
		{DCFA213D-1D5A-43F8-90F2-0A015299D1DA}.Release|Any CPU.ActiveCfg = Release|Any CPU
		{DCFA213D-1D5A-43F8-90F2-0A015299D1DA}.Release|Any CPU.Build.0 = Release|Any CPU
		{DCFA213D-1D5A-43F8-90F2-0A015299D1DA}.ReleaseHeadless|Any CPU.ActiveCfg = Release|Any CPU
		{DCFA213D-1D5A-43F8-90F2-0A015299D1DA}.ReleaseHeadless|Any CPU.Build.0 = Release|Any CPU
		{DCFA213D-1D5A-43F8-90F2-0A015299D1DA}.ReleaseMono|Any CPU.ActiveCfg = Release|Any CPU
		{DCFA213D-1D5A-43F8-90F2-0A015299D1DA}.ReleaseMono|Any CPU.Build.0 = Release|Any CPU
		{DCFA213D-1D5A-43F8-90F2-0A015299D1DA}.ReleaseWindows|Any CPU.ActiveCfg = Release|Any CPU
		{DCFA213D-1D5A-43F8-90F2-0A015299D1DA}.ReleaseWindows|Any CPU.Build.0 = Release|Any CPU
		{3B25FD1F-CEBA-4450-8893-DC330FDB56A7}.Debug|Any CPU.ActiveCfg = Debug|Any CPU
		{3B25FD1F-CEBA-4450-8893-DC330FDB56A7}.Debug|Any CPU.Build.0 = Debug|Any CPU
		{3B25FD1F-CEBA-4450-8893-DC330FDB56A7}.DebugHeadless|Any CPU.ActiveCfg = Debug|Any CPU
		{3B25FD1F-CEBA-4450-8893-DC330FDB56A7}.DebugHeadless|Any CPU.Build.0 = Debug|Any CPU
		{3B25FD1F-CEBA-4450-8893-DC330FDB56A7}.DebugMono|Any CPU.ActiveCfg = Debug|Any CPU
		{3B25FD1F-CEBA-4450-8893-DC330FDB56A7}.DebugMono|Any CPU.Build.0 = Debug|Any CPU
		{3B25FD1F-CEBA-4450-8893-DC330FDB56A7}.DebugWindows|Any CPU.ActiveCfg = Debug|Any CPU
		{3B25FD1F-CEBA-4450-8893-DC330FDB56A7}.DebugWindows|Any CPU.Build.0 = Debug|Any CPU
		{3B25FD1F-CEBA-4450-8893-DC330FDB56A7}.Release|Any CPU.ActiveCfg = Release|Any CPU
		{3B25FD1F-CEBA-4450-8893-DC330FDB56A7}.Release|Any CPU.Build.0 = Release|Any CPU
		{3B25FD1F-CEBA-4450-8893-DC330FDB56A7}.ReleaseHeadless|Any CPU.ActiveCfg = Release|Any CPU
		{3B25FD1F-CEBA-4450-8893-DC330FDB56A7}.ReleaseHeadless|Any CPU.Build.0 = Release|Any CPU
		{3B25FD1F-CEBA-4450-8893-DC330FDB56A7}.ReleaseMono|Any CPU.ActiveCfg = Release|Any CPU
		{3B25FD1F-CEBA-4450-8893-DC330FDB56A7}.ReleaseMono|Any CPU.Build.0 = Release|Any CPU
		{3B25FD1F-CEBA-4450-8893-DC330FDB56A7}.ReleaseWindows|Any CPU.ActiveCfg = Release|Any CPU
		{3B25FD1F-CEBA-4450-8893-DC330FDB56A7}.ReleaseWindows|Any CPU.Build.0 = Release|Any CPU
		{D7CEC81D-8BF1-4B3E-8B6A-5D7B3CA0C2F2}.Debug|Any CPU.ActiveCfg = Debug|Any CPU
		{D7CEC81D-8BF1-4B3E-8B6A-5D7B3CA0C2F2}.Debug|Any CPU.Build.0 = Debug|Any CPU
		{D7CEC81D-8BF1-4B3E-8B6A-5D7B3CA0C2F2}.DebugHeadless|Any CPU.ActiveCfg = Debug|Any CPU
		{D7CEC81D-8BF1-4B3E-8B6A-5D7B3CA0C2F2}.DebugHeadless|Any CPU.Build.0 = Debug|Any CPU
		{D7CEC81D-8BF1-4B3E-8B6A-5D7B3CA0C2F2}.DebugMono|Any CPU.ActiveCfg = Debug|Any CPU
		{D7CEC81D-8BF1-4B3E-8B6A-5D7B3CA0C2F2}.DebugMono|Any CPU.Build.0 = Debug|Any CPU
		{D7CEC81D-8BF1-4B3E-8B6A-5D7B3CA0C2F2}.DebugWindows|Any CPU.ActiveCfg = Debug|Any CPU
		{D7CEC81D-8BF1-4B3E-8B6A-5D7B3CA0C2F2}.DebugWindows|Any CPU.Build.0 = Debug|Any CPU
		{D7CEC81D-8BF1-4B3E-8B6A-5D7B3CA0C2F2}.Release|Any CPU.ActiveCfg = Release|Any CPU
		{D7CEC81D-8BF1-4B3E-8B6A-5D7B3CA0C2F2}.Release|Any CPU.Build.0 = Release|Any CPU
		{D7CEC81D-8BF1-4B3E-8B6A-5D7B3CA0C2F2}.ReleaseHeadless|Any CPU.ActiveCfg = Release|Any CPU
		{D7CEC81D-8BF1-4B3E-8B6A-5D7B3CA0C2F2}.ReleaseHeadless|Any CPU.Build.0 = Release|Any CPU
		{D7CEC81D-8BF1-4B3E-8B6A-5D7B3CA0C2F2}.ReleaseMono|Any CPU.ActiveCfg = Release|Any CPU
		{D7CEC81D-8BF1-4B3E-8B6A-5D7B3CA0C2F2}.ReleaseMono|Any CPU.Build.0 = Release|Any CPU
		{D7CEC81D-8BF1-4B3E-8B6A-5D7B3CA0C2F2}.ReleaseWindows|Any CPU.ActiveCfg = Release|Any CPU
		{D7CEC81D-8BF1-4B3E-8B6A-5D7B3CA0C2F2}.ReleaseWindows|Any CPU.Build.0 = Release|Any CPU
		{A244A988-6ADC-4B90-912B-D66C680FA962}.Debug|Any CPU.ActiveCfg = Debug|Any CPU
		{A244A988-6ADC-4B90-912B-D66C680FA962}.Debug|Any CPU.Build.0 = Debug|Any CPU
		{A244A988-6ADC-4B90-912B-D66C680FA962}.DebugHeadless|Any CPU.ActiveCfg = Debug|Any CPU
		{A244A988-6ADC-4B90-912B-D66C680FA962}.DebugHeadless|Any CPU.Build.0 = Debug|Any CPU
		{A244A988-6ADC-4B90-912B-D66C680FA962}.DebugMono|Any CPU.ActiveCfg = Debug|Any CPU
		{A244A988-6ADC-4B90-912B-D66C680FA962}.DebugMono|Any CPU.Build.0 = Debug|Any CPU
		{A244A988-6ADC-4B90-912B-D66C680FA962}.DebugWindows|Any CPU.ActiveCfg = Debug|Any CPU
		{A244A988-6ADC-4B90-912B-D66C680FA962}.DebugWindows|Any CPU.Build.0 = Debug|Any CPU
		{A244A988-6ADC-4B90-912B-D66C680FA962}.Release|Any CPU.ActiveCfg = Release|Any CPU
		{A244A988-6ADC-4B90-912B-D66C680FA962}.Release|Any CPU.Build.0 = Release|Any CPU
		{A244A988-6ADC-4B90-912B-D66C680FA962}.ReleaseHeadless|Any CPU.ActiveCfg = Release|Any CPU
		{A244A988-6ADC-4B90-912B-D66C680FA962}.ReleaseHeadless|Any CPU.Build.0 = Release|Any CPU
		{A244A988-6ADC-4B90-912B-D66C680FA962}.ReleaseMono|Any CPU.ActiveCfg = Release|Any CPU
		{A244A988-6ADC-4B90-912B-D66C680FA962}.ReleaseMono|Any CPU.Build.0 = Release|Any CPU
		{A244A988-6ADC-4B90-912B-D66C680FA962}.ReleaseWindows|Any CPU.ActiveCfg = Release|Any CPU
		{A244A988-6ADC-4B90-912B-D66C680FA962}.ReleaseWindows|Any CPU.Build.0 = Release|Any CPU
		{1FBC3B41-D61C-4528-8BA5-20EBA17C9031}.Debug|Any CPU.ActiveCfg = Debug|Any CPU
		{1FBC3B41-D61C-4528-8BA5-20EBA17C9031}.Debug|Any CPU.Build.0 = Debug|Any CPU
		{1FBC3B41-D61C-4528-8BA5-20EBA17C9031}.DebugHeadless|Any CPU.ActiveCfg = Debug|Any CPU
		{1FBC3B41-D61C-4528-8BA5-20EBA17C9031}.DebugHeadless|Any CPU.Build.0 = Debug|Any CPU
		{1FBC3B41-D61C-4528-8BA5-20EBA17C9031}.DebugMono|Any CPU.ActiveCfg = Debug|Any CPU
		{1FBC3B41-D61C-4528-8BA5-20EBA17C9031}.DebugMono|Any CPU.Build.0 = Debug|Any CPU
		{1FBC3B41-D61C-4528-8BA5-20EBA17C9031}.DebugWindows|Any CPU.ActiveCfg = Debug|Any CPU
		{1FBC3B41-D61C-4528-8BA5-20EBA17C9031}.DebugWindows|Any CPU.Build.0 = Debug|Any CPU
		{1FBC3B41-D61C-4528-8BA5-20EBA17C9031}.Release|Any CPU.ActiveCfg = Release|Any CPU
		{1FBC3B41-D61C-4528-8BA5-20EBA17C9031}.Release|Any CPU.Build.0 = Release|Any CPU
		{1FBC3B41-D61C-4528-8BA5-20EBA17C9031}.ReleaseHeadless|Any CPU.ActiveCfg = Release|Any CPU
		{1FBC3B41-D61C-4528-8BA5-20EBA17C9031}.ReleaseHeadless|Any CPU.Build.0 = Release|Any CPU
		{1FBC3B41-D61C-4528-8BA5-20EBA17C9031}.ReleaseMono|Any CPU.ActiveCfg = Release|Any CPU
		{1FBC3B41-D61C-4528-8BA5-20EBA17C9031}.ReleaseMono|Any CPU.Build.0 = Release|Any CPU
		{1FBC3B41-D61C-4528-8BA5-20EBA17C9031}.ReleaseWindows|Any CPU.ActiveCfg = Release|Any CPU
		{1FBC3B41-D61C-4528-8BA5-20EBA17C9031}.ReleaseWindows|Any CPU.Build.0 = Release|Any CPU
		{78DBBFB9-7193-4ABC-BE9F-DA839693C23A}.Debug|Any CPU.ActiveCfg = Debug|Any CPU
		{78DBBFB9-7193-4ABC-BE9F-DA839693C23A}.Debug|Any CPU.Build.0 = Debug|Any CPU
		{78DBBFB9-7193-4ABC-BE9F-DA839693C23A}.DebugHeadless|Any CPU.ActiveCfg = Debug|Any CPU
		{78DBBFB9-7193-4ABC-BE9F-DA839693C23A}.DebugHeadless|Any CPU.Build.0 = Debug|Any CPU
		{78DBBFB9-7193-4ABC-BE9F-DA839693C23A}.DebugMono|Any CPU.ActiveCfg = Debug|Any CPU
		{78DBBFB9-7193-4ABC-BE9F-DA839693C23A}.DebugMono|Any CPU.Build.0 = Debug|Any CPU
		{78DBBFB9-7193-4ABC-BE9F-DA839693C23A}.DebugWindows|Any CPU.ActiveCfg = Debug|Any CPU
		{78DBBFB9-7193-4ABC-BE9F-DA839693C23A}.DebugWindows|Any CPU.Build.0 = Debug|Any CPU
		{78DBBFB9-7193-4ABC-BE9F-DA839693C23A}.Release|Any CPU.ActiveCfg = Release|Any CPU
		{78DBBFB9-7193-4ABC-BE9F-DA839693C23A}.Release|Any CPU.Build.0 = Release|Any CPU
		{78DBBFB9-7193-4ABC-BE9F-DA839693C23A}.ReleaseHeadless|Any CPU.ActiveCfg = Release|Any CPU
		{78DBBFB9-7193-4ABC-BE9F-DA839693C23A}.ReleaseHeadless|Any CPU.Build.0 = Release|Any CPU
		{78DBBFB9-7193-4ABC-BE9F-DA839693C23A}.ReleaseMono|Any CPU.ActiveCfg = Release|Any CPU
		{78DBBFB9-7193-4ABC-BE9F-DA839693C23A}.ReleaseMono|Any CPU.Build.0 = Release|Any CPU
		{78DBBFB9-7193-4ABC-BE9F-DA839693C23A}.ReleaseWindows|Any CPU.ActiveCfg = Release|Any CPU
		{78DBBFB9-7193-4ABC-BE9F-DA839693C23A}.ReleaseWindows|Any CPU.Build.0 = Release|Any CPU
		{2DB2469A-9F2E-4BA8-A4A0-333E4A319AF0}.Debug|Any CPU.ActiveCfg = Debug|Any CPU
		{2DB2469A-9F2E-4BA8-A4A0-333E4A319AF0}.Debug|Any CPU.Build.0 = Debug|Any CPU
		{2DB2469A-9F2E-4BA8-A4A0-333E4A319AF0}.DebugHeadless|Any CPU.ActiveCfg = Debug|Any CPU
		{2DB2469A-9F2E-4BA8-A4A0-333E4A319AF0}.DebugHeadless|Any CPU.Build.0 = Debug|Any CPU
		{2DB2469A-9F2E-4BA8-A4A0-333E4A319AF0}.DebugMono|Any CPU.ActiveCfg = Debug|Any CPU
		{2DB2469A-9F2E-4BA8-A4A0-333E4A319AF0}.DebugMono|Any CPU.Build.0 = Debug|Any CPU
		{2DB2469A-9F2E-4BA8-A4A0-333E4A319AF0}.DebugWindows|Any CPU.ActiveCfg = Debug|Any CPU
		{2DB2469A-9F2E-4BA8-A4A0-333E4A319AF0}.DebugWindows|Any CPU.Build.0 = Debug|Any CPU
		{2DB2469A-9F2E-4BA8-A4A0-333E4A319AF0}.Release|Any CPU.ActiveCfg = Release|Any CPU
		{2DB2469A-9F2E-4BA8-A4A0-333E4A319AF0}.Release|Any CPU.Build.0 = Release|Any CPU
		{2DB2469A-9F2E-4BA8-A4A0-333E4A319AF0}.ReleaseHeadless|Any CPU.ActiveCfg = Release|Any CPU
		{2DB2469A-9F2E-4BA8-A4A0-333E4A319AF0}.ReleaseHeadless|Any CPU.Build.0 = Release|Any CPU
		{2DB2469A-9F2E-4BA8-A4A0-333E4A319AF0}.ReleaseMono|Any CPU.ActiveCfg = Release|Any CPU
		{2DB2469A-9F2E-4BA8-A4A0-333E4A319AF0}.ReleaseMono|Any CPU.Build.0 = Release|Any CPU
		{2DB2469A-9F2E-4BA8-A4A0-333E4A319AF0}.ReleaseWindows|Any CPU.ActiveCfg = Release|Any CPU
		{2DB2469A-9F2E-4BA8-A4A0-333E4A319AF0}.ReleaseWindows|Any CPU.Build.0 = Release|Any CPU
		{101B7A46-D5A6-41DE-ADC3-36939FF62942}.Debug|Any CPU.ActiveCfg = Debug|Any CPU
		{101B7A46-D5A6-41DE-ADC3-36939FF62942}.Debug|Any CPU.Build.0 = Debug|Any CPU
		{101B7A46-D5A6-41DE-ADC3-36939FF62942}.DebugHeadless|Any CPU.ActiveCfg = Debug|Any CPU
		{101B7A46-D5A6-41DE-ADC3-36939FF62942}.DebugHeadless|Any CPU.Build.0 = Debug|Any CPU
		{101B7A46-D5A6-41DE-ADC3-36939FF62942}.DebugMono|Any CPU.ActiveCfg = Debug|Any CPU
		{101B7A46-D5A6-41DE-ADC3-36939FF62942}.DebugMono|Any CPU.Build.0 = Debug|Any CPU
		{101B7A46-D5A6-41DE-ADC3-36939FF62942}.DebugWindows|Any CPU.ActiveCfg = Debug|Any CPU
		{101B7A46-D5A6-41DE-ADC3-36939FF62942}.DebugWindows|Any CPU.Build.0 = Debug|Any CPU
		{101B7A46-D5A6-41DE-ADC3-36939FF62942}.Release|Any CPU.ActiveCfg = Release|Any CPU
		{101B7A46-D5A6-41DE-ADC3-36939FF62942}.Release|Any CPU.Build.0 = Release|Any CPU
		{101B7A46-D5A6-41DE-ADC3-36939FF62942}.ReleaseHeadless|Any CPU.ActiveCfg = Release|Any CPU
		{101B7A46-D5A6-41DE-ADC3-36939FF62942}.ReleaseHeadless|Any CPU.Build.0 = Release|Any CPU
		{101B7A46-D5A6-41DE-ADC3-36939FF62942}.ReleaseMono|Any CPU.ActiveCfg = Release|Any CPU
		{101B7A46-D5A6-41DE-ADC3-36939FF62942}.ReleaseMono|Any CPU.Build.0 = Release|Any CPU
		{101B7A46-D5A6-41DE-ADC3-36939FF62942}.ReleaseWindows|Any CPU.ActiveCfg = Release|Any CPU
		{101B7A46-D5A6-41DE-ADC3-36939FF62942}.ReleaseWindows|Any CPU.Build.0 = Release|Any CPU
		{16DBE3C1-83C5-4472-85AC-CF654E4559AD}.Debug|Any CPU.ActiveCfg = Debug|Any CPU
		{16DBE3C1-83C5-4472-85AC-CF654E4559AD}.Debug|Any CPU.Build.0 = Debug|Any CPU
		{16DBE3C1-83C5-4472-85AC-CF654E4559AD}.DebugHeadless|Any CPU.ActiveCfg = Debug|Any CPU
		{16DBE3C1-83C5-4472-85AC-CF654E4559AD}.DebugHeadless|Any CPU.Build.0 = Debug|Any CPU
		{16DBE3C1-83C5-4472-85AC-CF654E4559AD}.DebugMono|Any CPU.ActiveCfg = Debug|Any CPU
		{16DBE3C1-83C5-4472-85AC-CF654E4559AD}.DebugMono|Any CPU.Build.0 = Debug|Any CPU
		{16DBE3C1-83C5-4472-85AC-CF654E4559AD}.DebugWindows|Any CPU.ActiveCfg = Debug|Any CPU
		{16DBE3C1-83C5-4472-85AC-CF654E4559AD}.DebugWindows|Any CPU.Build.0 = Debug|Any CPU
		{16DBE3C1-83C5-4472-85AC-CF654E4559AD}.Release|Any CPU.ActiveCfg = Release|Any CPU
		{16DBE3C1-83C5-4472-85AC-CF654E4559AD}.Release|Any CPU.Build.0 = Release|Any CPU
		{16DBE3C1-83C5-4472-85AC-CF654E4559AD}.ReleaseHeadless|Any CPU.ActiveCfg = Release|Any CPU
		{16DBE3C1-83C5-4472-85AC-CF654E4559AD}.ReleaseHeadless|Any CPU.Build.0 = Release|Any CPU
		{16DBE3C1-83C5-4472-85AC-CF654E4559AD}.ReleaseMono|Any CPU.ActiveCfg = Release|Any CPU
		{16DBE3C1-83C5-4472-85AC-CF654E4559AD}.ReleaseMono|Any CPU.Build.0 = Release|Any CPU
		{16DBE3C1-83C5-4472-85AC-CF654E4559AD}.ReleaseWindows|Any CPU.ActiveCfg = Release|Any CPU
		{16DBE3C1-83C5-4472-85AC-CF654E4559AD}.ReleaseWindows|Any CPU.Build.0 = Release|Any CPU
		{EE62FCD8-B2F8-45B5-8E61-7D0E210A3708}.Debug|Any CPU.ActiveCfg = Debug|Any CPU
		{EE62FCD8-B2F8-45B5-8E61-7D0E210A3708}.Debug|Any CPU.Build.0 = Debug|Any CPU
		{EE62FCD8-B2F8-45B5-8E61-7D0E210A3708}.DebugHeadless|Any CPU.ActiveCfg = Debug|Any CPU
		{EE62FCD8-B2F8-45B5-8E61-7D0E210A3708}.DebugHeadless|Any CPU.Build.0 = Debug|Any CPU
		{EE62FCD8-B2F8-45B5-8E61-7D0E210A3708}.DebugMono|Any CPU.ActiveCfg = Debug|Any CPU
		{EE62FCD8-B2F8-45B5-8E61-7D0E210A3708}.DebugMono|Any CPU.Build.0 = Debug|Any CPU
		{EE62FCD8-B2F8-45B5-8E61-7D0E210A3708}.DebugWindows|Any CPU.ActiveCfg = Debug|Any CPU
		{EE62FCD8-B2F8-45B5-8E61-7D0E210A3708}.DebugWindows|Any CPU.Build.0 = Debug|Any CPU
		{EE62FCD8-B2F8-45B5-8E61-7D0E210A3708}.Release|Any CPU.ActiveCfg = Release|Any CPU
		{EE62FCD8-B2F8-45B5-8E61-7D0E210A3708}.Release|Any CPU.Build.0 = Release|Any CPU
		{EE62FCD8-B2F8-45B5-8E61-7D0E210A3708}.ReleaseHeadless|Any CPU.ActiveCfg = Release|Any CPU
		{EE62FCD8-B2F8-45B5-8E61-7D0E210A3708}.ReleaseHeadless|Any CPU.Build.0 = Release|Any CPU
		{EE62FCD8-B2F8-45B5-8E61-7D0E210A3708}.ReleaseMono|Any CPU.ActiveCfg = Release|Any CPU
		{EE62FCD8-B2F8-45B5-8E61-7D0E210A3708}.ReleaseMono|Any CPU.Build.0 = Release|Any CPU
		{EE62FCD8-B2F8-45B5-8E61-7D0E210A3708}.ReleaseWindows|Any CPU.ActiveCfg = Release|Any CPU
		{EE62FCD8-B2F8-45B5-8E61-7D0E210A3708}.ReleaseWindows|Any CPU.Build.0 = Release|Any CPU
		{41219131-67B0-49AC-9265-A64EFC662B40}.Debug|Any CPU.ActiveCfg = Debug|Any CPU
		{41219131-67B0-49AC-9265-A64EFC662B40}.Debug|Any CPU.Build.0 = Debug|Any CPU
		{41219131-67B0-49AC-9265-A64EFC662B40}.DebugHeadless|Any CPU.ActiveCfg = Debug|Any CPU
		{41219131-67B0-49AC-9265-A64EFC662B40}.DebugHeadless|Any CPU.Build.0 = Debug|Any CPU
		{41219131-67B0-49AC-9265-A64EFC662B40}.DebugMono|Any CPU.ActiveCfg = Debug|Any CPU
		{41219131-67B0-49AC-9265-A64EFC662B40}.DebugMono|Any CPU.Build.0 = Debug|Any CPU
		{41219131-67B0-49AC-9265-A64EFC662B40}.DebugWindows|Any CPU.ActiveCfg = Debug|Any CPU
		{41219131-67B0-49AC-9265-A64EFC662B40}.DebugWindows|Any CPU.Build.0 = Debug|Any CPU
		{41219131-67B0-49AC-9265-A64EFC662B40}.Release|Any CPU.ActiveCfg = Release|Any CPU
		{41219131-67B0-49AC-9265-A64EFC662B40}.Release|Any CPU.Build.0 = Release|Any CPU
		{41219131-67B0-49AC-9265-A64EFC662B40}.ReleaseHeadless|Any CPU.ActiveCfg = Release|Any CPU
		{41219131-67B0-49AC-9265-A64EFC662B40}.ReleaseHeadless|Any CPU.Build.0 = Release|Any CPU
		{41219131-67B0-49AC-9265-A64EFC662B40}.ReleaseMono|Any CPU.ActiveCfg = Release|Any CPU
		{41219131-67B0-49AC-9265-A64EFC662B40}.ReleaseMono|Any CPU.Build.0 = Release|Any CPU
		{41219131-67B0-49AC-9265-A64EFC662B40}.ReleaseWindows|Any CPU.ActiveCfg = Release|Any CPU
		{41219131-67B0-49AC-9265-A64EFC662B40}.ReleaseWindows|Any CPU.Build.0 = Release|Any CPU
		{687F17E8-940B-4FF9-87AA-DF3E5AE02EFD}.Debug|Any CPU.ActiveCfg = Debug|Any CPU
		{687F17E8-940B-4FF9-87AA-DF3E5AE02EFD}.Debug|Any CPU.Build.0 = Debug|Any CPU
		{687F17E8-940B-4FF9-87AA-DF3E5AE02EFD}.DebugHeadless|Any CPU.ActiveCfg = Debug|Any CPU
		{687F17E8-940B-4FF9-87AA-DF3E5AE02EFD}.DebugHeadless|Any CPU.Build.0 = Debug|Any CPU
		{687F17E8-940B-4FF9-87AA-DF3E5AE02EFD}.DebugMono|Any CPU.ActiveCfg = Debug|Any CPU
		{687F17E8-940B-4FF9-87AA-DF3E5AE02EFD}.DebugMono|Any CPU.Build.0 = Debug|Any CPU
		{687F17E8-940B-4FF9-87AA-DF3E5AE02EFD}.DebugWindows|Any CPU.ActiveCfg = Debug|Any CPU
		{687F17E8-940B-4FF9-87AA-DF3E5AE02EFD}.DebugWindows|Any CPU.Build.0 = Debug|Any CPU
		{687F17E8-940B-4FF9-87AA-DF3E5AE02EFD}.Release|Any CPU.ActiveCfg = Release|Any CPU
		{687F17E8-940B-4FF9-87AA-DF3E5AE02EFD}.Release|Any CPU.Build.0 = Release|Any CPU
		{687F17E8-940B-4FF9-87AA-DF3E5AE02EFD}.ReleaseHeadless|Any CPU.ActiveCfg = Release|Any CPU
		{687F17E8-940B-4FF9-87AA-DF3E5AE02EFD}.ReleaseHeadless|Any CPU.Build.0 = Release|Any CPU
		{687F17E8-940B-4FF9-87AA-DF3E5AE02EFD}.ReleaseMono|Any CPU.ActiveCfg = Release|Any CPU
		{687F17E8-940B-4FF9-87AA-DF3E5AE02EFD}.ReleaseMono|Any CPU.Build.0 = Release|Any CPU
		{687F17E8-940B-4FF9-87AA-DF3E5AE02EFD}.ReleaseWindows|Any CPU.ActiveCfg = Release|Any CPU
		{687F17E8-940B-4FF9-87AA-DF3E5AE02EFD}.ReleaseWindows|Any CPU.Build.0 = Release|Any CPU
		{5EF7FEA1-B17A-4C06-A720-02D9A33A0653}.Debug|Any CPU.ActiveCfg = Debug|Any CPU
		{5EF7FEA1-B17A-4C06-A720-02D9A33A0653}.Debug|Any CPU.Build.0 = Debug|Any CPU
		{5EF7FEA1-B17A-4C06-A720-02D9A33A0653}.DebugHeadless|Any CPU.ActiveCfg = Debug|Any CPU
		{5EF7FEA1-B17A-4C06-A720-02D9A33A0653}.DebugHeadless|Any CPU.Build.0 = Debug|Any CPU
		{5EF7FEA1-B17A-4C06-A720-02D9A33A0653}.DebugMono|Any CPU.ActiveCfg = Debug|Any CPU
		{5EF7FEA1-B17A-4C06-A720-02D9A33A0653}.DebugMono|Any CPU.Build.0 = Debug|Any CPU
		{5EF7FEA1-B17A-4C06-A720-02D9A33A0653}.DebugWindows|Any CPU.ActiveCfg = Debug|Any CPU
		{5EF7FEA1-B17A-4C06-A720-02D9A33A0653}.DebugWindows|Any CPU.Build.0 = Debug|Any CPU
		{5EF7FEA1-B17A-4C06-A720-02D9A33A0653}.Release|Any CPU.ActiveCfg = Release|Any CPU
		{5EF7FEA1-B17A-4C06-A720-02D9A33A0653}.Release|Any CPU.Build.0 = Release|Any CPU
		{5EF7FEA1-B17A-4C06-A720-02D9A33A0653}.ReleaseHeadless|Any CPU.ActiveCfg = Release|Any CPU
		{5EF7FEA1-B17A-4C06-A720-02D9A33A0653}.ReleaseHeadless|Any CPU.Build.0 = Release|Any CPU
		{5EF7FEA1-B17A-4C06-A720-02D9A33A0653}.ReleaseMono|Any CPU.ActiveCfg = Release|Any CPU
		{5EF7FEA1-B17A-4C06-A720-02D9A33A0653}.ReleaseMono|Any CPU.Build.0 = Release|Any CPU
		{5EF7FEA1-B17A-4C06-A720-02D9A33A0653}.ReleaseWindows|Any CPU.ActiveCfg = Release|Any CPU
		{5EF7FEA1-B17A-4C06-A720-02D9A33A0653}.ReleaseWindows|Any CPU.Build.0 = Release|Any CPU
		{0256DD7D-7962-4450-AF11-EA762F5BB57F}.Debug|Any CPU.ActiveCfg = Debug|Any CPU
		{0256DD7D-7962-4450-AF11-EA762F5BB57F}.Debug|Any CPU.Build.0 = Debug|Any CPU
		{0256DD7D-7962-4450-AF11-EA762F5BB57F}.DebugHeadless|Any CPU.ActiveCfg = Debug|Any CPU
		{0256DD7D-7962-4450-AF11-EA762F5BB57F}.DebugHeadless|Any CPU.Build.0 = Debug|Any CPU
		{0256DD7D-7962-4450-AF11-EA762F5BB57F}.DebugMono|Any CPU.ActiveCfg = Debug|Any CPU
		{0256DD7D-7962-4450-AF11-EA762F5BB57F}.DebugMono|Any CPU.Build.0 = Debug|Any CPU
		{0256DD7D-7962-4450-AF11-EA762F5BB57F}.DebugWindows|Any CPU.ActiveCfg = Debug|Any CPU
		{0256DD7D-7962-4450-AF11-EA762F5BB57F}.DebugWindows|Any CPU.Build.0 = Debug|Any CPU
		{0256DD7D-7962-4450-AF11-EA762F5BB57F}.Release|Any CPU.ActiveCfg = Release|Any CPU
		{0256DD7D-7962-4450-AF11-EA762F5BB57F}.Release|Any CPU.Build.0 = Release|Any CPU
		{0256DD7D-7962-4450-AF11-EA762F5BB57F}.ReleaseHeadless|Any CPU.ActiveCfg = Release|Any CPU
		{0256DD7D-7962-4450-AF11-EA762F5BB57F}.ReleaseHeadless|Any CPU.Build.0 = Release|Any CPU
		{0256DD7D-7962-4450-AF11-EA762F5BB57F}.ReleaseMono|Any CPU.ActiveCfg = Release|Any CPU
		{0256DD7D-7962-4450-AF11-EA762F5BB57F}.ReleaseMono|Any CPU.Build.0 = Release|Any CPU
		{0256DD7D-7962-4450-AF11-EA762F5BB57F}.ReleaseWindows|Any CPU.ActiveCfg = Release|Any CPU
		{0256DD7D-7962-4450-AF11-EA762F5BB57F}.ReleaseWindows|Any CPU.Build.0 = Release|Any CPU
		{45473847-8AF8-4BAF-B768-442C6875B8CF}.Debug|Any CPU.ActiveCfg = Debug|Any CPU
		{45473847-8AF8-4BAF-B768-442C6875B8CF}.Debug|Any CPU.Build.0 = Debug|Any CPU
		{45473847-8AF8-4BAF-B768-442C6875B8CF}.DebugHeadless|Any CPU.ActiveCfg = Debug|Any CPU
		{45473847-8AF8-4BAF-B768-442C6875B8CF}.DebugHeadless|Any CPU.Build.0 = Debug|Any CPU
		{45473847-8AF8-4BAF-B768-442C6875B8CF}.DebugMono|Any CPU.ActiveCfg = Debug|Any CPU
		{45473847-8AF8-4BAF-B768-442C6875B8CF}.DebugMono|Any CPU.Build.0 = Debug|Any CPU
		{45473847-8AF8-4BAF-B768-442C6875B8CF}.DebugWindows|Any CPU.ActiveCfg = Debug|Any CPU
		{45473847-8AF8-4BAF-B768-442C6875B8CF}.DebugWindows|Any CPU.Build.0 = Debug|Any CPU
		{45473847-8AF8-4BAF-B768-442C6875B8CF}.Release|Any CPU.ActiveCfg = Release|Any CPU
		{45473847-8AF8-4BAF-B768-442C6875B8CF}.Release|Any CPU.Build.0 = Release|Any CPU
		{45473847-8AF8-4BAF-B768-442C6875B8CF}.ReleaseHeadless|Any CPU.ActiveCfg = Release|Any CPU
		{45473847-8AF8-4BAF-B768-442C6875B8CF}.ReleaseHeadless|Any CPU.Build.0 = Release|Any CPU
		{45473847-8AF8-4BAF-B768-442C6875B8CF}.ReleaseMono|Any CPU.ActiveCfg = Release|Any CPU
		{45473847-8AF8-4BAF-B768-442C6875B8CF}.ReleaseMono|Any CPU.Build.0 = Release|Any CPU
		{45473847-8AF8-4BAF-B768-442C6875B8CF}.ReleaseWindows|Any CPU.ActiveCfg = Release|Any CPU
		{45473847-8AF8-4BAF-B768-442C6875B8CF}.ReleaseWindows|Any CPU.Build.0 = Release|Any CPU
	EndGlobalSection
	GlobalSection(SolutionProperties) = preSolution
		HideSolutionNode = FALSE
	EndGlobalSection
	GlobalSection(NestedProjects) = preSolution
                # {...} = Libraries
		{99AD8BD7-93B4-4CC0-A161-5F0C16211D1D} = {CA585D43-7DF3-4486-B9B5-8DAA812716C3}
		{4EF28705-CE68-4377-821B-80388FEEC687} = {CA585D43-7DF3-4486-B9B5-8DAA812716C3}
		{CC3857B3-1CE3-4ABF-BC07-6445F9269DA1} = {CA585D43-7DF3-4486-B9B5-8DAA812716C3}
		{E296EC7C-D68F-4AA8-9FD7-E2828BAD0ABE} = {CA585D43-7DF3-4486-B9B5-8DAA812716C3}
		{FE4B9F4F-76E3-497D-B26B-40BA0D20FCF1} = {CA585D43-7DF3-4486-B9B5-8DAA812716C3}
		{0F18F980-54AA-4C54-8282-0A079678E2CD} = {CA585D43-7DF3-4486-B9B5-8DAA812716C3}
		{993ED4ED-D6C4-4B5A-8DC1-4DE4AA6C4826} = {CA585D43-7DF3-4486-B9B5-8DAA812716C3}
		{E7B8BFDB-6432-4321-83A3-42FCE8775436} = {CA585D43-7DF3-4486-B9B5-8DAA812716C3}
		{F204E8AC-FF7D-4F6A-9442-61E7A3538505} = {CA585D43-7DF3-4486-B9B5-8DAA812716C3}
		{DCFA213D-1D5A-43F8-90F2-0A015299D1DA} = {CA585D43-7DF3-4486-B9B5-8DAA812716C3}
		{3B25FD1F-CEBA-4450-8893-DC330FDB56A7} = {CA585D43-7DF3-4486-B9B5-8DAA812716C3}
		{5EF7FEA1-B17A-4C06-A720-02D9A33A0653} = {CA585D43-7DF3-4486-B9B5-8DAA812716C3}
		{45473847-8AF8-4BAF-B768-442C6875B8CF} = {CA585D43-7DF3-4486-B9B5-8DAA812716C3}
                # {...} = Plugins
		{A244A988-6ADC-4B90-912B-D66C680FA962} = {8BD709BF-8C11-4CBA-9A7D-CC2CC639BD4F}
		{1FBC3B41-D61C-4528-8BA5-20EBA17C9031} = {8BD709BF-8C11-4CBA-9A7D-CC2CC639BD4F}
		{78DBBFB9-7193-4ABC-BE9F-DA839693C23A} = {8BD709BF-8C11-4CBA-9A7D-CC2CC639BD4F}
		{2DB2469A-9F2E-4BA8-A4A0-333E4A319AF0} = {8BD709BF-8C11-4CBA-9A7D-CC2CC639BD4F}
		{D7CEC81D-8BF1-4B3E-8B6A-5D7B3CA0C2F2} = {8BD709BF-8C11-4CBA-9A7D-CC2CC639BD4F}
                # {...} = Tests
		{101B7A46-D5A6-41DE-ADC3-36939FF62942} = {CD9D4CF9-BD98-4D57-A5EF-EA5C3C75CB0C}
		{16DBE3C1-83C5-4472-85AC-CF654E4559AD} = {CD9D4CF9-BD98-4D57-A5EF-EA5C3C75CB0C}
		{EE62FCD8-B2F8-45B5-8E61-7D0E210A3708} = {CD9D4CF9-BD98-4D57-A5EF-EA5C3C75CB0C}
		{41219131-67B0-49AC-9265-A64EFC662B40} = {CD9D4CF9-BD98-4D57-A5EF-EA5C3C75CB0C}
		{687F17E8-940B-4FF9-87AA-DF3E5AE02EFD} = {CD9D4CF9-BD98-4D57-A5EF-EA5C3C75CB0C}
                # Infrastructure = src (1st)
		{683A80BF-80F4-4013-A3B8-F614C6BDE371} = {DFDAE07D-D5F1-4C9E-99F2-98E57E36D0E0}
                # src (2nd) = Infrastructure
		{F8A034B1-54DB-4EA9-9776-88610AE3DBB3} = {683A80BF-80F4-4013-A3B8-F614C6BDE371}
                # Emulator = src (2nd)
		{EA6A40C6-B8AD-4079-BDA9-EBFA2588D78D} = {F8A034B1-54DB-4EA9-9776-88610AE3DBB3}
	EndGlobalSection
	GlobalSection(ExtensibilityGlobals) = postSolution
		SolutionGuid = {1AEE4A63-DF33-4CE4-BC42-0E12DC97C053}
	EndGlobalSection
EndGlobal
